
Microsoft Visual Studio Solution File, Format Version 12.00
# Visual Studio 15
VisualStudioVersion = 15.0.26730.8
MinimumVisualStudioVersion = 10.0.40219.1
Project("{FAE04EC0-301F-11D3-BF4B-00C04F79EFBC}") = "Business", "Business\Business.csproj", "{F6B30751-62D4-4672-B96B-3D795687F9E2}"
EndProject
Project("{FAE04EC0-301F-11D3-BF4B-00C04F79EFBC}") = "DataAccess", "DataAccess\DataAccess.csproj", "{9633A650-3FFC-4029-BD90-F9FA4E93CC55}"
EndProject
Project("{FAE04EC0-301F-11D3-BF4B-00C04F79EFBC}") = "NaturalGroundingPlayer", "NaturalGroundingPlayer\NaturalGroundingPlayer.csproj", "{D711E72D-4CDE-4A5E-8FBB-216F0AA8D6D4}"
EndProject
Project("{F184B08F-C81C-45F6-A57F-5ABD9991F28F}") = "MPC_API_LIB", "MPC_API_LIB\MPC_API_LIB.vbproj", "{767F8DF3-2ECC-4D54-8CD6-75FA1814A3E6}"
EndProject
Project("{FAE04EC0-301F-11D3-BF4B-00C04F79EFBC}") = "PowerliminalsPlayer", "PowerliminalsPlayer\PowerliminalsPlayer.csproj", "{288C3275-2E43-45D1-A72D-7330417AD0FD}"
EndProject
Project("{FAE04EC0-301F-11D3-BF4B-00C04F79EFBC}") = "Player432hz", "Player432hz\Player432hz.csproj", "{9F149234-2CEE-426A-8763-0764216CE696}"
EndProject
Project("{9A19103F-16F7-4668-BE54-9A1E7A4F7556}") = "FFmpeg", "..\FFmpeg\FFmpeg\FFmpeg.csproj", "{C01178B4-A869-45F8-9B2B-7683F9EBB53D}"
EndProject
Project("{FAE04EC0-301F-11D3-BF4B-00C04F79EFBC}") = "WpfCommon", "WpfCommon\WpfCommon.csproj", "{44727313-5673-4089-B664-894CD3AE7C2F}"
EndProject
Project("{FAE04EC0-301F-11D3-BF4B-00C04F79EFBC}") = "DownloadManager", "DownloadManager\DownloadManager.csproj", "{103ACD13-888B-49FB-BBE7-B34FC14F4152}"
EndProject
Project("{FAE04EC0-301F-11D3-BF4B-00C04F79EFBC}") = "YangYouTubeDownloader", "YangYouTubeDownloader\YangYouTubeDownloader.csproj", "{A28CE42D-2D9A-4BB7-A127-40BCAF95FD8A}"
EndProject
Project("{FAE04EC0-301F-11D3-BF4B-00C04F79EFBC}") = "Avisynth", "AvisynthBusiness\Avisynth.csproj", "{7587E545-6030-493A-8EBC-F1AB578FD5A8}"
EndProject
Project("{FAE04EC0-301F-11D3-BF4B-00C04F79EFBC}") = "MediaPlayerUI", "..\MediaPlayerUI.NET\MediaPlayerUI\MediaPlayerUI.csproj", "{7BF6711C-D3EA-48CF-BD5D-4B201AA788B5}"
EndProject
Project("{FAE04EC0-301F-11D3-BF4B-00C04F79EFBC}") = "MpvPlayerUI", "..\MediaPlayerUI.NET\MpvPlayerUI\MpvPlayerUI.csproj", "{02D0596C-4A1F-4227-A44D-463B4F655598}"
EndProject
Project("{9A19103F-16F7-4668-BE54-9A1E7A4F7556}") = "Mpv.NET", "..\Mpv.NET\src\Mpv.NET\Mpv.NET.csproj", "{C4A0BDA7-84BE-4D94-9FAF-A8CC68AA639A}"
EndProject
Global
	GlobalSection(SolutionConfigurationPlatforms) = preSolution
		Debug|Any CPU = Debug|Any CPU
		Debug|Mixed Platforms = Debug|Mixed Platforms
		Debug|x64 = Debug|x64
		Debug|x86 = Debug|x86
		Release|Any CPU = Release|Any CPU
		Release|Mixed Platforms = Release|Mixed Platforms
		Release|x64 = Release|x64
		Release|x86 = Release|x86
	EndGlobalSection
	GlobalSection(ProjectConfigurationPlatforms) = postSolution
		{F6B30751-62D4-4672-B96B-3D795687F9E2}.Debug|Any CPU.ActiveCfg = Debug|Any CPU
		{F6B30751-62D4-4672-B96B-3D795687F9E2}.Debug|Any CPU.Build.0 = Debug|Any CPU
		{F6B30751-62D4-4672-B96B-3D795687F9E2}.Debug|Mixed Platforms.ActiveCfg = Debug|Any CPU
		{F6B30751-62D4-4672-B96B-3D795687F9E2}.Debug|Mixed Platforms.Build.0 = Debug|Any CPU
		{F6B30751-62D4-4672-B96B-3D795687F9E2}.Debug|x64.ActiveCfg = Debug|x64
		{F6B30751-62D4-4672-B96B-3D795687F9E2}.Debug|x64.Build.0 = Debug|x64
		{F6B30751-62D4-4672-B96B-3D795687F9E2}.Debug|x86.ActiveCfg = Debug|x86
		{F6B30751-62D4-4672-B96B-3D795687F9E2}.Debug|x86.Build.0 = Debug|x86
		{F6B30751-62D4-4672-B96B-3D795687F9E2}.Release|Any CPU.ActiveCfg = Release|Any CPU
		{F6B30751-62D4-4672-B96B-3D795687F9E2}.Release|Any CPU.Build.0 = Release|Any CPU
		{F6B30751-62D4-4672-B96B-3D795687F9E2}.Release|Mixed Platforms.ActiveCfg = Release|Any CPU
		{F6B30751-62D4-4672-B96B-3D795687F9E2}.Release|Mixed Platforms.Build.0 = Release|Any CPU
		{F6B30751-62D4-4672-B96B-3D795687F9E2}.Release|x64.ActiveCfg = Release|x64
		{F6B30751-62D4-4672-B96B-3D795687F9E2}.Release|x64.Build.0 = Release|x64
		{F6B30751-62D4-4672-B96B-3D795687F9E2}.Release|x86.ActiveCfg = Release|Any CPU
		{9633A650-3FFC-4029-BD90-F9FA4E93CC55}.Debug|Any CPU.ActiveCfg = Debug|Any CPU
		{9633A650-3FFC-4029-BD90-F9FA4E93CC55}.Debug|Any CPU.Build.0 = Debug|Any CPU
		{9633A650-3FFC-4029-BD90-F9FA4E93CC55}.Debug|Mixed Platforms.ActiveCfg = Debug|Any CPU
		{9633A650-3FFC-4029-BD90-F9FA4E93CC55}.Debug|Mixed Platforms.Build.0 = Debug|Any CPU
		{9633A650-3FFC-4029-BD90-F9FA4E93CC55}.Debug|x64.ActiveCfg = Debug|x64
		{9633A650-3FFC-4029-BD90-F9FA4E93CC55}.Debug|x64.Build.0 = Debug|x64
		{9633A650-3FFC-4029-BD90-F9FA4E93CC55}.Debug|x86.ActiveCfg = Debug|x86
		{9633A650-3FFC-4029-BD90-F9FA4E93CC55}.Debug|x86.Build.0 = Debug|x86
		{9633A650-3FFC-4029-BD90-F9FA4E93CC55}.Release|Any CPU.ActiveCfg = Release|Any CPU
		{9633A650-3FFC-4029-BD90-F9FA4E93CC55}.Release|Any CPU.Build.0 = Release|Any CPU
		{9633A650-3FFC-4029-BD90-F9FA4E93CC55}.Release|Mixed Platforms.ActiveCfg = Release|Any CPU
		{9633A650-3FFC-4029-BD90-F9FA4E93CC55}.Release|Mixed Platforms.Build.0 = Release|Any CPU
		{9633A650-3FFC-4029-BD90-F9FA4E93CC55}.Release|x64.ActiveCfg = Release|x64
		{9633A650-3FFC-4029-BD90-F9FA4E93CC55}.Release|x64.Build.0 = Release|x64
		{9633A650-3FFC-4029-BD90-F9FA4E93CC55}.Release|x86.ActiveCfg = Release|Any CPU
		{D711E72D-4CDE-4A5E-8FBB-216F0AA8D6D4}.Debug|Any CPU.ActiveCfg = Debug|Any CPU
		{D711E72D-4CDE-4A5E-8FBB-216F0AA8D6D4}.Debug|Any CPU.Build.0 = Debug|Any CPU
		{D711E72D-4CDE-4A5E-8FBB-216F0AA8D6D4}.Debug|Mixed Platforms.ActiveCfg = Debug|Any CPU
		{D711E72D-4CDE-4A5E-8FBB-216F0AA8D6D4}.Debug|Mixed Platforms.Build.0 = Debug|Any CPU
		{D711E72D-4CDE-4A5E-8FBB-216F0AA8D6D4}.Debug|x64.ActiveCfg = Debug|x64
		{D711E72D-4CDE-4A5E-8FBB-216F0AA8D6D4}.Debug|x64.Build.0 = Debug|x64
		{D711E72D-4CDE-4A5E-8FBB-216F0AA8D6D4}.Debug|x86.ActiveCfg = Debug|x86
		{D711E72D-4CDE-4A5E-8FBB-216F0AA8D6D4}.Debug|x86.Build.0 = Debug|x86
		{D711E72D-4CDE-4A5E-8FBB-216F0AA8D6D4}.Release|Any CPU.ActiveCfg = Release|Any CPU
		{D711E72D-4CDE-4A5E-8FBB-216F0AA8D6D4}.Release|Any CPU.Build.0 = Release|Any CPU
		{D711E72D-4CDE-4A5E-8FBB-216F0AA8D6D4}.Release|Mixed Platforms.ActiveCfg = Release|Any CPU
		{D711E72D-4CDE-4A5E-8FBB-216F0AA8D6D4}.Release|Mixed Platforms.Build.0 = Release|Any CPU
		{D711E72D-4CDE-4A5E-8FBB-216F0AA8D6D4}.Release|x64.ActiveCfg = Release|x64
		{D711E72D-4CDE-4A5E-8FBB-216F0AA8D6D4}.Release|x64.Build.0 = Release|x64
		{D711E72D-4CDE-4A5E-8FBB-216F0AA8D6D4}.Release|x86.ActiveCfg = Release|Any CPU
		{767F8DF3-2ECC-4D54-8CD6-75FA1814A3E6}.Debug|Any CPU.ActiveCfg = Debug|Any CPU
		{767F8DF3-2ECC-4D54-8CD6-75FA1814A3E6}.Debug|Any CPU.Build.0 = Debug|Any CPU
		{767F8DF3-2ECC-4D54-8CD6-75FA1814A3E6}.Debug|Mixed Platforms.ActiveCfg = Debug|Any CPU
		{767F8DF3-2ECC-4D54-8CD6-75FA1814A3E6}.Debug|Mixed Platforms.Build.0 = Debug|Any CPU
		{767F8DF3-2ECC-4D54-8CD6-75FA1814A3E6}.Debug|x64.ActiveCfg = Debug|x64
		{767F8DF3-2ECC-4D54-8CD6-75FA1814A3E6}.Debug|x64.Build.0 = Debug|x64
		{767F8DF3-2ECC-4D54-8CD6-75FA1814A3E6}.Debug|x86.ActiveCfg = Debug|x86
		{767F8DF3-2ECC-4D54-8CD6-75FA1814A3E6}.Debug|x86.Build.0 = Debug|x86
		{767F8DF3-2ECC-4D54-8CD6-75FA1814A3E6}.Release|Any CPU.ActiveCfg = Release|Any CPU
		{767F8DF3-2ECC-4D54-8CD6-75FA1814A3E6}.Release|Any CPU.Build.0 = Release|Any CPU
		{767F8DF3-2ECC-4D54-8CD6-75FA1814A3E6}.Release|Mixed Platforms.ActiveCfg = Release|Any CPU
		{767F8DF3-2ECC-4D54-8CD6-75FA1814A3E6}.Release|Mixed Platforms.Build.0 = Release|Any CPU
		{767F8DF3-2ECC-4D54-8CD6-75FA1814A3E6}.Release|x64.ActiveCfg = Release|x64
		{767F8DF3-2ECC-4D54-8CD6-75FA1814A3E6}.Release|x64.Build.0 = Release|x64
		{767F8DF3-2ECC-4D54-8CD6-75FA1814A3E6}.Release|x86.ActiveCfg = Release|Any CPU
		{288C3275-2E43-45D1-A72D-7330417AD0FD}.Debug|Any CPU.ActiveCfg = Debug|Any CPU
		{288C3275-2E43-45D1-A72D-7330417AD0FD}.Debug|Any CPU.Build.0 = Debug|Any CPU
		{288C3275-2E43-45D1-A72D-7330417AD0FD}.Debug|Mixed Platforms.ActiveCfg = Debug|Any CPU
		{288C3275-2E43-45D1-A72D-7330417AD0FD}.Debug|Mixed Platforms.Build.0 = Debug|Any CPU
		{288C3275-2E43-45D1-A72D-7330417AD0FD}.Debug|x64.ActiveCfg = Debug|Any CPU
		{288C3275-2E43-45D1-A72D-7330417AD0FD}.Debug|x64.Build.0 = Debug|Any CPU
		{288C3275-2E43-45D1-A72D-7330417AD0FD}.Debug|x86.ActiveCfg = Debug|Any CPU
		{288C3275-2E43-45D1-A72D-7330417AD0FD}.Debug|x86.Build.0 = Debug|Any CPU
		{288C3275-2E43-45D1-A72D-7330417AD0FD}.Release|Any CPU.ActiveCfg = Release|Any CPU
		{288C3275-2E43-45D1-A72D-7330417AD0FD}.Release|Any CPU.Build.0 = Release|Any CPU
		{288C3275-2E43-45D1-A72D-7330417AD0FD}.Release|Mixed Platforms.ActiveCfg = Release|Any CPU
		{288C3275-2E43-45D1-A72D-7330417AD0FD}.Release|Mixed Platforms.Build.0 = Release|Any CPU
		{288C3275-2E43-45D1-A72D-7330417AD0FD}.Release|x64.ActiveCfg = Release|Any CPU
		{288C3275-2E43-45D1-A72D-7330417AD0FD}.Release|x64.Build.0 = Release|Any CPU
		{288C3275-2E43-45D1-A72D-7330417AD0FD}.Release|x86.ActiveCfg = Release|Any CPU
		{288C3275-2E43-45D1-A72D-7330417AD0FD}.Release|x86.Build.0 = Release|Any CPU
		{9F149234-2CEE-426A-8763-0764216CE696}.Debug|Any CPU.ActiveCfg = Debug|Any CPU
		{9F149234-2CEE-426A-8763-0764216CE696}.Debug|Any CPU.Build.0 = Debug|Any CPU
		{9F149234-2CEE-426A-8763-0764216CE696}.Debug|Mixed Platforms.ActiveCfg = Debug|x86
		{9F149234-2CEE-426A-8763-0764216CE696}.Debug|Mixed Platforms.Build.0 = Debug|x86
		{9F149234-2CEE-426A-8763-0764216CE696}.Debug|x64.ActiveCfg = Debug|x64
		{9F149234-2CEE-426A-8763-0764216CE696}.Debug|x64.Build.0 = Debug|x64
		{9F149234-2CEE-426A-8763-0764216CE696}.Debug|x86.ActiveCfg = Debug|x86
		{9F149234-2CEE-426A-8763-0764216CE696}.Debug|x86.Build.0 = Debug|x86
		{9F149234-2CEE-426A-8763-0764216CE696}.Release|Any CPU.ActiveCfg = Release|Any CPU
		{9F149234-2CEE-426A-8763-0764216CE696}.Release|Any CPU.Build.0 = Release|Any CPU
		{9F149234-2CEE-426A-8763-0764216CE696}.Release|Mixed Platforms.ActiveCfg = Release|x86
		{9F149234-2CEE-426A-8763-0764216CE696}.Release|Mixed Platforms.Build.0 = Release|x86
		{9F149234-2CEE-426A-8763-0764216CE696}.Release|x64.ActiveCfg = Release|x64
		{9F149234-2CEE-426A-8763-0764216CE696}.Release|x64.Build.0 = Release|x64
		{9F149234-2CEE-426A-8763-0764216CE696}.Release|x86.ActiveCfg = Release|x86
		{9F149234-2CEE-426A-8763-0764216CE696}.Release|x86.Build.0 = Release|x86
		{C01178B4-A869-45F8-9B2B-7683F9EBB53D}.Debug|Any CPU.ActiveCfg = Debug|Any CPU
		{C01178B4-A869-45F8-9B2B-7683F9EBB53D}.Debug|Any CPU.Build.0 = Debug|Any CPU
		{C01178B4-A869-45F8-9B2B-7683F9EBB53D}.Debug|Mixed Platforms.ActiveCfg = Debug|Any CPU
		{C01178B4-A869-45F8-9B2B-7683F9EBB53D}.Debug|Mixed Platforms.Build.0 = Debug|Any CPU
		{C01178B4-A869-45F8-9B2B-7683F9EBB53D}.Debug|x64.ActiveCfg = Debug|Any CPU
		{C01178B4-A869-45F8-9B2B-7683F9EBB53D}.Debug|x64.Build.0 = Debug|Any CPU
		{C01178B4-A869-45F8-9B2B-7683F9EBB53D}.Debug|x86.ActiveCfg = Debug|Any CPU
		{C01178B4-A869-45F8-9B2B-7683F9EBB53D}.Debug|x86.Build.0 = Debug|Any CPU
		{C01178B4-A869-45F8-9B2B-7683F9EBB53D}.Release|Any CPU.ActiveCfg = Release|Any CPU
		{C01178B4-A869-45F8-9B2B-7683F9EBB53D}.Release|Any CPU.Build.0 = Release|Any CPU
		{C01178B4-A869-45F8-9B2B-7683F9EBB53D}.Release|Mixed Platforms.ActiveCfg = Release|Any CPU
		{C01178B4-A869-45F8-9B2B-7683F9EBB53D}.Release|Mixed Platforms.Build.0 = Release|Any CPU
		{C01178B4-A869-45F8-9B2B-7683F9EBB53D}.Release|x64.ActiveCfg = Release|Any CPU
		{C01178B4-A869-45F8-9B2B-7683F9EBB53D}.Release|x64.Build.0 = Release|Any CPU
		{C01178B4-A869-45F8-9B2B-7683F9EBB53D}.Release|x86.ActiveCfg = Release|Any CPU
		{C01178B4-A869-45F8-9B2B-7683F9EBB53D}.Release|x86.Build.0 = Release|Any CPU
		{44727313-5673-4089-B664-894CD3AE7C2F}.Debug|Any CPU.ActiveCfg = Debug|Any CPU
		{44727313-5673-4089-B664-894CD3AE7C2F}.Debug|Any CPU.Build.0 = Debug|Any CPU
		{44727313-5673-4089-B664-894CD3AE7C2F}.Debug|Mixed Platforms.ActiveCfg = Debug|Any CPU
		{44727313-5673-4089-B664-894CD3AE7C2F}.Debug|Mixed Platforms.Build.0 = Debug|Any CPU
		{44727313-5673-4089-B664-894CD3AE7C2F}.Debug|x64.ActiveCfg = Debug|Any CPU
		{44727313-5673-4089-B664-894CD3AE7C2F}.Debug|x64.Build.0 = Debug|Any CPU
		{44727313-5673-4089-B664-894CD3AE7C2F}.Debug|x86.ActiveCfg = Debug|Any CPU
		{44727313-5673-4089-B664-894CD3AE7C2F}.Debug|x86.Build.0 = Debug|Any CPU
		{44727313-5673-4089-B664-894CD3AE7C2F}.Release|Any CPU.ActiveCfg = Release|Any CPU
		{44727313-5673-4089-B664-894CD3AE7C2F}.Release|Any CPU.Build.0 = Release|Any CPU
		{44727313-5673-4089-B664-894CD3AE7C2F}.Release|Mixed Platforms.ActiveCfg = Release|Any CPU
		{44727313-5673-4089-B664-894CD3AE7C2F}.Release|Mixed Platforms.Build.0 = Release|Any CPU
		{44727313-5673-4089-B664-894CD3AE7C2F}.Release|x64.ActiveCfg = Release|Any CPU
		{44727313-5673-4089-B664-894CD3AE7C2F}.Release|x64.Build.0 = Release|Any CPU
		{44727313-5673-4089-B664-894CD3AE7C2F}.Release|x86.ActiveCfg = Release|Any CPU
		{44727313-5673-4089-B664-894CD3AE7C2F}.Release|x86.Build.0 = Release|Any CPU
		{103ACD13-888B-49FB-BBE7-B34FC14F4152}.Debug|Any CPU.ActiveCfg = Debug|Any CPU
		{103ACD13-888B-49FB-BBE7-B34FC14F4152}.Debug|Any CPU.Build.0 = Debug|Any CPU
		{103ACD13-888B-49FB-BBE7-B34FC14F4152}.Debug|Mixed Platforms.ActiveCfg = Debug|Any CPU
		{103ACD13-888B-49FB-BBE7-B34FC14F4152}.Debug|Mixed Platforms.Build.0 = Debug|Any CPU
		{103ACD13-888B-49FB-BBE7-B34FC14F4152}.Debug|x64.ActiveCfg = Debug|Any CPU
		{103ACD13-888B-49FB-BBE7-B34FC14F4152}.Debug|x64.Build.0 = Debug|Any CPU
		{103ACD13-888B-49FB-BBE7-B34FC14F4152}.Debug|x86.ActiveCfg = Debug|Any CPU
		{103ACD13-888B-49FB-BBE7-B34FC14F4152}.Debug|x86.Build.0 = Debug|Any CPU
		{103ACD13-888B-49FB-BBE7-B34FC14F4152}.Release|Any CPU.ActiveCfg = Release|Any CPU
		{103ACD13-888B-49FB-BBE7-B34FC14F4152}.Release|Any CPU.Build.0 = Release|Any CPU
		{103ACD13-888B-49FB-BBE7-B34FC14F4152}.Release|Mixed Platforms.ActiveCfg = Release|Any CPU
		{103ACD13-888B-49FB-BBE7-B34FC14F4152}.Release|Mixed Platforms.Build.0 = Release|Any CPU
		{103ACD13-888B-49FB-BBE7-B34FC14F4152}.Release|x64.ActiveCfg = Release|Any CPU
		{103ACD13-888B-49FB-BBE7-B34FC14F4152}.Release|x64.Build.0 = Release|Any CPU
		{103ACD13-888B-49FB-BBE7-B34FC14F4152}.Release|x86.ActiveCfg = Release|Any CPU
		{103ACD13-888B-49FB-BBE7-B34FC14F4152}.Release|x86.Build.0 = Release|Any CPU
		{A28CE42D-2D9A-4BB7-A127-40BCAF95FD8A}.Debug|Any CPU.ActiveCfg = Debug|Any CPU
		{A28CE42D-2D9A-4BB7-A127-40BCAF95FD8A}.Debug|Any CPU.Build.0 = Debug|Any CPU
		{A28CE42D-2D9A-4BB7-A127-40BCAF95FD8A}.Debug|Mixed Platforms.ActiveCfg = Debug|Any CPU
		{A28CE42D-2D9A-4BB7-A127-40BCAF95FD8A}.Debug|Mixed Platforms.Build.0 = Debug|Any CPU
		{A28CE42D-2D9A-4BB7-A127-40BCAF95FD8A}.Debug|x64.ActiveCfg = Debug|Any CPU
		{A28CE42D-2D9A-4BB7-A127-40BCAF95FD8A}.Debug|x64.Build.0 = Debug|Any CPU
		{A28CE42D-2D9A-4BB7-A127-40BCAF95FD8A}.Debug|x86.ActiveCfg = Debug|Any CPU
		{A28CE42D-2D9A-4BB7-A127-40BCAF95FD8A}.Debug|x86.Build.0 = Debug|Any CPU
		{A28CE42D-2D9A-4BB7-A127-40BCAF95FD8A}.Release|Any CPU.ActiveCfg = Release|Any CPU
		{A28CE42D-2D9A-4BB7-A127-40BCAF95FD8A}.Release|Any CPU.Build.0 = Release|Any CPU
		{A28CE42D-2D9A-4BB7-A127-40BCAF95FD8A}.Release|Mixed Platforms.ActiveCfg = Release|Any CPU
		{A28CE42D-2D9A-4BB7-A127-40BCAF95FD8A}.Release|Mixed Platforms.Build.0 = Release|Any CPU
		{A28CE42D-2D9A-4BB7-A127-40BCAF95FD8A}.Release|x64.ActiveCfg = Release|Any CPU
		{A28CE42D-2D9A-4BB7-A127-40BCAF95FD8A}.Release|x64.Build.0 = Release|Any CPU
		{A28CE42D-2D9A-4BB7-A127-40BCAF95FD8A}.Release|x86.ActiveCfg = Release|Any CPU
		{A28CE42D-2D9A-4BB7-A127-40BCAF95FD8A}.Release|x86.Build.0 = Release|Any CPU
		{7587E545-6030-493A-8EBC-F1AB578FD5A8}.Debug|Any CPU.ActiveCfg = Debug|Any CPU
		{7587E545-6030-493A-8EBC-F1AB578FD5A8}.Debug|Any CPU.Build.0 = Debug|Any CPU
		{7587E545-6030-493A-8EBC-F1AB578FD5A8}.Debug|Mixed Platforms.ActiveCfg = Debug|Any CPU
		{7587E545-6030-493A-8EBC-F1AB578FD5A8}.Debug|Mixed Platforms.Build.0 = Debug|Any CPU
		{7587E545-6030-493A-8EBC-F1AB578FD5A8}.Debug|x64.ActiveCfg = Debug|Any CPU
		{7587E545-6030-493A-8EBC-F1AB578FD5A8}.Debug|x64.Build.0 = Debug|Any CPU
		{7587E545-6030-493A-8EBC-F1AB578FD5A8}.Debug|x86.ActiveCfg = Debug|Any CPU
		{7587E545-6030-493A-8EBC-F1AB578FD5A8}.Debug|x86.Build.0 = Debug|Any CPU
		{7587E545-6030-493A-8EBC-F1AB578FD5A8}.Release|Any CPU.ActiveCfg = Release|Any CPU
		{7587E545-6030-493A-8EBC-F1AB578FD5A8}.Release|Any CPU.Build.0 = Release|Any CPU
		{7587E545-6030-493A-8EBC-F1AB578FD5A8}.Release|Mixed Platforms.ActiveCfg = Release|Any CPU
		{7587E545-6030-493A-8EBC-F1AB578FD5A8}.Release|Mixed Platforms.Build.0 = Release|Any CPU
		{7587E545-6030-493A-8EBC-F1AB578FD5A8}.Release|x64.ActiveCfg = Release|Any CPU
		{7587E545-6030-493A-8EBC-F1AB578FD5A8}.Release|x64.Build.0 = Release|Any CPU
		{7587E545-6030-493A-8EBC-F1AB578FD5A8}.Release|x86.ActiveCfg = Release|Any CPU
		{7587E545-6030-493A-8EBC-F1AB578FD5A8}.Release|x86.Build.0 = Release|Any CPU
		{7BF6711C-D3EA-48CF-BD5D-4B201AA788B5}.Debug|Any CPU.ActiveCfg = Debug|Any CPU
		{7BF6711C-D3EA-48CF-BD5D-4B201AA788B5}.Debug|Any CPU.Build.0 = Debug|Any CPU
		{7BF6711C-D3EA-48CF-BD5D-4B201AA788B5}.Debug|Mixed Platforms.ActiveCfg = Debug|x86
		{7BF6711C-D3EA-48CF-BD5D-4B201AA788B5}.Debug|Mixed Platforms.Build.0 = Debug|x86
		{7BF6711C-D3EA-48CF-BD5D-4B201AA788B5}.Debug|x64.ActiveCfg = Debug|x64
		{7BF6711C-D3EA-48CF-BD5D-4B201AA788B5}.Debug|x64.Build.0 = Debug|x64
		{7BF6711C-D3EA-48CF-BD5D-4B201AA788B5}.Debug|x86.ActiveCfg = Debug|x86
		{7BF6711C-D3EA-48CF-BD5D-4B201AA788B5}.Debug|x86.Build.0 = Debug|x86
		{7BF6711C-D3EA-48CF-BD5D-4B201AA788B5}.Release|Any CPU.ActiveCfg = Release|Any CPU
		{7BF6711C-D3EA-48CF-BD5D-4B201AA788B5}.Release|Any CPU.Build.0 = Release|Any CPU
		{7BF6711C-D3EA-48CF-BD5D-4B201AA788B5}.Release|Mixed Platforms.ActiveCfg = Release|x86
		{7BF6711C-D3EA-48CF-BD5D-4B201AA788B5}.Release|Mixed Platforms.Build.0 = Release|x86
		{7BF6711C-D3EA-48CF-BD5D-4B201AA788B5}.Release|x64.ActiveCfg = Release|x64
		{7BF6711C-D3EA-48CF-BD5D-4B201AA788B5}.Release|x64.Build.0 = Release|x64
		{7BF6711C-D3EA-48CF-BD5D-4B201AA788B5}.Release|x86.ActiveCfg = Release|x86
		{7BF6711C-D3EA-48CF-BD5D-4B201AA788B5}.Release|x86.Build.0 = Release|x86
		{02D0596C-4A1F-4227-A44D-463B4F655598}.Debug|Any CPU.ActiveCfg = Debug|Any CPU
		{02D0596C-4A1F-4227-A44D-463B4F655598}.Debug|Any CPU.Build.0 = Debug|Any CPU
		{02D0596C-4A1F-4227-A44D-463B4F655598}.Debug|Mixed Platforms.ActiveCfg = Debug|x86
		{02D0596C-4A1F-4227-A44D-463B4F655598}.Debug|Mixed Platforms.Build.0 = Debug|x86
		{02D0596C-4A1F-4227-A44D-463B4F655598}.Debug|x64.ActiveCfg = Debug|x64
		{02D0596C-4A1F-4227-A44D-463B4F655598}.Debug|x64.Build.0 = Debug|x64
		{02D0596C-4A1F-4227-A44D-463B4F655598}.Debug|x86.ActiveCfg = Debug|x86
		{02D0596C-4A1F-4227-A44D-463B4F655598}.Debug|x86.Build.0 = Debug|x86
		{02D0596C-4A1F-4227-A44D-463B4F655598}.Release|Any CPU.ActiveCfg = Release|Any CPU
		{02D0596C-4A1F-4227-A44D-463B4F655598}.Release|Any CPU.Build.0 = Release|Any CPU
		{02D0596C-4A1F-4227-A44D-463B4F655598}.Release|Mixed Platforms.ActiveCfg = Release|x86
		{02D0596C-4A1F-4227-A44D-463B4F655598}.Release|Mixed Platforms.Build.0 = Release|x86
		{02D0596C-4A1F-4227-A44D-463B4F655598}.Release|x64.ActiveCfg = Release|x64
		{02D0596C-4A1F-4227-A44D-463B4F655598}.Release|x64.Build.0 = Release|x64
		{02D0596C-4A1F-4227-A44D-463B4F655598}.Release|x86.ActiveCfg = Release|x86
		{02D0596C-4A1F-4227-A44D-463B4F655598}.Release|x86.Build.0 = Release|x86
		{C4A0BDA7-84BE-4D94-9FAF-A8CC68AA639A}.Debug|Any CPU.ActiveCfg = Debug|Any CPU
		{C4A0BDA7-84BE-4D94-9FAF-A8CC68AA639A}.Debug|Any CPU.Build.0 = Debug|Any CPU
		{C4A0BDA7-84BE-4D94-9FAF-A8CC68AA639A}.Debug|Mixed Platforms.ActiveCfg = Debug|Any CPU
		{C4A0BDA7-84BE-4D94-9FAF-A8CC68AA639A}.Debug|Mixed Platforms.Build.0 = Debug|Any CPU
		{C4A0BDA7-84BE-4D94-9FAF-A8CC68AA639A}.Debug|x64.ActiveCfg = Debug|Any CPU
		{C4A0BDA7-84BE-4D94-9FAF-A8CC68AA639A}.Debug|x64.Build.0 = Debug|Any CPU
		{C4A0BDA7-84BE-4D94-9FAF-A8CC68AA639A}.Debug|x86.ActiveCfg = Debug|Any CPU
		{C4A0BDA7-84BE-4D94-9FAF-A8CC68AA639A}.Debug|x86.Build.0 = Debug|Any CPU
		{C4A0BDA7-84BE-4D94-9FAF-A8CC68AA639A}.Release|Any CPU.ActiveCfg = Release|Any CPU
		{C4A0BDA7-84BE-4D94-9FAF-A8CC68AA639A}.Release|Any CPU.Build.0 = Release|Any CPU
		{C4A0BDA7-84BE-4D94-9FAF-A8CC68AA639A}.Release|Mixed Platforms.ActiveCfg = Release|Any CPU
		{C4A0BDA7-84BE-4D94-9FAF-A8CC68AA639A}.Release|Mixed Platforms.Build.0 = Release|Any CPU
		{C4A0BDA7-84BE-4D94-9FAF-A8CC68AA639A}.Release|x64.ActiveCfg = Release|Any CPU
		{C4A0BDA7-84BE-4D94-9FAF-A8CC68AA639A}.Release|x64.Build.0 = Release|Any CPU
		{C4A0BDA7-84BE-4D94-9FAF-A8CC68AA639A}.Release|x86.ActiveCfg = Release|Any CPU
		{C4A0BDA7-84BE-4D94-9FAF-A8CC68AA639A}.Release|x86.Build.0 = Release|Any CPU
	EndGlobalSection
	GlobalSection(SolutionProperties) = preSolution
		HideSolutionNode = FALSE
	EndGlobalSection
	GlobalSection(ExtensibilityGlobals) = postSolution
		SolutionGuid = {2E6F3935-B111-43A3-B676-C92884DE28BA}
	EndGlobalSection
EndGlobal
