
Microsoft Visual Studio Solution File, Format Version 12.00
# Visual Studio 14
VisualStudioVersion = 14.0.25420.1
MinimumVisualStudioVersion = 10.0.40219.1
Project("{FAE04EC0-301F-11D3-BF4B-00C04F79EFBC}") = "Business", "Business\Business.csproj", "{F6B30751-62D4-4672-B96B-3D795687F9E2}"
EndProject
Project("{FAE04EC0-301F-11D3-BF4B-00C04F79EFBC}") = "DataAccess", "DataAccess\DataAccess.csproj", "{9633A650-3FFC-4029-BD90-F9FA4E93CC55}"
EndProject
Project("{FAE04EC0-301F-11D3-BF4B-00C04F79EFBC}") = "NaturalGroundingPlayer", "NaturalGroundingPlayer\NaturalGroundingPlayer.csproj", "{D711E72D-4CDE-4A5E-8FBB-216F0AA8D6D4}"
EndProject
Project("{F184B08F-C81C-45F6-A57F-5ABD9991F28F}") = "MPC_API_LIB", "MPC_API_LIB\MPC_API_LIB.vbproj", "{767F8DF3-2ECC-4D54-8CD6-75FA1814A3E6}"
EndProject
Project("{FAE04EC0-301F-11D3-BF4B-00C04F79EFBC}") = "MediaPlayer", "MediaPlayer\MediaPlayer.csproj", "{FDAF09A3-6C17-480A-95D7-5FDC19EC85EE}"
EndProject
Project("{FAE04EC0-301F-11D3-BF4B-00C04F79EFBC}") = "YoutubeExtractor", "..\YoutubeExtractor\YoutubeExtractor\YoutubeExtractor\YoutubeExtractor.csproj", "{ECDC127F-8DEF-4F99-8300-72C13597339D}"
EndProject
Project("{FAE04EC0-301F-11D3-BF4B-00C04F79EFBC}") = "PowerliminalsPlayer", "PowerliminalsPlayer\PowerliminalsPlayer.csproj", "{288C3275-2E43-45D1-A72D-7330417AD0FD}"
EndProject
Project("{FAE04EC0-301F-11D3-BF4B-00C04F79EFBC}") = "Player432hz", "Player432hz\Player432hz.csproj", "{9F149234-2CEE-426A-8763-0764216CE696}"
EndProject
Project("{FAE04EC0-301F-11D3-BF4B-00C04F79EFBC}") = "YinMediaEncoder", "YinMediaEncoder\YinMediaEncoder.csproj", "{947D138C-22AD-43B6-817F-CD8050A620E7}"
EndProject
Project("{FAE04EC0-301F-11D3-BF4B-00C04F79EFBC}") = "AudioVideoMuxer", "AudioVideoMuxer\AudioVideoMuxer.csproj", "{3575B8A3-DFCE-41B3-A7A4-6AC05AE59557}"
EndProject
Global
	GlobalSection(SolutionConfigurationPlatforms) = preSolution
		Debug|Any CPU = Debug|Any CPU
		Debug|Mixed Platforms = Debug|Mixed Platforms
		Debug|x64 = Debug|x64
		Debug|x86 = Debug|x86
		Release|Any CPU = Release|Any CPU
		Release|Mixed Platforms = Release|Mixed Platforms
		Release|x64 = Release|x64
		Release|x86 = Release|x86
	EndGlobalSection
	GlobalSection(ProjectConfigurationPlatforms) = postSolution
		{F6B30751-62D4-4672-B96B-3D795687F9E2}.Debug|Any CPU.ActiveCfg = Debug|Any CPU
		{F6B30751-62D4-4672-B96B-3D795687F9E2}.Debug|Any CPU.Build.0 = Debug|Any CPU
		{F6B30751-62D4-4672-B96B-3D795687F9E2}.Debug|Mixed Platforms.ActiveCfg = Debug|Any CPU
		{F6B30751-62D4-4672-B96B-3D795687F9E2}.Debug|Mixed Platforms.Build.0 = Debug|Any CPU
		{F6B30751-62D4-4672-B96B-3D795687F9E2}.Debug|x64.ActiveCfg = Debug|x64
		{F6B30751-62D4-4672-B96B-3D795687F9E2}.Debug|x64.Build.0 = Debug|x64
		{F6B30751-62D4-4672-B96B-3D795687F9E2}.Debug|x86.ActiveCfg = Debug|x86
		{F6B30751-62D4-4672-B96B-3D795687F9E2}.Debug|x86.Build.0 = Debug|x86
		{F6B30751-62D4-4672-B96B-3D795687F9E2}.Release|Any CPU.ActiveCfg = Release|Any CPU
		{F6B30751-62D4-4672-B96B-3D795687F9E2}.Release|Any CPU.Build.0 = Release|Any CPU
		{F6B30751-62D4-4672-B96B-3D795687F9E2}.Release|Mixed Platforms.ActiveCfg = Release|Any CPU
		{F6B30751-62D4-4672-B96B-3D795687F9E2}.Release|Mixed Platforms.Build.0 = Release|Any CPU
		{F6B30751-62D4-4672-B96B-3D795687F9E2}.Release|x64.ActiveCfg = Release|x64
		{F6B30751-62D4-4672-B96B-3D795687F9E2}.Release|x64.Build.0 = Release|x64
		{F6B30751-62D4-4672-B96B-3D795687F9E2}.Release|x86.ActiveCfg = Release|Any CPU
		{9633A650-3FFC-4029-BD90-F9FA4E93CC55}.Debug|Any CPU.ActiveCfg = Debug|Any CPU
		{9633A650-3FFC-4029-BD90-F9FA4E93CC55}.Debug|Any CPU.Build.0 = Debug|Any CPU
		{9633A650-3FFC-4029-BD90-F9FA4E93CC55}.Debug|Mixed Platforms.ActiveCfg = Debug|Any CPU
		{9633A650-3FFC-4029-BD90-F9FA4E93CC55}.Debug|Mixed Platforms.Build.0 = Debug|Any CPU
		{9633A650-3FFC-4029-BD90-F9FA4E93CC55}.Debug|x64.ActiveCfg = Debug|x64
		{9633A650-3FFC-4029-BD90-F9FA4E93CC55}.Debug|x64.Build.0 = Debug|x64
		{9633A650-3FFC-4029-BD90-F9FA4E93CC55}.Debug|x86.ActiveCfg = Debug|x86
		{9633A650-3FFC-4029-BD90-F9FA4E93CC55}.Debug|x86.Build.0 = Debug|x86
		{9633A650-3FFC-4029-BD90-F9FA4E93CC55}.Release|Any CPU.ActiveCfg = Release|Any CPU
		{9633A650-3FFC-4029-BD90-F9FA4E93CC55}.Release|Any CPU.Build.0 = Release|Any CPU
		{9633A650-3FFC-4029-BD90-F9FA4E93CC55}.Release|Mixed Platforms.ActiveCfg = Release|Any CPU
		{9633A650-3FFC-4029-BD90-F9FA4E93CC55}.Release|Mixed Platforms.Build.0 = Release|Any CPU
		{9633A650-3FFC-4029-BD90-F9FA4E93CC55}.Release|x64.ActiveCfg = Release|x64
		{9633A650-3FFC-4029-BD90-F9FA4E93CC55}.Release|x64.Build.0 = Release|x64
		{9633A650-3FFC-4029-BD90-F9FA4E93CC55}.Release|x86.ActiveCfg = Release|Any CPU
		{D711E72D-4CDE-4A5E-8FBB-216F0AA8D6D4}.Debug|Any CPU.ActiveCfg = Debug|Any CPU
		{D711E72D-4CDE-4A5E-8FBB-216F0AA8D6D4}.Debug|Any CPU.Build.0 = Debug|Any CPU
		{D711E72D-4CDE-4A5E-8FBB-216F0AA8D6D4}.Debug|Mixed Platforms.ActiveCfg = Debug|Any CPU
		{D711E72D-4CDE-4A5E-8FBB-216F0AA8D6D4}.Debug|Mixed Platforms.Build.0 = Debug|Any CPU
		{D711E72D-4CDE-4A5E-8FBB-216F0AA8D6D4}.Debug|x64.ActiveCfg = Debug|x64
		{D711E72D-4CDE-4A5E-8FBB-216F0AA8D6D4}.Debug|x64.Build.0 = Debug|x64
		{D711E72D-4CDE-4A5E-8FBB-216F0AA8D6D4}.Debug|x86.ActiveCfg = Debug|x86
		{D711E72D-4CDE-4A5E-8FBB-216F0AA8D6D4}.Debug|x86.Build.0 = Debug|x86
		{D711E72D-4CDE-4A5E-8FBB-216F0AA8D6D4}.Release|Any CPU.ActiveCfg = Release|Any CPU
		{D711E72D-4CDE-4A5E-8FBB-216F0AA8D6D4}.Release|Any CPU.Build.0 = Release|Any CPU
		{D711E72D-4CDE-4A5E-8FBB-216F0AA8D6D4}.Release|Mixed Platforms.ActiveCfg = Release|Any CPU
		{D711E72D-4CDE-4A5E-8FBB-216F0AA8D6D4}.Release|Mixed Platforms.Build.0 = Release|Any CPU
		{D711E72D-4CDE-4A5E-8FBB-216F0AA8D6D4}.Release|x64.ActiveCfg = Release|x64
		{D711E72D-4CDE-4A5E-8FBB-216F0AA8D6D4}.Release|x64.Build.0 = Release|x64
		{D711E72D-4CDE-4A5E-8FBB-216F0AA8D6D4}.Release|x86.ActiveCfg = Release|Any CPU
		{767F8DF3-2ECC-4D54-8CD6-75FA1814A3E6}.Debug|Any CPU.ActiveCfg = Debug|Any CPU
		{767F8DF3-2ECC-4D54-8CD6-75FA1814A3E6}.Debug|Any CPU.Build.0 = Debug|Any CPU
		{767F8DF3-2ECC-4D54-8CD6-75FA1814A3E6}.Debug|Mixed Platforms.ActiveCfg = Debug|Any CPU
		{767F8DF3-2ECC-4D54-8CD6-75FA1814A3E6}.Debug|Mixed Platforms.Build.0 = Debug|Any CPU
		{767F8DF3-2ECC-4D54-8CD6-75FA1814A3E6}.Debug|x64.ActiveCfg = Debug|x64
		{767F8DF3-2ECC-4D54-8CD6-75FA1814A3E6}.Debug|x64.Build.0 = Debug|x64
		{767F8DF3-2ECC-4D54-8CD6-75FA1814A3E6}.Debug|x86.ActiveCfg = Debug|x86
		{767F8DF3-2ECC-4D54-8CD6-75FA1814A3E6}.Debug|x86.Build.0 = Debug|x86
		{767F8DF3-2ECC-4D54-8CD6-75FA1814A3E6}.Release|Any CPU.ActiveCfg = Release|Any CPU
		{767F8DF3-2ECC-4D54-8CD6-75FA1814A3E6}.Release|Any CPU.Build.0 = Release|Any CPU
		{767F8DF3-2ECC-4D54-8CD6-75FA1814A3E6}.Release|Mixed Platforms.ActiveCfg = Release|Any CPU
		{767F8DF3-2ECC-4D54-8CD6-75FA1814A3E6}.Release|Mixed Platforms.Build.0 = Release|Any CPU
		{767F8DF3-2ECC-4D54-8CD6-75FA1814A3E6}.Release|x64.ActiveCfg = Release|x64
		{767F8DF3-2ECC-4D54-8CD6-75FA1814A3E6}.Release|x64.Build.0 = Release|x64
		{767F8DF3-2ECC-4D54-8CD6-75FA1814A3E6}.Release|x86.ActiveCfg = Release|Any CPU
		{FDAF09A3-6C17-480A-95D7-5FDC19EC85EE}.Debug|Any CPU.ActiveCfg = Debug|Any CPU
		{FDAF09A3-6C17-480A-95D7-5FDC19EC85EE}.Debug|Any CPU.Build.0 = Debug|Any CPU
		{FDAF09A3-6C17-480A-95D7-5FDC19EC85EE}.Debug|Mixed Platforms.ActiveCfg = Debug|Any CPU
		{FDAF09A3-6C17-480A-95D7-5FDC19EC85EE}.Debug|Mixed Platforms.Build.0 = Debug|Any CPU
		{FDAF09A3-6C17-480A-95D7-5FDC19EC85EE}.Debug|x64.ActiveCfg = Debug|x64
		{FDAF09A3-6C17-480A-95D7-5FDC19EC85EE}.Debug|x64.Build.0 = Debug|x64
		{FDAF09A3-6C17-480A-95D7-5FDC19EC85EE}.Debug|x86.ActiveCfg = Debug|x86
		{FDAF09A3-6C17-480A-95D7-5FDC19EC85EE}.Debug|x86.Build.0 = Debug|x86
		{FDAF09A3-6C17-480A-95D7-5FDC19EC85EE}.Release|Any CPU.ActiveCfg = Release|Any CPU
		{FDAF09A3-6C17-480A-95D7-5FDC19EC85EE}.Release|Any CPU.Build.0 = Release|Any CPU
		{FDAF09A3-6C17-480A-95D7-5FDC19EC85EE}.Release|Mixed Platforms.ActiveCfg = Release|Any CPU
		{FDAF09A3-6C17-480A-95D7-5FDC19EC85EE}.Release|Mixed Platforms.Build.0 = Release|Any CPU
		{FDAF09A3-6C17-480A-95D7-5FDC19EC85EE}.Release|x64.ActiveCfg = Release|x64
		{FDAF09A3-6C17-480A-95D7-5FDC19EC85EE}.Release|x64.Build.0 = Release|x64
		{FDAF09A3-6C17-480A-95D7-5FDC19EC85EE}.Release|x86.ActiveCfg = Release|Any CPU
		{ECDC127F-8DEF-4F99-8300-72C13597339D}.Debug|Any CPU.ActiveCfg = Debug|Any CPU
		{ECDC127F-8DEF-4F99-8300-72C13597339D}.Debug|Any CPU.Build.0 = Debug|Any CPU
		{ECDC127F-8DEF-4F99-8300-72C13597339D}.Debug|Mixed Platforms.ActiveCfg = Debug|Any CPU
		{ECDC127F-8DEF-4F99-8300-72C13597339D}.Debug|Mixed Platforms.Build.0 = Debug|Any CPU
		{ECDC127F-8DEF-4F99-8300-72C13597339D}.Debug|x64.ActiveCfg = Debug|x64
		{ECDC127F-8DEF-4F99-8300-72C13597339D}.Debug|x86.ActiveCfg = Debug|x86
		{ECDC127F-8DEF-4F99-8300-72C13597339D}.Release|Any CPU.ActiveCfg = Release|Any CPU
		{ECDC127F-8DEF-4F99-8300-72C13597339D}.Release|Any CPU.Build.0 = Release|Any CPU
		{ECDC127F-8DEF-4F99-8300-72C13597339D}.Release|Mixed Platforms.ActiveCfg = Release|Any CPU
		{ECDC127F-8DEF-4F99-8300-72C13597339D}.Release|Mixed Platforms.Build.0 = Release|Any CPU
		{ECDC127F-8DEF-4F99-8300-72C13597339D}.Release|x64.ActiveCfg = Release|Any CPU
		{ECDC127F-8DEF-4F99-8300-72C13597339D}.Release|x86.ActiveCfg = Release|Any CPU
		{288C3275-2E43-45D1-A72D-7330417AD0FD}.Debug|Any CPU.ActiveCfg = Debug|Any CPU
		{288C3275-2E43-45D1-A72D-7330417AD0FD}.Debug|Any CPU.Build.0 = Debug|Any CPU
		{288C3275-2E43-45D1-A72D-7330417AD0FD}.Debug|Mixed Platforms.ActiveCfg = Debug|Any CPU
		{288C3275-2E43-45D1-A72D-7330417AD0FD}.Debug|Mixed Platforms.Build.0 = Debug|Any CPU
		{288C3275-2E43-45D1-A72D-7330417AD0FD}.Debug|x64.ActiveCfg = Debug|Any CPU
		{288C3275-2E43-45D1-A72D-7330417AD0FD}.Debug|x64.Build.0 = Debug|Any CPU
		{288C3275-2E43-45D1-A72D-7330417AD0FD}.Debug|x86.ActiveCfg = Debug|Any CPU
		{288C3275-2E43-45D1-A72D-7330417AD0FD}.Debug|x86.Build.0 = Debug|Any CPU
		{288C3275-2E43-45D1-A72D-7330417AD0FD}.Release|Any CPU.ActiveCfg = Release|Any CPU
		{288C3275-2E43-45D1-A72D-7330417AD0FD}.Release|Any CPU.Build.0 = Release|Any CPU
		{288C3275-2E43-45D1-A72D-7330417AD0FD}.Release|Mixed Platforms.ActiveCfg = Release|Any CPU
		{288C3275-2E43-45D1-A72D-7330417AD0FD}.Release|Mixed Platforms.Build.0 = Release|Any CPU
		{288C3275-2E43-45D1-A72D-7330417AD0FD}.Release|x64.ActiveCfg = Release|Any CPU
		{288C3275-2E43-45D1-A72D-7330417AD0FD}.Release|x64.Build.0 = Release|Any CPU
		{288C3275-2E43-45D1-A72D-7330417AD0FD}.Release|x86.ActiveCfg = Release|Any CPU
		{288C3275-2E43-45D1-A72D-7330417AD0FD}.Release|x86.Build.0 = Release|Any CPU
		{9F149234-2CEE-426A-8763-0764216CE696}.Debug|Any CPU.ActiveCfg = Debug|Any CPU
		{9F149234-2CEE-426A-8763-0764216CE696}.Debug|Any CPU.Build.0 = Debug|Any CPU
		{9F149234-2CEE-426A-8763-0764216CE696}.Debug|Mixed Platforms.ActiveCfg = Debug|x86
		{9F149234-2CEE-426A-8763-0764216CE696}.Debug|Mixed Platforms.Build.0 = Debug|x86
		{9F149234-2CEE-426A-8763-0764216CE696}.Debug|x64.ActiveCfg = Debug|x64
		{9F149234-2CEE-426A-8763-0764216CE696}.Debug|x64.Build.0 = Debug|x64
		{9F149234-2CEE-426A-8763-0764216CE696}.Debug|x86.ActiveCfg = Debug|x86
		{9F149234-2CEE-426A-8763-0764216CE696}.Debug|x86.Build.0 = Debug|x86
		{9F149234-2CEE-426A-8763-0764216CE696}.Release|Any CPU.ActiveCfg = Release|Any CPU
		{9F149234-2CEE-426A-8763-0764216CE696}.Release|Any CPU.Build.0 = Release|Any CPU
		{9F149234-2CEE-426A-8763-0764216CE696}.Release|Mixed Platforms.ActiveCfg = Release|x86
		{9F149234-2CEE-426A-8763-0764216CE696}.Release|Mixed Platforms.Build.0 = Release|x86
		{9F149234-2CEE-426A-8763-0764216CE696}.Release|x64.ActiveCfg = Release|x64
		{9F149234-2CEE-426A-8763-0764216CE696}.Release|x64.Build.0 = Release|x64
		{9F149234-2CEE-426A-8763-0764216CE696}.Release|x86.ActiveCfg = Release|x86
		{9F149234-2CEE-426A-8763-0764216CE696}.Release|x86.Build.0 = Release|x86
		{947D138C-22AD-43B6-817F-CD8050A620E7}.Debug|Any CPU.ActiveCfg = Debug|Any CPU
		{947D138C-22AD-43B6-817F-CD8050A620E7}.Debug|Any CPU.Build.0 = Debug|Any CPU
		{947D138C-22AD-43B6-817F-CD8050A620E7}.Debug|Mixed Platforms.ActiveCfg = Debug|Any CPU
		{947D138C-22AD-43B6-817F-CD8050A620E7}.Debug|Mixed Platforms.Build.0 = Debug|Any CPU
		{947D138C-22AD-43B6-817F-CD8050A620E7}.Debug|x64.ActiveCfg = Debug|Any CPU
		{947D138C-22AD-43B6-817F-CD8050A620E7}.Debug|x64.Build.0 = Debug|Any CPU
		{947D138C-22AD-43B6-817F-CD8050A620E7}.Debug|x86.ActiveCfg = Debug|Any CPU
		{947D138C-22AD-43B6-817F-CD8050A620E7}.Debug|x86.Build.0 = Debug|Any CPU
		{947D138C-22AD-43B6-817F-CD8050A620E7}.Release|Any CPU.ActiveCfg = Release|Any CPU
		{947D138C-22AD-43B6-817F-CD8050A620E7}.Release|Any CPU.Build.0 = Release|Any CPU
		{947D138C-22AD-43B6-817F-CD8050A620E7}.Release|Mixed Platforms.ActiveCfg = Release|Any CPU
		{947D138C-22AD-43B6-817F-CD8050A620E7}.Release|Mixed Platforms.Build.0 = Release|Any CPU
		{947D138C-22AD-43B6-817F-CD8050A620E7}.Release|x64.ActiveCfg = Release|Any CPU
		{947D138C-22AD-43B6-817F-CD8050A620E7}.Release|x64.Build.0 = Release|Any CPU
		{947D138C-22AD-43B6-817F-CD8050A620E7}.Release|x86.ActiveCfg = Release|Any CPU
		{947D138C-22AD-43B6-817F-CD8050A620E7}.Release|x86.Build.0 = Release|Any CPU
		{3575B8A3-DFCE-41B3-A7A4-6AC05AE59557}.Debug|Any CPU.ActiveCfg = Debug|Any CPU
		{3575B8A3-DFCE-41B3-A7A4-6AC05AE59557}.Debug|Any CPU.Build.0 = Debug|Any CPU
		{3575B8A3-DFCE-41B3-A7A4-6AC05AE59557}.Debug|Mixed Platforms.ActiveCfg = Debug|Any CPU
		{3575B8A3-DFCE-41B3-A7A4-6AC05AE59557}.Debug|Mixed Platforms.Build.0 = Debug|Any CPU
		{3575B8A3-DFCE-41B3-A7A4-6AC05AE59557}.Debug|x64.ActiveCfg = Debug|Any CPU
		{3575B8A3-DFCE-41B3-A7A4-6AC05AE59557}.Debug|x64.Build.0 = Debug|Any CPU
		{3575B8A3-DFCE-41B3-A7A4-6AC05AE59557}.Debug|x86.ActiveCfg = Debug|Any CPU
		{3575B8A3-DFCE-41B3-A7A4-6AC05AE59557}.Debug|x86.Build.0 = Debug|Any CPU
		{3575B8A3-DFCE-41B3-A7A4-6AC05AE59557}.Release|Any CPU.ActiveCfg = Release|Any CPU
		{3575B8A3-DFCE-41B3-A7A4-6AC05AE59557}.Release|Any CPU.Build.0 = Release|Any CPU
		{3575B8A3-DFCE-41B3-A7A4-6AC05AE59557}.Release|Mixed Platforms.ActiveCfg = Release|Any CPU
		{3575B8A3-DFCE-41B3-A7A4-6AC05AE59557}.Release|Mixed Platforms.Build.0 = Release|Any CPU
		{3575B8A3-DFCE-41B3-A7A4-6AC05AE59557}.Release|x64.ActiveCfg = Release|Any CPU
		{3575B8A3-DFCE-41B3-A7A4-6AC05AE59557}.Release|x64.Build.0 = Release|Any CPU
		{3575B8A3-DFCE-41B3-A7A4-6AC05AE59557}.Release|x86.ActiveCfg = Release|Any CPU
		{3575B8A3-DFCE-41B3-A7A4-6AC05AE59557}.Release|x86.Build.0 = Release|Any CPU
	EndGlobalSection
	GlobalSection(SolutionProperties) = preSolution
		HideSolutionNode = FALSE
	EndGlobalSection
EndGlobal
