
Microsoft Visual Studio Solution File, Format Version 12.00
# Visual Studio Version 16
VisualStudioVersion = 16.0.28803.352
MinimumVisualStudioVersion = 10.0.40219.1
Project("{2150E333-8FDC-42A3-9474-1A3956D46DE8}") = "Solution Items", "Solution Items", "{68A71ABF-6CA4-487E-9AD1-ABCDF24BE601}"
	ProjectSection(SolutionItems) = preProject
		..\.editorconfig = ..\.editorconfig
	EndProjectSection
EndProject
Project("{9A19103F-16F7-4668-BE54-9A1E7A4F7556}") = "Common.Services", "..\Common.Services\Common.Services.csproj", "{38E97D79-1BCC-48C3-BEE0-995F928F7AFD}"
EndProject
Project("{FAE04EC0-301F-11D3-BF4B-00C04F79EFBC}") = "Common.Avalonia", "..\Common.Avalonia\Common.Avalonia.csproj", "{E71151BE-68FD-44D1-96E4-DFA941AFBC42}"
EndProject
Project("{FAE04EC0-301F-11D3-BF4B-00C04F79EFBC}") = "Common.Avalonia.App", "..\Common.Avalonia.App\Common.Avalonia.App.csproj", "{B9D35B98-BC89-45D1-AD30-B96C9A06E987}"
EndProject
Project("{FAE04EC0-301F-11D3-BF4B-00C04F79EFBC}") = "Common.Avalonia.App.Tests", "..\Common.Avalonia.App.Tests\Common.Avalonia.App.Tests.csproj", "{88101DFA-9801-4022-B642-CBEF7A36AECA}"
EndProject
Project("{FAE04EC0-301F-11D3-BF4B-00C04F79EFBC}") = "HanumanInstitute.Validators", "..\..\HanumanInstitute.Validators\Validators\HanumanInstitute.Validators.csproj", "{68CE5BEA-A972-428B-A71E-659DAF39DA35}"
EndProject
Project("{FAE04EC0-301F-11D3-BF4B-00C04F79EFBC}") = "Converter432Hz", "..\Converter432Hz\Converter432Hz.csproj", "{C793BA5B-B1EA-40AE-978C-B003C2D02365}"
EndProject
Project("{FAE04EC0-301F-11D3-BF4B-00C04F79EFBC}") = "Converter432Hz.Tests", "..\Converter432Hz.Tests\Converter432Hz.Tests.csproj", "{92E95121-7757-4622-B8BD-4FF856F5A40F}"
EndProject
Project("{FAE04EC0-301F-11D3-BF4B-00C04F79EFBC}") = "BassDlls", "..\DLL\Bass\BassDlls.csproj", "{68CCCE77-EB94-4CE1-AC6B-7D7295065481}"
EndProject
Project("{FAE04EC0-301F-11D3-BF4B-00C04F79EFBC}") = "BassEncDlls", "..\DLL\BassEnc\BassEncDlls.csproj", "{062F0A03-B2EC-4FD0-9167-24A7C0971F49}"
EndProject
Project("{FAE04EC0-301F-11D3-BF4B-00C04F79EFBC}") = "BassAudio", "..\BassAudio\BassAudio.csproj", "{BFCB242E-980E-46EF-A144-D5415F60C9BA}"
EndProject
Project("{FAE04EC0-301F-11D3-BF4B-00C04F79EFBC}") = "BassAudio.Tests", "..\BassAudio.Tests\BassAudio.Tests.csproj", "{0E6275FF-12BE-4B62-BD93-C2E455FDEEAD}"
EndProject
Project("{FAE04EC0-301F-11D3-BF4B-00C04F79EFBC}") = "MediaPlayer.Avalonia", "..\..\MediaPlayerUI.NET\Avalonia\MediaPlayer.Avalonia.csproj", "{8C4531B9-61FD-4425-A751-F2B54D14F111}"
EndProject
Project("{FAE04EC0-301F-11D3-BF4B-00C04F79EFBC}") = "MediaPlayer.Avalonia.Bass", "..\..\MediaPlayerUI.NET\Avalonia.Bass\MediaPlayer.Avalonia.Bass.csproj", "{1697E531-1E21-4076-844E-6B12D572D6FD}"
EndProject
Project("{FAE04EC0-301F-11D3-BF4B-00C04F79EFBC}") = "Player432Hz", "..\Player432Hz\Player432Hz.csproj", "{DEF1D8A1-BE91-4D09-9595-F5DC8B3B5809}"
EndProject
Project("{FAE04EC0-301F-11D3-BF4B-00C04F79EFBC}") = "Player432Hz.Tests", "..\Player432Hz.Tests\Player432Hz.Tests.csproj", "{8652B70C-58DD-42AA-A569-596B723EED65}"
EndProject
Project("{FAE04EC0-301F-11D3-BF4B-00C04F79EFBC}") = "YangDownloader", "..\YangDownloader\YangDownloader.csproj", "{2FEC9EAB-20A2-4647-B75A-EBFB8A6131AB}"
EndProject
Project("{FAE04EC0-301F-11D3-BF4B-00C04F79EFBC}") = "YangDownloader.Tests", "..\YangDownloader.Tests\YangDownloader.Tests.csproj", "{3B7BA209-F325-4261-B924-D25E4C6BC2FD}"
EndProject
Project("{FAE04EC0-301F-11D3-BF4B-00C04F79EFBC}") = "PowerliminalsPlayer", "..\PowerliminalsPlayer\PowerliminalsPlayer.csproj", "{ECF73668-50C7-4CDE-B31C-BB41501ACF10}"
EndProject
Project("{FAE04EC0-301F-11D3-BF4B-00C04F79EFBC}") = "PowerliminalsPlayer.Tests", "..\PowerliminalsPlayer.Tests\PowerliminalsPlayer.Tests.csproj", "{660D6AB9-E0D7-4BE1-B5A3-1B1ECD1E9A6B}"
EndProject
Project("{FAE04EC0-301F-11D3-BF4B-00C04F79EFBC}") = "Downloads", "..\Downloads\Downloads.csproj", "{C187953A-1170-42BC-8225-D962B309FC70}"
EndProject
Project("{FAE04EC0-301F-11D3-BF4B-00C04F79EFBC}") = "Downloads.Tests", "..\Downloads.Tests\Downloads.Tests.csproj", "{8A3CF0CE-8185-458C-AAC7-23282581E99F}"
EndProject
Project("{2150E333-8FDC-42A3-9474-1A3956D46DE8}") = "Tests", "Tests", "{AC49535F-52D4-4E5E-AC5D-53592468CD05}"
EndProject
Project("{FAE04EC0-301F-11D3-BF4B-00C04F79EFBC}") = "FFmpeg", "..\..\HanumanInstitute.FFmpeg\FFmpeg\FFmpeg.csproj", "{CD2F9633-80D2-4B5D-AC4B-187F74488E76}"
EndProject
Project("{FAE04EC0-301F-11D3-BF4B-00C04F79EFBC}") = "FFmpegExe", "..\DLL\FFmpeg\FFmpegExe.csproj", "{91D8248F-2CD5-4A4D-AD9C-E25AFBF2D858}"
EndProject
Global
	GlobalSection(SolutionConfigurationPlatforms) = preSolution
		Debug|Any CPU = Debug|Any CPU
		Release|Any CPU = Release|Any CPU
	EndGlobalSection
	GlobalSection(ProjectConfigurationPlatforms) = postSolution
		{38E97D79-1BCC-48C3-BEE0-995F928F7AFD}.Debug|Any CPU.ActiveCfg = Debug|Any CPU
		{38E97D79-1BCC-48C3-BEE0-995F928F7AFD}.Debug|Any CPU.Build.0 = Debug|Any CPU
		{38E97D79-1BCC-48C3-BEE0-995F928F7AFD}.Release|Any CPU.ActiveCfg = Release|Any CPU
		{38E97D79-1BCC-48C3-BEE0-995F928F7AFD}.Release|Any CPU.Build.0 = Release|Any CPU
		{E71151BE-68FD-44D1-96E4-DFA941AFBC42}.Debug|Any CPU.ActiveCfg = Debug|Any CPU
		{E71151BE-68FD-44D1-96E4-DFA941AFBC42}.Debug|Any CPU.Build.0 = Debug|Any CPU
		{E71151BE-68FD-44D1-96E4-DFA941AFBC42}.Release|Any CPU.ActiveCfg = Release|Any CPU
		{E71151BE-68FD-44D1-96E4-DFA941AFBC42}.Release|Any CPU.Build.0 = Release|Any CPU
		{B9D35B98-BC89-45D1-AD30-B96C9A06E987}.Debug|Any CPU.ActiveCfg = Debug|Any CPU
		{B9D35B98-BC89-45D1-AD30-B96C9A06E987}.Debug|Any CPU.Build.0 = Debug|Any CPU
		{B9D35B98-BC89-45D1-AD30-B96C9A06E987}.Release|Any CPU.ActiveCfg = Release|Any CPU
		{B9D35B98-BC89-45D1-AD30-B96C9A06E987}.Release|Any CPU.Build.0 = Release|Any CPU
		{88101DFA-9801-4022-B642-CBEF7A36AECA}.Debug|Any CPU.ActiveCfg = Debug|Any CPU
		{88101DFA-9801-4022-B642-CBEF7A36AECA}.Debug|Any CPU.Build.0 = Debug|Any CPU
		{88101DFA-9801-4022-B642-CBEF7A36AECA}.Release|Any CPU.ActiveCfg = Release|Any CPU
		{88101DFA-9801-4022-B642-CBEF7A36AECA}.Release|Any CPU.Build.0 = Release|Any CPU
		{68CE5BEA-A972-428B-A71E-659DAF39DA35}.Debug|Any CPU.ActiveCfg = Debug|Any CPU
		{68CE5BEA-A972-428B-A71E-659DAF39DA35}.Debug|Any CPU.Build.0 = Debug|Any CPU
		{68CE5BEA-A972-428B-A71E-659DAF39DA35}.Release|Any CPU.ActiveCfg = Release|Any CPU
		{68CE5BEA-A972-428B-A71E-659DAF39DA35}.Release|Any CPU.Build.0 = Release|Any CPU
		{C793BA5B-B1EA-40AE-978C-B003C2D02365}.Debug|Any CPU.ActiveCfg = Debug|Any CPU
		{C793BA5B-B1EA-40AE-978C-B003C2D02365}.Debug|Any CPU.Build.0 = Debug|Any CPU
		{C793BA5B-B1EA-40AE-978C-B003C2D02365}.Release|Any CPU.ActiveCfg = Release|Any CPU
		{C793BA5B-B1EA-40AE-978C-B003C2D02365}.Release|Any CPU.Build.0 = Release|Any CPU
		{92E95121-7757-4622-B8BD-4FF856F5A40F}.Debug|Any CPU.ActiveCfg = Debug|Any CPU
		{92E95121-7757-4622-B8BD-4FF856F5A40F}.Debug|Any CPU.Build.0 = Debug|Any CPU
		{92E95121-7757-4622-B8BD-4FF856F5A40F}.Release|Any CPU.ActiveCfg = Release|Any CPU
		{92E95121-7757-4622-B8BD-4FF856F5A40F}.Release|Any CPU.Build.0 = Release|Any CPU
		{68CCCE77-EB94-4CE1-AC6B-7D7295065481}.Debug|Any CPU.ActiveCfg = Debug|Any CPU
		{68CCCE77-EB94-4CE1-AC6B-7D7295065481}.Debug|Any CPU.Build.0 = Debug|Any CPU
		{68CCCE77-EB94-4CE1-AC6B-7D7295065481}.Release|Any CPU.ActiveCfg = Release|Any CPU
		{68CCCE77-EB94-4CE1-AC6B-7D7295065481}.Release|Any CPU.Build.0 = Release|Any CPU
		{062F0A03-B2EC-4FD0-9167-24A7C0971F49}.Debug|Any CPU.ActiveCfg = Debug|Any CPU
		{062F0A03-B2EC-4FD0-9167-24A7C0971F49}.Debug|Any CPU.Build.0 = Debug|Any CPU
		{062F0A03-B2EC-4FD0-9167-24A7C0971F49}.Release|Any CPU.ActiveCfg = Release|Any CPU
		{062F0A03-B2EC-4FD0-9167-24A7C0971F49}.Release|Any CPU.Build.0 = Release|Any CPU
		{BFCB242E-980E-46EF-A144-D5415F60C9BA}.Debug|Any CPU.ActiveCfg = Debug|Any CPU
		{BFCB242E-980E-46EF-A144-D5415F60C9BA}.Debug|Any CPU.Build.0 = Debug|Any CPU
		{BFCB242E-980E-46EF-A144-D5415F60C9BA}.Release|Any CPU.ActiveCfg = Release|Any CPU
		{BFCB242E-980E-46EF-A144-D5415F60C9BA}.Release|Any CPU.Build.0 = Release|Any CPU
		{0E6275FF-12BE-4B62-BD93-C2E455FDEEAD}.Debug|Any CPU.ActiveCfg = Debug|Any CPU
		{0E6275FF-12BE-4B62-BD93-C2E455FDEEAD}.Debug|Any CPU.Build.0 = Debug|Any CPU
		{0E6275FF-12BE-4B62-BD93-C2E455FDEEAD}.Release|Any CPU.ActiveCfg = Release|Any CPU
		{0E6275FF-12BE-4B62-BD93-C2E455FDEEAD}.Release|Any CPU.Build.0 = Release|Any CPU
		{8C4531B9-61FD-4425-A751-F2B54D14F111}.Debug|Any CPU.ActiveCfg = Debug|Any CPU
		{8C4531B9-61FD-4425-A751-F2B54D14F111}.Debug|Any CPU.Build.0 = Debug|Any CPU
		{8C4531B9-61FD-4425-A751-F2B54D14F111}.Release|Any CPU.ActiveCfg = Release|Any CPU
		{8C4531B9-61FD-4425-A751-F2B54D14F111}.Release|Any CPU.Build.0 = Release|Any CPU
		{1697E531-1E21-4076-844E-6B12D572D6FD}.Debug|Any CPU.ActiveCfg = Debug|Any CPU
		{1697E531-1E21-4076-844E-6B12D572D6FD}.Debug|Any CPU.Build.0 = Debug|Any CPU
		{1697E531-1E21-4076-844E-6B12D572D6FD}.Release|Any CPU.ActiveCfg = Release|Any CPU
		{1697E531-1E21-4076-844E-6B12D572D6FD}.Release|Any CPU.Build.0 = Release|Any CPU
		{DEF1D8A1-BE91-4D09-9595-F5DC8B3B5809}.Debug|Any CPU.ActiveCfg = Debug|Any CPU
		{DEF1D8A1-BE91-4D09-9595-F5DC8B3B5809}.Debug|Any CPU.Build.0 = Debug|Any CPU
		{DEF1D8A1-BE91-4D09-9595-F5DC8B3B5809}.Release|Any CPU.ActiveCfg = Release|Any CPU
		{DEF1D8A1-BE91-4D09-9595-F5DC8B3B5809}.Release|Any CPU.Build.0 = Release|Any CPU
		{8652B70C-58DD-42AA-A569-596B723EED65}.Debug|Any CPU.ActiveCfg = Debug|Any CPU
		{8652B70C-58DD-42AA-A569-596B723EED65}.Debug|Any CPU.Build.0 = Debug|Any CPU
		{8652B70C-58DD-42AA-A569-596B723EED65}.Release|Any CPU.ActiveCfg = Release|Any CPU
		{8652B70C-58DD-42AA-A569-596B723EED65}.Release|Any CPU.Build.0 = Release|Any CPU
		{2FEC9EAB-20A2-4647-B75A-EBFB8A6131AB}.Debug|Any CPU.ActiveCfg = Debug|Any CPU
		{2FEC9EAB-20A2-4647-B75A-EBFB8A6131AB}.Debug|Any CPU.Build.0 = Debug|Any CPU
		{2FEC9EAB-20A2-4647-B75A-EBFB8A6131AB}.Release|Any CPU.ActiveCfg = Release|Any CPU
		{2FEC9EAB-20A2-4647-B75A-EBFB8A6131AB}.Release|Any CPU.Build.0 = Release|Any CPU
		{3B7BA209-F325-4261-B924-D25E4C6BC2FD}.Debug|Any CPU.ActiveCfg = Debug|Any CPU
		{3B7BA209-F325-4261-B924-D25E4C6BC2FD}.Debug|Any CPU.Build.0 = Debug|Any CPU
		{3B7BA209-F325-4261-B924-D25E4C6BC2FD}.Release|Any CPU.ActiveCfg = Release|Any CPU
		{3B7BA209-F325-4261-B924-D25E4C6BC2FD}.Release|Any CPU.Build.0 = Release|Any CPU
		{ECF73668-50C7-4CDE-B31C-BB41501ACF10}.Debug|Any CPU.ActiveCfg = Debug|Any CPU
		{ECF73668-50C7-4CDE-B31C-BB41501ACF10}.Debug|Any CPU.Build.0 = Debug|Any CPU
		{ECF73668-50C7-4CDE-B31C-BB41501ACF10}.Release|Any CPU.ActiveCfg = Release|Any CPU
		{ECF73668-50C7-4CDE-B31C-BB41501ACF10}.Release|Any CPU.Build.0 = Release|Any CPU
		{660D6AB9-E0D7-4BE1-B5A3-1B1ECD1E9A6B}.Debug|Any CPU.ActiveCfg = Debug|Any CPU
		{660D6AB9-E0D7-4BE1-B5A3-1B1ECD1E9A6B}.Debug|Any CPU.Build.0 = Debug|Any CPU
		{660D6AB9-E0D7-4BE1-B5A3-1B1ECD1E9A6B}.Release|Any CPU.ActiveCfg = Release|Any CPU
		{660D6AB9-E0D7-4BE1-B5A3-1B1ECD1E9A6B}.Release|Any CPU.Build.0 = Release|Any CPU
		{C187953A-1170-42BC-8225-D962B309FC70}.Debug|Any CPU.ActiveCfg = Debug|Any CPU
		{C187953A-1170-42BC-8225-D962B309FC70}.Debug|Any CPU.Build.0 = Debug|Any CPU
		{C187953A-1170-42BC-8225-D962B309FC70}.Release|Any CPU.ActiveCfg = Release|Any CPU
		{C187953A-1170-42BC-8225-D962B309FC70}.Release|Any CPU.Build.0 = Release|Any CPU
		{8A3CF0CE-8185-458C-AAC7-23282581E99F}.Debug|Any CPU.ActiveCfg = Debug|Any CPU
		{8A3CF0CE-8185-458C-AAC7-23282581E99F}.Debug|Any CPU.Build.0 = Debug|Any CPU
		{8A3CF0CE-8185-458C-AAC7-23282581E99F}.Release|Any CPU.ActiveCfg = Release|Any CPU
		{8A3CF0CE-8185-458C-AAC7-23282581E99F}.Release|Any CPU.Build.0 = Release|Any CPU
		{CD2F9633-80D2-4B5D-AC4B-187F74488E76}.Debug|Any CPU.ActiveCfg = Debug|Any CPU
		{CD2F9633-80D2-4B5D-AC4B-187F74488E76}.Debug|Any CPU.Build.0 = Debug|Any CPU
		{CD2F9633-80D2-4B5D-AC4B-187F74488E76}.Release|Any CPU.ActiveCfg = Release|Any CPU
		{CD2F9633-80D2-4B5D-AC4B-187F74488E76}.Release|Any CPU.Build.0 = Release|Any CPU
		{91D8248F-2CD5-4A4D-AD9C-E25AFBF2D858}.Debug|Any CPU.ActiveCfg = Debug|Any CPU
		{91D8248F-2CD5-4A4D-AD9C-E25AFBF2D858}.Debug|Any CPU.Build.0 = Debug|Any CPU
		{91D8248F-2CD5-4A4D-AD9C-E25AFBF2D858}.Release|Any CPU.ActiveCfg = Release|Any CPU
		{91D8248F-2CD5-4A4D-AD9C-E25AFBF2D858}.Release|Any CPU.Build.0 = Release|Any CPU
	EndGlobalSection
	GlobalSection(SolutionProperties) = preSolution
		HideSolutionNode = FALSE
	EndGlobalSection
	GlobalSection(ExtensibilityGlobals) = postSolution
		SolutionGuid = {2E6F3935-B111-43A3-B676-C92884DE28BA}
	EndGlobalSection
	GlobalSection(NestedProjects) = preSolution
		{0E6275FF-12BE-4B62-BD93-C2E455FDEEAD} = {AC49535F-52D4-4E5E-AC5D-53592468CD05}
		{88101DFA-9801-4022-B642-CBEF7A36AECA} = {AC49535F-52D4-4E5E-AC5D-53592468CD05}
		{92E95121-7757-4622-B8BD-4FF856F5A40F} = {AC49535F-52D4-4E5E-AC5D-53592468CD05}
		{8A3CF0CE-8185-458C-AAC7-23282581E99F} = {AC49535F-52D4-4E5E-AC5D-53592468CD05}
		{8652B70C-58DD-42AA-A569-596B723EED65} = {AC49535F-52D4-4E5E-AC5D-53592468CD05}
		{660D6AB9-E0D7-4BE1-B5A3-1B1ECD1E9A6B} = {AC49535F-52D4-4E5E-AC5D-53592468CD05}
		{3B7BA209-F325-4261-B924-D25E4C6BC2FD} = {AC49535F-52D4-4E5E-AC5D-53592468CD05}
	EndGlobalSection
EndGlobal
