
Microsoft Visual Studio Solution File, Format Version 12.00
# Visual Studio Version 16
VisualStudioVersion = 16.0.28803.352
MinimumVisualStudioVersion = 10.0.40219.1
Project("{9A19103F-16F7-4668-BE54-9A1E7A4F7556}") = "NaturalGroundingPlayer.Business", "..\NaturalGroundingPlayer.Business\NaturalGroundingPlayer.Business.csproj", "{F6B30751-62D4-4672-B96B-3D795687F9E2}"
EndProject
Project("{9A19103F-16F7-4668-BE54-9A1E7A4F7556}") = "Downloads", "..\Downloads\Downloads.csproj", "{103ACD13-888B-49FB-BBE7-B34FC14F4152}"
EndProject
Project("{9A19103F-16F7-4668-BE54-9A1E7A4F7556}") = "AvisynthScriptBuilder", "..\AvisynthScriptBuilder\AvisynthScriptBuilder.csproj", "{7587E545-6030-493A-8EBC-F1AB578FD5A8}"
EndProject
Project("{9A19103F-16F7-4668-BE54-9A1E7A4F7556}") = "MediaPlayerUI", "..\..\MediaPlayerUI.NET\MediaPlayerUI\MediaPlayerUI.csproj", "{7BF6711C-D3EA-48CF-BD5D-4B201AA788B5}"
EndProject
Project("{9A19103F-16F7-4668-BE54-9A1E7A4F7556}") = "MpvPlayerUI", "..\..\MediaPlayerUI.NET\MpvPlayerUI\MpvPlayerUI.csproj", "{02D0596C-4A1F-4227-A44D-463B4F655598}"
EndProject
Project("{9A19103F-16F7-4668-BE54-9A1E7A4F7556}") = "CommonServices", "..\CommonServices\CommonServices.csproj", "{88B49434-58EE-4233-932F-625ED45D26AC}"
EndProject
Project("{2150E333-8FDC-42A3-9474-1A3956D46DE8}") = "Solution Items", "Solution Items", "{68A71ABF-6CA4-487E-9AD1-ABCDF24BE601}"
	ProjectSection(SolutionItems) = preProject
		.editorconfig = .editorconfig
	EndProjectSection
EndProject
Project("{9A19103F-16F7-4668-BE54-9A1E7A4F7556}") = "CommonWpf", "..\CommonWpf\CommonWpf.csproj", "{1C9E02BD-1D1B-4DD1-B667-CA123B7394F9}"
EndProject
Project("{9A19103F-16F7-4668-BE54-9A1E7A4F7556}") = "CommonWpfApp", "..\CommonWpfApp\CommonWpfApp.csproj", "{44727313-5673-4089-B664-894CD3AE7C2F}"
EndProject
Project("{9A19103F-16F7-4668-BE54-9A1E7A4F7556}") = "CommonWpfApp.Tests", "..\CommonWpfApp.Tests\CommonWpfApp.Tests.csproj", "{DD71CA86-37D5-4131-9333-9F5911AD7A89}"
EndProject
Project("{9A19103F-16F7-4668-BE54-9A1E7A4F7556}") = "FFmpeg", "..\..\HanumanInstitute.FFmpeg\FFmpeg\FFmpeg.csproj", "{CE4F5D09-E358-4316-8F92-B82F70A1ABF6}"
EndProject
Project("{9A19103F-16F7-4668-BE54-9A1E7A4F7556}") = "NaturalGroundingPlayer", "..\NaturalGroundingPlayer\NaturalGroundingPlayer.csproj", "{D711E72D-4CDE-4A5E-8FBB-216F0AA8D6D4}"
EndProject
Project("{9A19103F-16F7-4668-BE54-9A1E7A4F7556}") = "AvisynthScriptBuilder.Tests", "..\AvisynthScriptBuilder.Tests\AvisynthScriptBuilder.Tests.csproj", "{F7A66EFB-F2D0-45FD-8BAE-7A6781717C1F}"
EndProject
Project("{FAE04EC0-301F-11D3-BF4B-00C04F79EFBC}") = "YinMediaEncoder.Business", "..\EncoderBusiness\YinMediaEncoder.Business.csproj", "{58F4D838-8B4F-4519-AA3A-E7A678800EE5}"
EndProject
Project("{9A19103F-16F7-4668-BE54-9A1E7A4F7556}") = "Player432hz", "..\Player432hz\Player432hz.csproj", "{9F149234-2CEE-426A-8763-0764216CE696}"
EndProject
Project("{9A19103F-16F7-4668-BE54-9A1E7A4F7556}") = "Player432hz.Tests", "..\Player432hz.Tests\Player432hz.Tests.csproj", "{D1E7E654-B126-4A39-941D-9B24438F26A8}"
EndProject
Project("{9A19103F-16F7-4668-BE54-9A1E7A4F7556}") = "YangYouTubeDownloader", "..\YangYouTubeDownloader\YangYouTubeDownloader.csproj", "{A28CE42D-2D9A-4BB7-A127-40BCAF95FD8A}"
EndProject
Project("{9A19103F-16F7-4668-BE54-9A1E7A4F7556}") = "PowerliminalsPlayer", "..\PowerliminalsPlayer\PowerliminalsPlayer.csproj", "{288C3275-2E43-45D1-A72D-7330417AD0FD}"
EndProject
Project("{FAE04EC0-301F-11D3-BF4B-00C04F79EFBC}") = "YinMediaEncoder", "..\YinMediaEncoder\YinMediaEncoder.csproj", "{947D138C-22AD-43B6-817F-CD8050A620E7}"
EndProject
Global
	GlobalSection(SolutionConfigurationPlatforms) = preSolution
		Debug|Any CPU = Debug|Any CPU
		Debug|Mixed Platforms = Debug|Mixed Platforms
		Debug|x64 = Debug|x64
		Debug|x86 = Debug|x86
		Release|Any CPU = Release|Any CPU
		Release|Mixed Platforms = Release|Mixed Platforms
		Release|x64 = Release|x64
		Release|x86 = Release|x86
	EndGlobalSection
	GlobalSection(ProjectConfigurationPlatforms) = postSolution
		{F6B30751-62D4-4672-B96B-3D795687F9E2}.Debug|Any CPU.ActiveCfg = Debug|Any CPU
		{F6B30751-62D4-4672-B96B-3D795687F9E2}.Debug|Any CPU.Build.0 = Debug|Any CPU
		{F6B30751-62D4-4672-B96B-3D795687F9E2}.Debug|Mixed Platforms.ActiveCfg = Debug|Any CPU
		{F6B30751-62D4-4672-B96B-3D795687F9E2}.Debug|Mixed Platforms.Build.0 = Debug|Any CPU
		{F6B30751-62D4-4672-B96B-3D795687F9E2}.Debug|x64.ActiveCfg = Debug|x64
		{F6B30751-62D4-4672-B96B-3D795687F9E2}.Debug|x64.Build.0 = Debug|x64
		{F6B30751-62D4-4672-B96B-3D795687F9E2}.Debug|x86.ActiveCfg = Debug|x86
		{F6B30751-62D4-4672-B96B-3D795687F9E2}.Debug|x86.Build.0 = Debug|x86
		{F6B30751-62D4-4672-B96B-3D795687F9E2}.Release|Any CPU.ActiveCfg = Release|Any CPU
		{F6B30751-62D4-4672-B96B-3D795687F9E2}.Release|Any CPU.Build.0 = Release|Any CPU
		{F6B30751-62D4-4672-B96B-3D795687F9E2}.Release|Mixed Platforms.ActiveCfg = Release|Any CPU
		{F6B30751-62D4-4672-B96B-3D795687F9E2}.Release|Mixed Platforms.Build.0 = Release|Any CPU
		{F6B30751-62D4-4672-B96B-3D795687F9E2}.Release|x64.ActiveCfg = Release|x64
		{F6B30751-62D4-4672-B96B-3D795687F9E2}.Release|x64.Build.0 = Release|x64
		{F6B30751-62D4-4672-B96B-3D795687F9E2}.Release|x86.ActiveCfg = Release|Any CPU
		{103ACD13-888B-49FB-BBE7-B34FC14F4152}.Debug|Any CPU.ActiveCfg = Debug|Any CPU
		{103ACD13-888B-49FB-BBE7-B34FC14F4152}.Debug|Any CPU.Build.0 = Debug|Any CPU
		{103ACD13-888B-49FB-BBE7-B34FC14F4152}.Debug|Mixed Platforms.ActiveCfg = Debug|Any CPU
		{103ACD13-888B-49FB-BBE7-B34FC14F4152}.Debug|Mixed Platforms.Build.0 = Debug|Any CPU
		{103ACD13-888B-49FB-BBE7-B34FC14F4152}.Debug|x64.ActiveCfg = Debug|Any CPU
		{103ACD13-888B-49FB-BBE7-B34FC14F4152}.Debug|x64.Build.0 = Debug|Any CPU
		{103ACD13-888B-49FB-BBE7-B34FC14F4152}.Debug|x86.ActiveCfg = Debug|Any CPU
		{103ACD13-888B-49FB-BBE7-B34FC14F4152}.Debug|x86.Build.0 = Debug|Any CPU
		{103ACD13-888B-49FB-BBE7-B34FC14F4152}.Release|Any CPU.ActiveCfg = Release|Any CPU
		{103ACD13-888B-49FB-BBE7-B34FC14F4152}.Release|Any CPU.Build.0 = Release|Any CPU
		{103ACD13-888B-49FB-BBE7-B34FC14F4152}.Release|Mixed Platforms.ActiveCfg = Release|Any CPU
		{103ACD13-888B-49FB-BBE7-B34FC14F4152}.Release|Mixed Platforms.Build.0 = Release|Any CPU
		{103ACD13-888B-49FB-BBE7-B34FC14F4152}.Release|x64.ActiveCfg = Release|Any CPU
		{103ACD13-888B-49FB-BBE7-B34FC14F4152}.Release|x64.Build.0 = Release|Any CPU
		{103ACD13-888B-49FB-BBE7-B34FC14F4152}.Release|x86.ActiveCfg = Release|Any CPU
		{103ACD13-888B-49FB-BBE7-B34FC14F4152}.Release|x86.Build.0 = Release|Any CPU
		{7587E545-6030-493A-8EBC-F1AB578FD5A8}.Debug|Any CPU.ActiveCfg = Debug|Any CPU
		{7587E545-6030-493A-8EBC-F1AB578FD5A8}.Debug|Any CPU.Build.0 = Debug|Any CPU
		{7587E545-6030-493A-8EBC-F1AB578FD5A8}.Debug|Mixed Platforms.ActiveCfg = Debug|Any CPU
		{7587E545-6030-493A-8EBC-F1AB578FD5A8}.Debug|Mixed Platforms.Build.0 = Debug|Any CPU
		{7587E545-6030-493A-8EBC-F1AB578FD5A8}.Debug|x64.ActiveCfg = Debug|Any CPU
		{7587E545-6030-493A-8EBC-F1AB578FD5A8}.Debug|x64.Build.0 = Debug|Any CPU
		{7587E545-6030-493A-8EBC-F1AB578FD5A8}.Debug|x86.ActiveCfg = Debug|Any CPU
		{7587E545-6030-493A-8EBC-F1AB578FD5A8}.Debug|x86.Build.0 = Debug|Any CPU
		{7587E545-6030-493A-8EBC-F1AB578FD5A8}.Release|Any CPU.ActiveCfg = Release|Any CPU
		{7587E545-6030-493A-8EBC-F1AB578FD5A8}.Release|Any CPU.Build.0 = Release|Any CPU
		{7587E545-6030-493A-8EBC-F1AB578FD5A8}.Release|Mixed Platforms.ActiveCfg = Release|Any CPU
		{7587E545-6030-493A-8EBC-F1AB578FD5A8}.Release|Mixed Platforms.Build.0 = Release|Any CPU
		{7587E545-6030-493A-8EBC-F1AB578FD5A8}.Release|x64.ActiveCfg = Release|Any CPU
		{7587E545-6030-493A-8EBC-F1AB578FD5A8}.Release|x64.Build.0 = Release|Any CPU
		{7587E545-6030-493A-8EBC-F1AB578FD5A8}.Release|x86.ActiveCfg = Release|Any CPU
		{7587E545-6030-493A-8EBC-F1AB578FD5A8}.Release|x86.Build.0 = Release|Any CPU
		{7BF6711C-D3EA-48CF-BD5D-4B201AA788B5}.Debug|Any CPU.ActiveCfg = Debug|Any CPU
		{7BF6711C-D3EA-48CF-BD5D-4B201AA788B5}.Debug|Any CPU.Build.0 = Debug|Any CPU
		{7BF6711C-D3EA-48CF-BD5D-4B201AA788B5}.Debug|Mixed Platforms.ActiveCfg = Debug|Any CPU
		{7BF6711C-D3EA-48CF-BD5D-4B201AA788B5}.Debug|Mixed Platforms.Build.0 = Debug|Any CPU
		{7BF6711C-D3EA-48CF-BD5D-4B201AA788B5}.Debug|x64.ActiveCfg = Debug|x64
		{7BF6711C-D3EA-48CF-BD5D-4B201AA788B5}.Debug|x64.Build.0 = Debug|x64
		{7BF6711C-D3EA-48CF-BD5D-4B201AA788B5}.Debug|x86.ActiveCfg = Debug|x86
		{7BF6711C-D3EA-48CF-BD5D-4B201AA788B5}.Debug|x86.Build.0 = Debug|x86
		{7BF6711C-D3EA-48CF-BD5D-4B201AA788B5}.Release|Any CPU.ActiveCfg = Release|Any CPU
		{7BF6711C-D3EA-48CF-BD5D-4B201AA788B5}.Release|Any CPU.Build.0 = Release|Any CPU
		{7BF6711C-D3EA-48CF-BD5D-4B201AA788B5}.Release|Mixed Platforms.ActiveCfg = Release|x86
		{7BF6711C-D3EA-48CF-BD5D-4B201AA788B5}.Release|Mixed Platforms.Build.0 = Release|x86
		{7BF6711C-D3EA-48CF-BD5D-4B201AA788B5}.Release|x64.ActiveCfg = Release|x64
		{7BF6711C-D3EA-48CF-BD5D-4B201AA788B5}.Release|x64.Build.0 = Release|x64
		{7BF6711C-D3EA-48CF-BD5D-4B201AA788B5}.Release|x86.ActiveCfg = Release|x86
		{7BF6711C-D3EA-48CF-BD5D-4B201AA788B5}.Release|x86.Build.0 = Release|x86
		{02D0596C-4A1F-4227-A44D-463B4F655598}.Debug|Any CPU.ActiveCfg = Debug|Any CPU
		{02D0596C-4A1F-4227-A44D-463B4F655598}.Debug|Any CPU.Build.0 = Debug|Any CPU
		{02D0596C-4A1F-4227-A44D-463B4F655598}.Debug|Mixed Platforms.ActiveCfg = Debug|Any CPU
		{02D0596C-4A1F-4227-A44D-463B4F655598}.Debug|Mixed Platforms.Build.0 = Debug|Any CPU
		{02D0596C-4A1F-4227-A44D-463B4F655598}.Debug|x64.ActiveCfg = Debug|x64
		{02D0596C-4A1F-4227-A44D-463B4F655598}.Debug|x64.Build.0 = Debug|x64
		{02D0596C-4A1F-4227-A44D-463B4F655598}.Debug|x86.ActiveCfg = Debug|x86
		{02D0596C-4A1F-4227-A44D-463B4F655598}.Debug|x86.Build.0 = Debug|x86
		{02D0596C-4A1F-4227-A44D-463B4F655598}.Release|Any CPU.ActiveCfg = Release|Any CPU
		{02D0596C-4A1F-4227-A44D-463B4F655598}.Release|Any CPU.Build.0 = Release|Any CPU
		{02D0596C-4A1F-4227-A44D-463B4F655598}.Release|Mixed Platforms.ActiveCfg = Release|x86
		{02D0596C-4A1F-4227-A44D-463B4F655598}.Release|Mixed Platforms.Build.0 = Release|x86
		{02D0596C-4A1F-4227-A44D-463B4F655598}.Release|x64.ActiveCfg = Release|x64
		{02D0596C-4A1F-4227-A44D-463B4F655598}.Release|x64.Build.0 = Release|x64
		{02D0596C-4A1F-4227-A44D-463B4F655598}.Release|x86.ActiveCfg = Release|x86
		{02D0596C-4A1F-4227-A44D-463B4F655598}.Release|x86.Build.0 = Release|x86
		{88B49434-58EE-4233-932F-625ED45D26AC}.Debug|Any CPU.ActiveCfg = Debug|Any CPU
		{88B49434-58EE-4233-932F-625ED45D26AC}.Debug|Any CPU.Build.0 = Debug|Any CPU
		{88B49434-58EE-4233-932F-625ED45D26AC}.Debug|Mixed Platforms.ActiveCfg = Debug|Any CPU
		{88B49434-58EE-4233-932F-625ED45D26AC}.Debug|Mixed Platforms.Build.0 = Debug|Any CPU
		{88B49434-58EE-4233-932F-625ED45D26AC}.Debug|x64.ActiveCfg = Debug|Any CPU
		{88B49434-58EE-4233-932F-625ED45D26AC}.Debug|x64.Build.0 = Debug|Any CPU
		{88B49434-58EE-4233-932F-625ED45D26AC}.Debug|x86.ActiveCfg = Debug|Any CPU
		{88B49434-58EE-4233-932F-625ED45D26AC}.Debug|x86.Build.0 = Debug|Any CPU
		{88B49434-58EE-4233-932F-625ED45D26AC}.Release|Any CPU.ActiveCfg = Release|Any CPU
		{88B49434-58EE-4233-932F-625ED45D26AC}.Release|Any CPU.Build.0 = Release|Any CPU
		{88B49434-58EE-4233-932F-625ED45D26AC}.Release|Mixed Platforms.ActiveCfg = Release|Any CPU
		{88B49434-58EE-4233-932F-625ED45D26AC}.Release|Mixed Platforms.Build.0 = Release|Any CPU
		{88B49434-58EE-4233-932F-625ED45D26AC}.Release|x64.ActiveCfg = Release|Any CPU
		{88B49434-58EE-4233-932F-625ED45D26AC}.Release|x64.Build.0 = Release|Any CPU
		{88B49434-58EE-4233-932F-625ED45D26AC}.Release|x86.ActiveCfg = Release|Any CPU
		{88B49434-58EE-4233-932F-625ED45D26AC}.Release|x86.Build.0 = Release|Any CPU
		{1C9E02BD-1D1B-4DD1-B667-CA123B7394F9}.Debug|Any CPU.ActiveCfg = Debug|Any CPU
		{1C9E02BD-1D1B-4DD1-B667-CA123B7394F9}.Debug|Any CPU.Build.0 = Debug|Any CPU
		{1C9E02BD-1D1B-4DD1-B667-CA123B7394F9}.Debug|Mixed Platforms.ActiveCfg = Debug|Any CPU
		{1C9E02BD-1D1B-4DD1-B667-CA123B7394F9}.Debug|Mixed Platforms.Build.0 = Debug|Any CPU
		{1C9E02BD-1D1B-4DD1-B667-CA123B7394F9}.Debug|x64.ActiveCfg = Debug|Any CPU
		{1C9E02BD-1D1B-4DD1-B667-CA123B7394F9}.Debug|x64.Build.0 = Debug|Any CPU
		{1C9E02BD-1D1B-4DD1-B667-CA123B7394F9}.Debug|x86.ActiveCfg = Debug|Any CPU
		{1C9E02BD-1D1B-4DD1-B667-CA123B7394F9}.Debug|x86.Build.0 = Debug|Any CPU
		{1C9E02BD-1D1B-4DD1-B667-CA123B7394F9}.Release|Any CPU.ActiveCfg = Release|Any CPU
		{1C9E02BD-1D1B-4DD1-B667-CA123B7394F9}.Release|Any CPU.Build.0 = Release|Any CPU
		{1C9E02BD-1D1B-4DD1-B667-CA123B7394F9}.Release|Mixed Platforms.ActiveCfg = Release|Any CPU
		{1C9E02BD-1D1B-4DD1-B667-CA123B7394F9}.Release|Mixed Platforms.Build.0 = Release|Any CPU
		{1C9E02BD-1D1B-4DD1-B667-CA123B7394F9}.Release|x64.ActiveCfg = Release|Any CPU
		{1C9E02BD-1D1B-4DD1-B667-CA123B7394F9}.Release|x64.Build.0 = Release|Any CPU
		{1C9E02BD-1D1B-4DD1-B667-CA123B7394F9}.Release|x86.ActiveCfg = Release|Any CPU
		{1C9E02BD-1D1B-4DD1-B667-CA123B7394F9}.Release|x86.Build.0 = Release|Any CPU
		{44727313-5673-4089-B664-894CD3AE7C2F}.Debug|Any CPU.ActiveCfg = Debug|Any CPU
		{44727313-5673-4089-B664-894CD3AE7C2F}.Debug|Any CPU.Build.0 = Debug|Any CPU
		{44727313-5673-4089-B664-894CD3AE7C2F}.Debug|Mixed Platforms.ActiveCfg = Debug|Any CPU
		{44727313-5673-4089-B664-894CD3AE7C2F}.Debug|Mixed Platforms.Build.0 = Debug|Any CPU
		{44727313-5673-4089-B664-894CD3AE7C2F}.Debug|x64.ActiveCfg = Debug|Any CPU
		{44727313-5673-4089-B664-894CD3AE7C2F}.Debug|x64.Build.0 = Debug|Any CPU
		{44727313-5673-4089-B664-894CD3AE7C2F}.Debug|x86.ActiveCfg = Debug|Any CPU
		{44727313-5673-4089-B664-894CD3AE7C2F}.Debug|x86.Build.0 = Debug|Any CPU
		{44727313-5673-4089-B664-894CD3AE7C2F}.Release|Any CPU.ActiveCfg = Release|Any CPU
		{44727313-5673-4089-B664-894CD3AE7C2F}.Release|Any CPU.Build.0 = Release|Any CPU
		{44727313-5673-4089-B664-894CD3AE7C2F}.Release|Mixed Platforms.ActiveCfg = Release|Any CPU
		{44727313-5673-4089-B664-894CD3AE7C2F}.Release|Mixed Platforms.Build.0 = Release|Any CPU
		{44727313-5673-4089-B664-894CD3AE7C2F}.Release|x64.ActiveCfg = Release|Any CPU
		{44727313-5673-4089-B664-894CD3AE7C2F}.Release|x64.Build.0 = Release|Any CPU
		{44727313-5673-4089-B664-894CD3AE7C2F}.Release|x86.ActiveCfg = Release|Any CPU
		{44727313-5673-4089-B664-894CD3AE7C2F}.Release|x86.Build.0 = Release|Any CPU
		{DD71CA86-37D5-4131-9333-9F5911AD7A89}.Debug|Any CPU.ActiveCfg = Debug|Any CPU
		{DD71CA86-37D5-4131-9333-9F5911AD7A89}.Debug|Any CPU.Build.0 = Debug|Any CPU
		{DD71CA86-37D5-4131-9333-9F5911AD7A89}.Debug|Mixed Platforms.ActiveCfg = Debug|Any CPU
		{DD71CA86-37D5-4131-9333-9F5911AD7A89}.Debug|Mixed Platforms.Build.0 = Debug|Any CPU
		{DD71CA86-37D5-4131-9333-9F5911AD7A89}.Debug|x64.ActiveCfg = Debug|Any CPU
		{DD71CA86-37D5-4131-9333-9F5911AD7A89}.Debug|x64.Build.0 = Debug|Any CPU
		{DD71CA86-37D5-4131-9333-9F5911AD7A89}.Debug|x86.ActiveCfg = Debug|Any CPU
		{DD71CA86-37D5-4131-9333-9F5911AD7A89}.Debug|x86.Build.0 = Debug|Any CPU
		{DD71CA86-37D5-4131-9333-9F5911AD7A89}.Release|Any CPU.ActiveCfg = Release|Any CPU
		{DD71CA86-37D5-4131-9333-9F5911AD7A89}.Release|Any CPU.Build.0 = Release|Any CPU
		{DD71CA86-37D5-4131-9333-9F5911AD7A89}.Release|Mixed Platforms.ActiveCfg = Release|Any CPU
		{DD71CA86-37D5-4131-9333-9F5911AD7A89}.Release|Mixed Platforms.Build.0 = Release|Any CPU
		{DD71CA86-37D5-4131-9333-9F5911AD7A89}.Release|x64.ActiveCfg = Release|Any CPU
		{DD71CA86-37D5-4131-9333-9F5911AD7A89}.Release|x64.Build.0 = Release|Any CPU
		{DD71CA86-37D5-4131-9333-9F5911AD7A89}.Release|x86.ActiveCfg = Release|Any CPU
		{DD71CA86-37D5-4131-9333-9F5911AD7A89}.Release|x86.Build.0 = Release|Any CPU
		{CE4F5D09-E358-4316-8F92-B82F70A1ABF6}.Debug|Any CPU.ActiveCfg = Debug|Any CPU
		{CE4F5D09-E358-4316-8F92-B82F70A1ABF6}.Debug|Any CPU.Build.0 = Debug|Any CPU
		{CE4F5D09-E358-4316-8F92-B82F70A1ABF6}.Debug|Mixed Platforms.ActiveCfg = Debug|Any CPU
		{CE4F5D09-E358-4316-8F92-B82F70A1ABF6}.Debug|Mixed Platforms.Build.0 = Debug|Any CPU
		{CE4F5D09-E358-4316-8F92-B82F70A1ABF6}.Debug|x64.ActiveCfg = Debug|Any CPU
		{CE4F5D09-E358-4316-8F92-B82F70A1ABF6}.Debug|x64.Build.0 = Debug|Any CPU
		{CE4F5D09-E358-4316-8F92-B82F70A1ABF6}.Debug|x86.ActiveCfg = Debug|Any CPU
		{CE4F5D09-E358-4316-8F92-B82F70A1ABF6}.Debug|x86.Build.0 = Debug|Any CPU
		{CE4F5D09-E358-4316-8F92-B82F70A1ABF6}.Release|Any CPU.ActiveCfg = Release|Any CPU
		{CE4F5D09-E358-4316-8F92-B82F70A1ABF6}.Release|Any CPU.Build.0 = Release|Any CPU
		{CE4F5D09-E358-4316-8F92-B82F70A1ABF6}.Release|Mixed Platforms.ActiveCfg = Release|Any CPU
		{CE4F5D09-E358-4316-8F92-B82F70A1ABF6}.Release|Mixed Platforms.Build.0 = Release|Any CPU
		{CE4F5D09-E358-4316-8F92-B82F70A1ABF6}.Release|x64.ActiveCfg = Release|Any CPU
		{CE4F5D09-E358-4316-8F92-B82F70A1ABF6}.Release|x64.Build.0 = Release|Any CPU
		{CE4F5D09-E358-4316-8F92-B82F70A1ABF6}.Release|x86.ActiveCfg = Release|Any CPU
		{CE4F5D09-E358-4316-8F92-B82F70A1ABF6}.Release|x86.Build.0 = Release|Any CPU
		{D711E72D-4CDE-4A5E-8FBB-216F0AA8D6D4}.Debug|Any CPU.ActiveCfg = Debug|Any CPU
		{D711E72D-4CDE-4A5E-8FBB-216F0AA8D6D4}.Debug|Any CPU.Build.0 = Debug|Any CPU
		{D711E72D-4CDE-4A5E-8FBB-216F0AA8D6D4}.Debug|Mixed Platforms.ActiveCfg = Debug|Any CPU
		{D711E72D-4CDE-4A5E-8FBB-216F0AA8D6D4}.Debug|Mixed Platforms.Build.0 = Debug|Any CPU
		{D711E72D-4CDE-4A5E-8FBB-216F0AA8D6D4}.Debug|x64.ActiveCfg = Debug|x64
		{D711E72D-4CDE-4A5E-8FBB-216F0AA8D6D4}.Debug|x64.Build.0 = Debug|x64
		{D711E72D-4CDE-4A5E-8FBB-216F0AA8D6D4}.Debug|x86.ActiveCfg = Debug|x86
		{D711E72D-4CDE-4A5E-8FBB-216F0AA8D6D4}.Debug|x86.Build.0 = Debug|x86
		{D711E72D-4CDE-4A5E-8FBB-216F0AA8D6D4}.Release|Any CPU.ActiveCfg = Release|Any CPU
		{D711E72D-4CDE-4A5E-8FBB-216F0AA8D6D4}.Release|Any CPU.Build.0 = Release|Any CPU
		{D711E72D-4CDE-4A5E-8FBB-216F0AA8D6D4}.Release|Mixed Platforms.ActiveCfg = Release|x86
		{D711E72D-4CDE-4A5E-8FBB-216F0AA8D6D4}.Release|Mixed Platforms.Build.0 = Release|x86
		{D711E72D-4CDE-4A5E-8FBB-216F0AA8D6D4}.Release|x64.ActiveCfg = Release|x64
		{D711E72D-4CDE-4A5E-8FBB-216F0AA8D6D4}.Release|x64.Build.0 = Release|x64
		{D711E72D-4CDE-4A5E-8FBB-216F0AA8D6D4}.Release|x86.ActiveCfg = Release|x86
		{D711E72D-4CDE-4A5E-8FBB-216F0AA8D6D4}.Release|x86.Build.0 = Release|x86
		{F7A66EFB-F2D0-45FD-8BAE-7A6781717C1F}.Debug|Any CPU.ActiveCfg = Debug|Any CPU
		{F7A66EFB-F2D0-45FD-8BAE-7A6781717C1F}.Debug|Any CPU.Build.0 = Debug|Any CPU
		{F7A66EFB-F2D0-45FD-8BAE-7A6781717C1F}.Debug|Mixed Platforms.ActiveCfg = Debug|Any CPU
		{F7A66EFB-F2D0-45FD-8BAE-7A6781717C1F}.Debug|Mixed Platforms.Build.0 = Debug|Any CPU
		{F7A66EFB-F2D0-45FD-8BAE-7A6781717C1F}.Debug|x64.ActiveCfg = Debug|Any CPU
		{F7A66EFB-F2D0-45FD-8BAE-7A6781717C1F}.Debug|x64.Build.0 = Debug|Any CPU
		{F7A66EFB-F2D0-45FD-8BAE-7A6781717C1F}.Debug|x86.ActiveCfg = Debug|Any CPU
		{F7A66EFB-F2D0-45FD-8BAE-7A6781717C1F}.Debug|x86.Build.0 = Debug|Any CPU
		{F7A66EFB-F2D0-45FD-8BAE-7A6781717C1F}.Release|Any CPU.ActiveCfg = Release|Any CPU
		{F7A66EFB-F2D0-45FD-8BAE-7A6781717C1F}.Release|Any CPU.Build.0 = Release|Any CPU
		{F7A66EFB-F2D0-45FD-8BAE-7A6781717C1F}.Release|Mixed Platforms.ActiveCfg = Release|Any CPU
		{F7A66EFB-F2D0-45FD-8BAE-7A6781717C1F}.Release|Mixed Platforms.Build.0 = Release|Any CPU
		{F7A66EFB-F2D0-45FD-8BAE-7A6781717C1F}.Release|x64.ActiveCfg = Release|Any CPU
		{F7A66EFB-F2D0-45FD-8BAE-7A6781717C1F}.Release|x64.Build.0 = Release|Any CPU
		{F7A66EFB-F2D0-45FD-8BAE-7A6781717C1F}.Release|x86.ActiveCfg = Release|Any CPU
		{F7A66EFB-F2D0-45FD-8BAE-7A6781717C1F}.Release|x86.Build.0 = Release|Any CPU
		{58F4D838-8B4F-4519-AA3A-E7A678800EE5}.Debug|Any CPU.ActiveCfg = Debug|Any CPU
		{58F4D838-8B4F-4519-AA3A-E7A678800EE5}.Debug|Any CPU.Build.0 = Debug|Any CPU
		{58F4D838-8B4F-4519-AA3A-E7A678800EE5}.Debug|Mixed Platforms.ActiveCfg = Debug|Any CPU
		{58F4D838-8B4F-4519-AA3A-E7A678800EE5}.Debug|Mixed Platforms.Build.0 = Debug|Any CPU
		{58F4D838-8B4F-4519-AA3A-E7A678800EE5}.Debug|x64.ActiveCfg = Debug|Any CPU
		{58F4D838-8B4F-4519-AA3A-E7A678800EE5}.Debug|x64.Build.0 = Debug|Any CPU
		{58F4D838-8B4F-4519-AA3A-E7A678800EE5}.Debug|x86.ActiveCfg = Debug|Any CPU
		{58F4D838-8B4F-4519-AA3A-E7A678800EE5}.Debug|x86.Build.0 = Debug|Any CPU
		{58F4D838-8B4F-4519-AA3A-E7A678800EE5}.Release|Any CPU.ActiveCfg = Release|Any CPU
		{58F4D838-8B4F-4519-AA3A-E7A678800EE5}.Release|Any CPU.Build.0 = Release|Any CPU
		{58F4D838-8B4F-4519-AA3A-E7A678800EE5}.Release|Mixed Platforms.ActiveCfg = Release|Any CPU
		{58F4D838-8B4F-4519-AA3A-E7A678800EE5}.Release|Mixed Platforms.Build.0 = Release|Any CPU
		{58F4D838-8B4F-4519-AA3A-E7A678800EE5}.Release|x64.ActiveCfg = Release|Any CPU
		{58F4D838-8B4F-4519-AA3A-E7A678800EE5}.Release|x64.Build.0 = Release|Any CPU
		{58F4D838-8B4F-4519-AA3A-E7A678800EE5}.Release|x86.ActiveCfg = Release|Any CPU
		{58F4D838-8B4F-4519-AA3A-E7A678800EE5}.Release|x86.Build.0 = Release|Any CPU
		{9F149234-2CEE-426A-8763-0764216CE696}.Debug|Any CPU.ActiveCfg = Debug|Any CPU
		{9F149234-2CEE-426A-8763-0764216CE696}.Debug|Any CPU.Build.0 = Debug|Any CPU
		{9F149234-2CEE-426A-8763-0764216CE696}.Debug|Mixed Platforms.ActiveCfg = Debug|Any CPU
		{9F149234-2CEE-426A-8763-0764216CE696}.Debug|Mixed Platforms.Build.0 = Debug|Any CPU
		{9F149234-2CEE-426A-8763-0764216CE696}.Debug|x64.ActiveCfg = Debug|Any CPU
		{9F149234-2CEE-426A-8763-0764216CE696}.Debug|x64.Build.0 = Debug|Any CPU
		{9F149234-2CEE-426A-8763-0764216CE696}.Debug|x86.ActiveCfg = Debug|Any CPU
		{9F149234-2CEE-426A-8763-0764216CE696}.Debug|x86.Build.0 = Debug|Any CPU
		{9F149234-2CEE-426A-8763-0764216CE696}.Release|Any CPU.ActiveCfg = Release|Any CPU
		{9F149234-2CEE-426A-8763-0764216CE696}.Release|Any CPU.Build.0 = Release|Any CPU
		{9F149234-2CEE-426A-8763-0764216CE696}.Release|Mixed Platforms.ActiveCfg = Release|Any CPU
		{9F149234-2CEE-426A-8763-0764216CE696}.Release|Mixed Platforms.Build.0 = Release|Any CPU
		{9F149234-2CEE-426A-8763-0764216CE696}.Release|x64.ActiveCfg = Release|Any CPU
		{9F149234-2CEE-426A-8763-0764216CE696}.Release|x64.Build.0 = Release|Any CPU
		{9F149234-2CEE-426A-8763-0764216CE696}.Release|x86.ActiveCfg = Release|Any CPU
		{9F149234-2CEE-426A-8763-0764216CE696}.Release|x86.Build.0 = Release|Any CPU
		{D1E7E654-B126-4A39-941D-9B24438F26A8}.Debug|Any CPU.ActiveCfg = Debug|Any CPU
		{D1E7E654-B126-4A39-941D-9B24438F26A8}.Debug|Any CPU.Build.0 = Debug|Any CPU
		{D1E7E654-B126-4A39-941D-9B24438F26A8}.Debug|Mixed Platforms.ActiveCfg = Debug|Any CPU
		{D1E7E654-B126-4A39-941D-9B24438F26A8}.Debug|Mixed Platforms.Build.0 = Debug|Any CPU
		{D1E7E654-B126-4A39-941D-9B24438F26A8}.Debug|x64.ActiveCfg = Debug|Any CPU
		{D1E7E654-B126-4A39-941D-9B24438F26A8}.Debug|x64.Build.0 = Debug|Any CPU
		{D1E7E654-B126-4A39-941D-9B24438F26A8}.Debug|x86.ActiveCfg = Debug|Any CPU
		{D1E7E654-B126-4A39-941D-9B24438F26A8}.Debug|x86.Build.0 = Debug|Any CPU
		{D1E7E654-B126-4A39-941D-9B24438F26A8}.Release|Any CPU.ActiveCfg = Release|Any CPU
		{D1E7E654-B126-4A39-941D-9B24438F26A8}.Release|Any CPU.Build.0 = Release|Any CPU
		{D1E7E654-B126-4A39-941D-9B24438F26A8}.Release|Mixed Platforms.ActiveCfg = Release|Any CPU
		{D1E7E654-B126-4A39-941D-9B24438F26A8}.Release|Mixed Platforms.Build.0 = Release|Any CPU
		{D1E7E654-B126-4A39-941D-9B24438F26A8}.Release|x64.ActiveCfg = Release|Any CPU
		{D1E7E654-B126-4A39-941D-9B24438F26A8}.Release|x64.Build.0 = Release|Any CPU
		{D1E7E654-B126-4A39-941D-9B24438F26A8}.Release|x86.ActiveCfg = Release|Any CPU
		{D1E7E654-B126-4A39-941D-9B24438F26A8}.Release|x86.Build.0 = Release|Any CPU
		{A28CE42D-2D9A-4BB7-A127-40BCAF95FD8A}.Debug|Any CPU.ActiveCfg = Debug|Any CPU
		{A28CE42D-2D9A-4BB7-A127-40BCAF95FD8A}.Debug|Any CPU.Build.0 = Debug|Any CPU
		{A28CE42D-2D9A-4BB7-A127-40BCAF95FD8A}.Debug|Mixed Platforms.ActiveCfg = Debug|Any CPU
		{A28CE42D-2D9A-4BB7-A127-40BCAF95FD8A}.Debug|Mixed Platforms.Build.0 = Debug|Any CPU
		{A28CE42D-2D9A-4BB7-A127-40BCAF95FD8A}.Debug|x64.ActiveCfg = Debug|Any CPU
		{A28CE42D-2D9A-4BB7-A127-40BCAF95FD8A}.Debug|x64.Build.0 = Debug|Any CPU
		{A28CE42D-2D9A-4BB7-A127-40BCAF95FD8A}.Debug|x86.ActiveCfg = Debug|Any CPU
		{A28CE42D-2D9A-4BB7-A127-40BCAF95FD8A}.Debug|x86.Build.0 = Debug|Any CPU
		{A28CE42D-2D9A-4BB7-A127-40BCAF95FD8A}.Release|Any CPU.ActiveCfg = Release|Any CPU
		{A28CE42D-2D9A-4BB7-A127-40BCAF95FD8A}.Release|Any CPU.Build.0 = Release|Any CPU
		{A28CE42D-2D9A-4BB7-A127-40BCAF95FD8A}.Release|Mixed Platforms.ActiveCfg = Release|Any CPU
		{A28CE42D-2D9A-4BB7-A127-40BCAF95FD8A}.Release|Mixed Platforms.Build.0 = Release|Any CPU
		{A28CE42D-2D9A-4BB7-A127-40BCAF95FD8A}.Release|x64.ActiveCfg = Release|Any CPU
		{A28CE42D-2D9A-4BB7-A127-40BCAF95FD8A}.Release|x64.Build.0 = Release|Any CPU
		{A28CE42D-2D9A-4BB7-A127-40BCAF95FD8A}.Release|x86.ActiveCfg = Release|Any CPU
		{A28CE42D-2D9A-4BB7-A127-40BCAF95FD8A}.Release|x86.Build.0 = Release|Any CPU
		{288C3275-2E43-45D1-A72D-7330417AD0FD}.Debug|Any CPU.ActiveCfg = Debug|Any CPU
		{288C3275-2E43-45D1-A72D-7330417AD0FD}.Debug|Any CPU.Build.0 = Debug|Any CPU
		{288C3275-2E43-45D1-A72D-7330417AD0FD}.Debug|Mixed Platforms.ActiveCfg = Debug|Any CPU
		{288C3275-2E43-45D1-A72D-7330417AD0FD}.Debug|Mixed Platforms.Build.0 = Debug|Any CPU
		{288C3275-2E43-45D1-A72D-7330417AD0FD}.Debug|x64.ActiveCfg = Debug|Any CPU
		{288C3275-2E43-45D1-A72D-7330417AD0FD}.Debug|x64.Build.0 = Debug|Any CPU
		{288C3275-2E43-45D1-A72D-7330417AD0FD}.Debug|x86.ActiveCfg = Debug|Any CPU
		{288C3275-2E43-45D1-A72D-7330417AD0FD}.Debug|x86.Build.0 = Debug|Any CPU
		{288C3275-2E43-45D1-A72D-7330417AD0FD}.Release|Any CPU.ActiveCfg = Release|Any CPU
		{288C3275-2E43-45D1-A72D-7330417AD0FD}.Release|Any CPU.Build.0 = Release|Any CPU
		{288C3275-2E43-45D1-A72D-7330417AD0FD}.Release|Mixed Platforms.ActiveCfg = Release|Any CPU
		{288C3275-2E43-45D1-A72D-7330417AD0FD}.Release|Mixed Platforms.Build.0 = Release|Any CPU
		{288C3275-2E43-45D1-A72D-7330417AD0FD}.Release|x64.ActiveCfg = Release|Any CPU
		{288C3275-2E43-45D1-A72D-7330417AD0FD}.Release|x64.Build.0 = Release|Any CPU
		{288C3275-2E43-45D1-A72D-7330417AD0FD}.Release|x86.ActiveCfg = Release|Any CPU
		{288C3275-2E43-45D1-A72D-7330417AD0FD}.Release|x86.Build.0 = Release|Any CPU
		{947D138C-22AD-43B6-817F-CD8050A620E7}.Debug|Any CPU.ActiveCfg = Debug|Any CPU
		{947D138C-22AD-43B6-817F-CD8050A620E7}.Debug|Any CPU.Build.0 = Debug|Any CPU
		{947D138C-22AD-43B6-817F-CD8050A620E7}.Debug|Mixed Platforms.ActiveCfg = Debug|Any CPU
		{947D138C-22AD-43B6-817F-CD8050A620E7}.Debug|Mixed Platforms.Build.0 = Debug|Any CPU
		{947D138C-22AD-43B6-817F-CD8050A620E7}.Debug|x64.ActiveCfg = Debug|Any CPU
		{947D138C-22AD-43B6-817F-CD8050A620E7}.Debug|x64.Build.0 = Debug|Any CPU
		{947D138C-22AD-43B6-817F-CD8050A620E7}.Debug|x86.ActiveCfg = Debug|Any CPU
		{947D138C-22AD-43B6-817F-CD8050A620E7}.Debug|x86.Build.0 = Debug|Any CPU
		{947D138C-22AD-43B6-817F-CD8050A620E7}.Release|Any CPU.ActiveCfg = Release|Any CPU
		{947D138C-22AD-43B6-817F-CD8050A620E7}.Release|Any CPU.Build.0 = Release|Any CPU
		{947D138C-22AD-43B6-817F-CD8050A620E7}.Release|Mixed Platforms.ActiveCfg = Release|Any CPU
		{947D138C-22AD-43B6-817F-CD8050A620E7}.Release|Mixed Platforms.Build.0 = Release|Any CPU
		{947D138C-22AD-43B6-817F-CD8050A620E7}.Release|x64.ActiveCfg = Release|Any CPU
		{947D138C-22AD-43B6-817F-CD8050A620E7}.Release|x64.Build.0 = Release|Any CPU
		{947D138C-22AD-43B6-817F-CD8050A620E7}.Release|x86.ActiveCfg = Release|Any CPU
		{947D138C-22AD-43B6-817F-CD8050A620E7}.Release|x86.Build.0 = Release|Any CPU
	EndGlobalSection
	GlobalSection(SolutionProperties) = preSolution
		HideSolutionNode = FALSE
	EndGlobalSection
	GlobalSection(ExtensibilityGlobals) = postSolution
		SolutionGuid = {2E6F3935-B111-43A3-B676-C92884DE28BA}
	EndGlobalSection
EndGlobal
