
Microsoft Visual Studio Solution File, Format Version 12.00
# Visual Studio Version 16
VisualStudioVersion = 16.0.28803.352
MinimumVisualStudioVersion = 10.0.40219.1
Project("{2150E333-8FDC-42A3-9474-1A3956D46DE8}") = "Solution Items", "Solution Items", "{68A71ABF-6CA4-487E-9AD1-ABCDF24BE601}"
	ProjectSection(SolutionItems) = preProject
		..\.editorconfig = ..\.editorconfig
	EndProjectSection
EndProject
Project("{9A19103F-16F7-4668-BE54-9A1E7A4F7556}") = "Common.Services", "..\Common.Services\Common.Services.csproj", "{38E97D79-1BCC-48C3-BEE0-995F928F7AFD}"
EndProject
Project("{FAE04EC0-301F-11D3-BF4B-00C04F79EFBC}") = "MediaPlayer.Avalonia", "..\..\MediaPlayerUI.NET\Avalonia\MediaPlayer.Avalonia.csproj", "{BD2D6A3D-97C2-48BD-B05E-A193297242C8}"
EndProject
Project("{FAE04EC0-301F-11D3-BF4B-00C04F79EFBC}") = "MediaPlayer.Avalonia.Bass", "..\..\MediaPlayerUI.NET\Avalonia.Bass\MediaPlayer.Avalonia.Bass.csproj", "{CEFAA44B-0F5F-44FC-BD96-236958B4D5E4}"
EndProject
Project("{FAE04EC0-301F-11D3-BF4B-00C04F79EFBC}") = "Common.Avalonia", "..\Common.Avalonia\Common.Avalonia.csproj", "{E71151BE-68FD-44D1-96E4-DFA941AFBC42}"
EndProject
Project("{FAE04EC0-301F-11D3-BF4B-00C04F79EFBC}") = "Common.Avalonia.App", "..\Common.Avalonia.App\Common.Avalonia.App.csproj", "{B9D35B98-BC89-45D1-AD30-B96C9A06E987}"
EndProject
Project("{FAE04EC0-301F-11D3-BF4B-00C04F79EFBC}") = "Common.Avalonia.App.Tests", "..\Common.Avalonia.App.Tests\Common.Avalonia.App.Tests.csproj", "{88101DFA-9801-4022-B642-CBEF7A36AECA}"
EndProject
Project("{FAE04EC0-301F-11D3-BF4B-00C04F79EFBC}") = "HanumanInstitute.Validators", "..\..\HanumanInstitute.Validators\Validators\HanumanInstitute.Validators.csproj", "{68CE5BEA-A972-428B-A71E-659DAF39DA35}"
EndProject
Project("{FAE04EC0-301F-11D3-BF4B-00C04F79EFBC}") = "BassDlls", "..\DLL\Bass\BassDlls.csproj", "{8DE4FA27-7C24-468B-ADCB-22E2B2522C64}"
EndProject
Project("{FAE04EC0-301F-11D3-BF4B-00C04F79EFBC}") = "BassAudio", "..\BassAudio\BassAudio.csproj", "{516A5A4D-87DF-4640-AE8F-8A39DDB52ABC}"
EndProject
Project("{FAE04EC0-301F-11D3-BF4B-00C04F79EFBC}") = "BassAudio.Tests", "..\BassAudio.Tests\BassAudio.Tests.csproj", "{91160965-4E5D-48A0-97E2-319444410888}"
EndProject
Project("{FAE04EC0-301F-11D3-BF4B-00C04F79EFBC}") = "Common.Services.Tests", "..\Common.Services.Tests\Common.Services.Tests.csproj", "{05F7E58C-1198-443D-B53B-403B59BA6E0A}"
EndProject
Project("{FAE04EC0-301F-11D3-BF4B-00C04F79EFBC}") = "Downloads", "..\Downloads\Downloads.csproj", "{702AF955-4032-40E0-B529-62FBCA422450}"
EndProject
Project("{FAE04EC0-301F-11D3-BF4B-00C04F79EFBC}") = "FFmpeg", "..\..\HanumanInstitute.FFmpeg\FFmpeg\FFmpeg.csproj", "{52B741ED-3C28-4740-9F51-E19DF5AF9C4E}"
EndProject
Project("{FAE04EC0-301F-11D3-BF4B-00C04F79EFBC}") = "Downloads.Tests", "..\Downloads.Tests\Downloads.Tests.csproj", "{95EC2CF0-EB49-46E2-85C5-2336BC41F0D5}"
EndProject
Project("{FAE04EC0-301F-11D3-BF4B-00C04F79EFBC}") = "YangDownloader", "..\YangDownloader\YangDownloader.csproj", "{17ECE53E-87EF-4AAF-90E5-F140C21DA44B}"
EndProject
Project("{FAE04EC0-301F-11D3-BF4B-00C04F79EFBC}") = "YangDownloader.Tests", "..\YangDownloader.Tests\YangDownloader.Tests.csproj", "{3EF1DF23-68A0-45C7-A46A-35AE98BEB697}"
EndProject
Global
	GlobalSection(SolutionConfigurationPlatforms) = preSolution
		Debug|Any CPU = Debug|Any CPU
		Debug|Mixed Platforms = Debug|Mixed Platforms
		Debug|x64 = Debug|x64
		Debug|x86 = Debug|x86
		Release|Any CPU = Release|Any CPU
		Release|Mixed Platforms = Release|Mixed Platforms
		Release|x64 = Release|x64
		Release|x86 = Release|x86
	EndGlobalSection
	GlobalSection(ProjectConfigurationPlatforms) = postSolution
		{38E97D79-1BCC-48C3-BEE0-995F928F7AFD}.Debug|Any CPU.ActiveCfg = Debug|Any CPU
		{38E97D79-1BCC-48C3-BEE0-995F928F7AFD}.Debug|Any CPU.Build.0 = Debug|Any CPU
		{38E97D79-1BCC-48C3-BEE0-995F928F7AFD}.Debug|Mixed Platforms.ActiveCfg = Debug|Any CPU
		{38E97D79-1BCC-48C3-BEE0-995F928F7AFD}.Debug|Mixed Platforms.Build.0 = Debug|Any CPU
		{38E97D79-1BCC-48C3-BEE0-995F928F7AFD}.Debug|x64.ActiveCfg = Debug|Any CPU
		{38E97D79-1BCC-48C3-BEE0-995F928F7AFD}.Debug|x64.Build.0 = Debug|Any CPU
		{38E97D79-1BCC-48C3-BEE0-995F928F7AFD}.Debug|x86.ActiveCfg = Debug|Any CPU
		{38E97D79-1BCC-48C3-BEE0-995F928F7AFD}.Debug|x86.Build.0 = Debug|Any CPU
		{38E97D79-1BCC-48C3-BEE0-995F928F7AFD}.Release|Any CPU.ActiveCfg = Release|Any CPU
		{38E97D79-1BCC-48C3-BEE0-995F928F7AFD}.Release|Any CPU.Build.0 = Release|Any CPU
		{38E97D79-1BCC-48C3-BEE0-995F928F7AFD}.Release|Mixed Platforms.ActiveCfg = Release|Any CPU
		{38E97D79-1BCC-48C3-BEE0-995F928F7AFD}.Release|Mixed Platforms.Build.0 = Release|Any CPU
		{38E97D79-1BCC-48C3-BEE0-995F928F7AFD}.Release|x64.ActiveCfg = Release|Any CPU
		{38E97D79-1BCC-48C3-BEE0-995F928F7AFD}.Release|x64.Build.0 = Release|Any CPU
		{38E97D79-1BCC-48C3-BEE0-995F928F7AFD}.Release|x86.ActiveCfg = Release|Any CPU
		{38E97D79-1BCC-48C3-BEE0-995F928F7AFD}.Release|x86.Build.0 = Release|Any CPU
		{BD2D6A3D-97C2-48BD-B05E-A193297242C8}.Debug|Any CPU.ActiveCfg = Debug|Any CPU
		{BD2D6A3D-97C2-48BD-B05E-A193297242C8}.Debug|Any CPU.Build.0 = Debug|Any CPU
		{BD2D6A3D-97C2-48BD-B05E-A193297242C8}.Debug|Mixed Platforms.ActiveCfg = Debug|Any CPU
		{BD2D6A3D-97C2-48BD-B05E-A193297242C8}.Debug|Mixed Platforms.Build.0 = Debug|Any CPU
		{BD2D6A3D-97C2-48BD-B05E-A193297242C8}.Debug|x64.ActiveCfg = Debug|Any CPU
		{BD2D6A3D-97C2-48BD-B05E-A193297242C8}.Debug|x64.Build.0 = Debug|Any CPU
		{BD2D6A3D-97C2-48BD-B05E-A193297242C8}.Debug|x86.ActiveCfg = Debug|Any CPU
		{BD2D6A3D-97C2-48BD-B05E-A193297242C8}.Debug|x86.Build.0 = Debug|Any CPU
		{BD2D6A3D-97C2-48BD-B05E-A193297242C8}.Release|Any CPU.ActiveCfg = Release|Any CPU
		{BD2D6A3D-97C2-48BD-B05E-A193297242C8}.Release|Any CPU.Build.0 = Release|Any CPU
		{BD2D6A3D-97C2-48BD-B05E-A193297242C8}.Release|Mixed Platforms.ActiveCfg = Release|Any CPU
		{BD2D6A3D-97C2-48BD-B05E-A193297242C8}.Release|Mixed Platforms.Build.0 = Release|Any CPU
		{BD2D6A3D-97C2-48BD-B05E-A193297242C8}.Release|x64.ActiveCfg = Release|Any CPU
		{BD2D6A3D-97C2-48BD-B05E-A193297242C8}.Release|x64.Build.0 = Release|Any CPU
		{BD2D6A3D-97C2-48BD-B05E-A193297242C8}.Release|x86.ActiveCfg = Release|Any CPU
		{BD2D6A3D-97C2-48BD-B05E-A193297242C8}.Release|x86.Build.0 = Release|Any CPU
		{CEFAA44B-0F5F-44FC-BD96-236958B4D5E4}.Debug|Any CPU.ActiveCfg = Debug|Any CPU
		{CEFAA44B-0F5F-44FC-BD96-236958B4D5E4}.Debug|Any CPU.Build.0 = Debug|Any CPU
		{CEFAA44B-0F5F-44FC-BD96-236958B4D5E4}.Debug|Mixed Platforms.ActiveCfg = Debug|Any CPU
		{CEFAA44B-0F5F-44FC-BD96-236958B4D5E4}.Debug|Mixed Platforms.Build.0 = Debug|Any CPU
		{CEFAA44B-0F5F-44FC-BD96-236958B4D5E4}.Debug|x64.ActiveCfg = Debug|Any CPU
		{CEFAA44B-0F5F-44FC-BD96-236958B4D5E4}.Debug|x64.Build.0 = Debug|Any CPU
		{CEFAA44B-0F5F-44FC-BD96-236958B4D5E4}.Debug|x86.ActiveCfg = Debug|Any CPU
		{CEFAA44B-0F5F-44FC-BD96-236958B4D5E4}.Debug|x86.Build.0 = Debug|Any CPU
		{CEFAA44B-0F5F-44FC-BD96-236958B4D5E4}.Release|Any CPU.ActiveCfg = Release|Any CPU
		{CEFAA44B-0F5F-44FC-BD96-236958B4D5E4}.Release|Any CPU.Build.0 = Release|Any CPU
		{CEFAA44B-0F5F-44FC-BD96-236958B4D5E4}.Release|Mixed Platforms.ActiveCfg = Release|Any CPU
		{CEFAA44B-0F5F-44FC-BD96-236958B4D5E4}.Release|Mixed Platforms.Build.0 = Release|Any CPU
		{CEFAA44B-0F5F-44FC-BD96-236958B4D5E4}.Release|x64.ActiveCfg = Release|Any CPU
		{CEFAA44B-0F5F-44FC-BD96-236958B4D5E4}.Release|x64.Build.0 = Release|Any CPU
		{CEFAA44B-0F5F-44FC-BD96-236958B4D5E4}.Release|x86.ActiveCfg = Release|Any CPU
		{CEFAA44B-0F5F-44FC-BD96-236958B4D5E4}.Release|x86.Build.0 = Release|Any CPU
		{E71151BE-68FD-44D1-96E4-DFA941AFBC42}.Debug|Any CPU.ActiveCfg = Debug|Any CPU
		{E71151BE-68FD-44D1-96E4-DFA941AFBC42}.Debug|Any CPU.Build.0 = Debug|Any CPU
		{E71151BE-68FD-44D1-96E4-DFA941AFBC42}.Debug|Mixed Platforms.ActiveCfg = Debug|Any CPU
		{E71151BE-68FD-44D1-96E4-DFA941AFBC42}.Debug|Mixed Platforms.Build.0 = Debug|Any CPU
		{E71151BE-68FD-44D1-96E4-DFA941AFBC42}.Debug|x64.ActiveCfg = Debug|Any CPU
		{E71151BE-68FD-44D1-96E4-DFA941AFBC42}.Debug|x64.Build.0 = Debug|Any CPU
		{E71151BE-68FD-44D1-96E4-DFA941AFBC42}.Debug|x86.ActiveCfg = Debug|Any CPU
		{E71151BE-68FD-44D1-96E4-DFA941AFBC42}.Debug|x86.Build.0 = Debug|Any CPU
		{E71151BE-68FD-44D1-96E4-DFA941AFBC42}.Release|Any CPU.ActiveCfg = Release|Any CPU
		{E71151BE-68FD-44D1-96E4-DFA941AFBC42}.Release|Any CPU.Build.0 = Release|Any CPU
		{E71151BE-68FD-44D1-96E4-DFA941AFBC42}.Release|Mixed Platforms.ActiveCfg = Release|Any CPU
		{E71151BE-68FD-44D1-96E4-DFA941AFBC42}.Release|Mixed Platforms.Build.0 = Release|Any CPU
		{E71151BE-68FD-44D1-96E4-DFA941AFBC42}.Release|x64.ActiveCfg = Release|Any CPU
		{E71151BE-68FD-44D1-96E4-DFA941AFBC42}.Release|x64.Build.0 = Release|Any CPU
		{E71151BE-68FD-44D1-96E4-DFA941AFBC42}.Release|x86.ActiveCfg = Release|Any CPU
		{E71151BE-68FD-44D1-96E4-DFA941AFBC42}.Release|x86.Build.0 = Release|Any CPU
		{B9D35B98-BC89-45D1-AD30-B96C9A06E987}.Debug|Any CPU.ActiveCfg = Debug|Any CPU
		{B9D35B98-BC89-45D1-AD30-B96C9A06E987}.Debug|Any CPU.Build.0 = Debug|Any CPU
		{B9D35B98-BC89-45D1-AD30-B96C9A06E987}.Debug|Mixed Platforms.ActiveCfg = Debug|Any CPU
		{B9D35B98-BC89-45D1-AD30-B96C9A06E987}.Debug|Mixed Platforms.Build.0 = Debug|Any CPU
		{B9D35B98-BC89-45D1-AD30-B96C9A06E987}.Debug|x64.ActiveCfg = Debug|Any CPU
		{B9D35B98-BC89-45D1-AD30-B96C9A06E987}.Debug|x64.Build.0 = Debug|Any CPU
		{B9D35B98-BC89-45D1-AD30-B96C9A06E987}.Debug|x86.ActiveCfg = Debug|Any CPU
		{B9D35B98-BC89-45D1-AD30-B96C9A06E987}.Debug|x86.Build.0 = Debug|Any CPU
		{B9D35B98-BC89-45D1-AD30-B96C9A06E987}.Release|Any CPU.ActiveCfg = Release|Any CPU
		{B9D35B98-BC89-45D1-AD30-B96C9A06E987}.Release|Any CPU.Build.0 = Release|Any CPU
		{B9D35B98-BC89-45D1-AD30-B96C9A06E987}.Release|Mixed Platforms.ActiveCfg = Release|Any CPU
		{B9D35B98-BC89-45D1-AD30-B96C9A06E987}.Release|Mixed Platforms.Build.0 = Release|Any CPU
		{B9D35B98-BC89-45D1-AD30-B96C9A06E987}.Release|x64.ActiveCfg = Release|Any CPU
		{B9D35B98-BC89-45D1-AD30-B96C9A06E987}.Release|x64.Build.0 = Release|Any CPU
		{B9D35B98-BC89-45D1-AD30-B96C9A06E987}.Release|x86.ActiveCfg = Release|Any CPU
		{B9D35B98-BC89-45D1-AD30-B96C9A06E987}.Release|x86.Build.0 = Release|Any CPU
		{88101DFA-9801-4022-B642-CBEF7A36AECA}.Debug|Any CPU.ActiveCfg = Debug|Any CPU
		{88101DFA-9801-4022-B642-CBEF7A36AECA}.Debug|Any CPU.Build.0 = Debug|Any CPU
		{88101DFA-9801-4022-B642-CBEF7A36AECA}.Debug|Mixed Platforms.ActiveCfg = Debug|Any CPU
		{88101DFA-9801-4022-B642-CBEF7A36AECA}.Debug|Mixed Platforms.Build.0 = Debug|Any CPU
		{88101DFA-9801-4022-B642-CBEF7A36AECA}.Debug|x64.ActiveCfg = Debug|Any CPU
		{88101DFA-9801-4022-B642-CBEF7A36AECA}.Debug|x64.Build.0 = Debug|Any CPU
		{88101DFA-9801-4022-B642-CBEF7A36AECA}.Debug|x86.ActiveCfg = Debug|Any CPU
		{88101DFA-9801-4022-B642-CBEF7A36AECA}.Debug|x86.Build.0 = Debug|Any CPU
		{88101DFA-9801-4022-B642-CBEF7A36AECA}.Release|Any CPU.ActiveCfg = Release|Any CPU
		{88101DFA-9801-4022-B642-CBEF7A36AECA}.Release|Any CPU.Build.0 = Release|Any CPU
		{88101DFA-9801-4022-B642-CBEF7A36AECA}.Release|Mixed Platforms.ActiveCfg = Release|Any CPU
		{88101DFA-9801-4022-B642-CBEF7A36AECA}.Release|Mixed Platforms.Build.0 = Release|Any CPU
		{88101DFA-9801-4022-B642-CBEF7A36AECA}.Release|x64.ActiveCfg = Release|Any CPU
		{88101DFA-9801-4022-B642-CBEF7A36AECA}.Release|x64.Build.0 = Release|Any CPU
		{88101DFA-9801-4022-B642-CBEF7A36AECA}.Release|x86.ActiveCfg = Release|Any CPU
		{88101DFA-9801-4022-B642-CBEF7A36AECA}.Release|x86.Build.0 = Release|Any CPU
		{68CE5BEA-A972-428B-A71E-659DAF39DA35}.Debug|Any CPU.ActiveCfg = Debug|Any CPU
		{68CE5BEA-A972-428B-A71E-659DAF39DA35}.Debug|Any CPU.Build.0 = Debug|Any CPU
		{68CE5BEA-A972-428B-A71E-659DAF39DA35}.Debug|Mixed Platforms.ActiveCfg = Debug|Any CPU
		{68CE5BEA-A972-428B-A71E-659DAF39DA35}.Debug|Mixed Platforms.Build.0 = Debug|Any CPU
		{68CE5BEA-A972-428B-A71E-659DAF39DA35}.Debug|x64.ActiveCfg = Debug|Any CPU
		{68CE5BEA-A972-428B-A71E-659DAF39DA35}.Debug|x64.Build.0 = Debug|Any CPU
		{68CE5BEA-A972-428B-A71E-659DAF39DA35}.Debug|x86.ActiveCfg = Debug|Any CPU
		{68CE5BEA-A972-428B-A71E-659DAF39DA35}.Debug|x86.Build.0 = Debug|Any CPU
		{68CE5BEA-A972-428B-A71E-659DAF39DA35}.Release|Any CPU.ActiveCfg = Release|Any CPU
		{68CE5BEA-A972-428B-A71E-659DAF39DA35}.Release|Any CPU.Build.0 = Release|Any CPU
		{68CE5BEA-A972-428B-A71E-659DAF39DA35}.Release|Mixed Platforms.ActiveCfg = Release|Any CPU
		{68CE5BEA-A972-428B-A71E-659DAF39DA35}.Release|Mixed Platforms.Build.0 = Release|Any CPU
		{68CE5BEA-A972-428B-A71E-659DAF39DA35}.Release|x64.ActiveCfg = Release|Any CPU
		{68CE5BEA-A972-428B-A71E-659DAF39DA35}.Release|x64.Build.0 = Release|Any CPU
		{68CE5BEA-A972-428B-A71E-659DAF39DA35}.Release|x86.ActiveCfg = Release|Any CPU
		{68CE5BEA-A972-428B-A71E-659DAF39DA35}.Release|x86.Build.0 = Release|Any CPU
		{8DE4FA27-7C24-468B-ADCB-22E2B2522C64}.Debug|Any CPU.ActiveCfg = Debug|Any CPU
		{8DE4FA27-7C24-468B-ADCB-22E2B2522C64}.Debug|Any CPU.Build.0 = Debug|Any CPU
		{8DE4FA27-7C24-468B-ADCB-22E2B2522C64}.Debug|Mixed Platforms.ActiveCfg = Debug|Any CPU
		{8DE4FA27-7C24-468B-ADCB-22E2B2522C64}.Debug|Mixed Platforms.Build.0 = Debug|Any CPU
		{8DE4FA27-7C24-468B-ADCB-22E2B2522C64}.Debug|x64.ActiveCfg = Debug|Any CPU
		{8DE4FA27-7C24-468B-ADCB-22E2B2522C64}.Debug|x64.Build.0 = Debug|Any CPU
		{8DE4FA27-7C24-468B-ADCB-22E2B2522C64}.Debug|x86.ActiveCfg = Debug|Any CPU
		{8DE4FA27-7C24-468B-ADCB-22E2B2522C64}.Debug|x86.Build.0 = Debug|Any CPU
		{8DE4FA27-7C24-468B-ADCB-22E2B2522C64}.Release|Any CPU.ActiveCfg = Release|Any CPU
		{8DE4FA27-7C24-468B-ADCB-22E2B2522C64}.Release|Any CPU.Build.0 = Release|Any CPU
		{8DE4FA27-7C24-468B-ADCB-22E2B2522C64}.Release|Mixed Platforms.ActiveCfg = Release|Any CPU
		{8DE4FA27-7C24-468B-ADCB-22E2B2522C64}.Release|Mixed Platforms.Build.0 = Release|Any CPU
		{8DE4FA27-7C24-468B-ADCB-22E2B2522C64}.Release|x64.ActiveCfg = Release|Any CPU
		{8DE4FA27-7C24-468B-ADCB-22E2B2522C64}.Release|x64.Build.0 = Release|Any CPU
		{8DE4FA27-7C24-468B-ADCB-22E2B2522C64}.Release|x86.ActiveCfg = Release|Any CPU
		{8DE4FA27-7C24-468B-ADCB-22E2B2522C64}.Release|x86.Build.0 = Release|Any CPU
		{516A5A4D-87DF-4640-AE8F-8A39DDB52ABC}.Debug|Any CPU.ActiveCfg = Debug|Any CPU
		{516A5A4D-87DF-4640-AE8F-8A39DDB52ABC}.Debug|Any CPU.Build.0 = Debug|Any CPU
		{516A5A4D-87DF-4640-AE8F-8A39DDB52ABC}.Debug|Mixed Platforms.ActiveCfg = Debug|Any CPU
		{516A5A4D-87DF-4640-AE8F-8A39DDB52ABC}.Debug|Mixed Platforms.Build.0 = Debug|Any CPU
		{516A5A4D-87DF-4640-AE8F-8A39DDB52ABC}.Debug|x64.ActiveCfg = Debug|Any CPU
		{516A5A4D-87DF-4640-AE8F-8A39DDB52ABC}.Debug|x64.Build.0 = Debug|Any CPU
		{516A5A4D-87DF-4640-AE8F-8A39DDB52ABC}.Debug|x86.ActiveCfg = Debug|Any CPU
		{516A5A4D-87DF-4640-AE8F-8A39DDB52ABC}.Debug|x86.Build.0 = Debug|Any CPU
		{516A5A4D-87DF-4640-AE8F-8A39DDB52ABC}.Release|Any CPU.ActiveCfg = Release|Any CPU
		{516A5A4D-87DF-4640-AE8F-8A39DDB52ABC}.Release|Any CPU.Build.0 = Release|Any CPU
		{516A5A4D-87DF-4640-AE8F-8A39DDB52ABC}.Release|Mixed Platforms.ActiveCfg = Release|Any CPU
		{516A5A4D-87DF-4640-AE8F-8A39DDB52ABC}.Release|Mixed Platforms.Build.0 = Release|Any CPU
		{516A5A4D-87DF-4640-AE8F-8A39DDB52ABC}.Release|x64.ActiveCfg = Release|Any CPU
		{516A5A4D-87DF-4640-AE8F-8A39DDB52ABC}.Release|x64.Build.0 = Release|Any CPU
		{516A5A4D-87DF-4640-AE8F-8A39DDB52ABC}.Release|x86.ActiveCfg = Release|Any CPU
		{516A5A4D-87DF-4640-AE8F-8A39DDB52ABC}.Release|x86.Build.0 = Release|Any CPU
		{91160965-4E5D-48A0-97E2-319444410888}.Debug|Any CPU.ActiveCfg = Debug|Any CPU
		{91160965-4E5D-48A0-97E2-319444410888}.Debug|Any CPU.Build.0 = Debug|Any CPU
		{91160965-4E5D-48A0-97E2-319444410888}.Debug|Mixed Platforms.ActiveCfg = Debug|Any CPU
		{91160965-4E5D-48A0-97E2-319444410888}.Debug|Mixed Platforms.Build.0 = Debug|Any CPU
		{91160965-4E5D-48A0-97E2-319444410888}.Debug|x64.ActiveCfg = Debug|Any CPU
		{91160965-4E5D-48A0-97E2-319444410888}.Debug|x64.Build.0 = Debug|Any CPU
		{91160965-4E5D-48A0-97E2-319444410888}.Debug|x86.ActiveCfg = Debug|Any CPU
		{91160965-4E5D-48A0-97E2-319444410888}.Debug|x86.Build.0 = Debug|Any CPU
		{91160965-4E5D-48A0-97E2-319444410888}.Release|Any CPU.ActiveCfg = Release|Any CPU
		{91160965-4E5D-48A0-97E2-319444410888}.Release|Any CPU.Build.0 = Release|Any CPU
		{91160965-4E5D-48A0-97E2-319444410888}.Release|Mixed Platforms.ActiveCfg = Release|Any CPU
		{91160965-4E5D-48A0-97E2-319444410888}.Release|Mixed Platforms.Build.0 = Release|Any CPU
		{91160965-4E5D-48A0-97E2-319444410888}.Release|x64.ActiveCfg = Release|Any CPU
		{91160965-4E5D-48A0-97E2-319444410888}.Release|x64.Build.0 = Release|Any CPU
		{91160965-4E5D-48A0-97E2-319444410888}.Release|x86.ActiveCfg = Release|Any CPU
		{91160965-4E5D-48A0-97E2-319444410888}.Release|x86.Build.0 = Release|Any CPU
		{05F7E58C-1198-443D-B53B-403B59BA6E0A}.Debug|Any CPU.ActiveCfg = Debug|Any CPU
		{05F7E58C-1198-443D-B53B-403B59BA6E0A}.Debug|Any CPU.Build.0 = Debug|Any CPU
		{05F7E58C-1198-443D-B53B-403B59BA6E0A}.Debug|Mixed Platforms.ActiveCfg = Debug|Any CPU
		{05F7E58C-1198-443D-B53B-403B59BA6E0A}.Debug|Mixed Platforms.Build.0 = Debug|Any CPU
		{05F7E58C-1198-443D-B53B-403B59BA6E0A}.Debug|x64.ActiveCfg = Debug|Any CPU
		{05F7E58C-1198-443D-B53B-403B59BA6E0A}.Debug|x64.Build.0 = Debug|Any CPU
		{05F7E58C-1198-443D-B53B-403B59BA6E0A}.Debug|x86.ActiveCfg = Debug|Any CPU
		{05F7E58C-1198-443D-B53B-403B59BA6E0A}.Debug|x86.Build.0 = Debug|Any CPU
		{05F7E58C-1198-443D-B53B-403B59BA6E0A}.Release|Any CPU.ActiveCfg = Release|Any CPU
		{05F7E58C-1198-443D-B53B-403B59BA6E0A}.Release|Any CPU.Build.0 = Release|Any CPU
		{05F7E58C-1198-443D-B53B-403B59BA6E0A}.Release|Mixed Platforms.ActiveCfg = Release|Any CPU
		{05F7E58C-1198-443D-B53B-403B59BA6E0A}.Release|Mixed Platforms.Build.0 = Release|Any CPU
		{05F7E58C-1198-443D-B53B-403B59BA6E0A}.Release|x64.ActiveCfg = Release|Any CPU
		{05F7E58C-1198-443D-B53B-403B59BA6E0A}.Release|x64.Build.0 = Release|Any CPU
		{05F7E58C-1198-443D-B53B-403B59BA6E0A}.Release|x86.ActiveCfg = Release|Any CPU
		{05F7E58C-1198-443D-B53B-403B59BA6E0A}.Release|x86.Build.0 = Release|Any CPU
		{702AF955-4032-40E0-B529-62FBCA422450}.Debug|Any CPU.ActiveCfg = Debug|Any CPU
		{702AF955-4032-40E0-B529-62FBCA422450}.Debug|Any CPU.Build.0 = Debug|Any CPU
		{702AF955-4032-40E0-B529-62FBCA422450}.Debug|Mixed Platforms.ActiveCfg = Debug|Any CPU
		{702AF955-4032-40E0-B529-62FBCA422450}.Debug|Mixed Platforms.Build.0 = Debug|Any CPU
		{702AF955-4032-40E0-B529-62FBCA422450}.Debug|x64.ActiveCfg = Debug|Any CPU
		{702AF955-4032-40E0-B529-62FBCA422450}.Debug|x64.Build.0 = Debug|Any CPU
		{702AF955-4032-40E0-B529-62FBCA422450}.Debug|x86.ActiveCfg = Debug|Any CPU
		{702AF955-4032-40E0-B529-62FBCA422450}.Debug|x86.Build.0 = Debug|Any CPU
		{702AF955-4032-40E0-B529-62FBCA422450}.Release|Any CPU.ActiveCfg = Release|Any CPU
		{702AF955-4032-40E0-B529-62FBCA422450}.Release|Any CPU.Build.0 = Release|Any CPU
		{702AF955-4032-40E0-B529-62FBCA422450}.Release|Mixed Platforms.ActiveCfg = Release|Any CPU
		{702AF955-4032-40E0-B529-62FBCA422450}.Release|Mixed Platforms.Build.0 = Release|Any CPU
		{702AF955-4032-40E0-B529-62FBCA422450}.Release|x64.ActiveCfg = Release|Any CPU
		{702AF955-4032-40E0-B529-62FBCA422450}.Release|x64.Build.0 = Release|Any CPU
		{702AF955-4032-40E0-B529-62FBCA422450}.Release|x86.ActiveCfg = Release|Any CPU
		{702AF955-4032-40E0-B529-62FBCA422450}.Release|x86.Build.0 = Release|Any CPU
		{52B741ED-3C28-4740-9F51-E19DF5AF9C4E}.Debug|Any CPU.ActiveCfg = Debug|Any CPU
		{52B741ED-3C28-4740-9F51-E19DF5AF9C4E}.Debug|Any CPU.Build.0 = Debug|Any CPU
		{52B741ED-3C28-4740-9F51-E19DF5AF9C4E}.Debug|Mixed Platforms.ActiveCfg = Debug|Any CPU
		{52B741ED-3C28-4740-9F51-E19DF5AF9C4E}.Debug|Mixed Platforms.Build.0 = Debug|Any CPU
		{52B741ED-3C28-4740-9F51-E19DF5AF9C4E}.Debug|x64.ActiveCfg = Debug|Any CPU
		{52B741ED-3C28-4740-9F51-E19DF5AF9C4E}.Debug|x64.Build.0 = Debug|Any CPU
		{52B741ED-3C28-4740-9F51-E19DF5AF9C4E}.Debug|x86.ActiveCfg = Debug|Any CPU
		{52B741ED-3C28-4740-9F51-E19DF5AF9C4E}.Debug|x86.Build.0 = Debug|Any CPU
		{52B741ED-3C28-4740-9F51-E19DF5AF9C4E}.Release|Any CPU.ActiveCfg = Release|Any CPU
		{52B741ED-3C28-4740-9F51-E19DF5AF9C4E}.Release|Any CPU.Build.0 = Release|Any CPU
		{52B741ED-3C28-4740-9F51-E19DF5AF9C4E}.Release|Mixed Platforms.ActiveCfg = Release|Any CPU
		{52B741ED-3C28-4740-9F51-E19DF5AF9C4E}.Release|Mixed Platforms.Build.0 = Release|Any CPU
		{52B741ED-3C28-4740-9F51-E19DF5AF9C4E}.Release|x64.ActiveCfg = Release|Any CPU
		{52B741ED-3C28-4740-9F51-E19DF5AF9C4E}.Release|x64.Build.0 = Release|Any CPU
		{52B741ED-3C28-4740-9F51-E19DF5AF9C4E}.Release|x86.ActiveCfg = Release|Any CPU
		{52B741ED-3C28-4740-9F51-E19DF5AF9C4E}.Release|x86.Build.0 = Release|Any CPU
		{95EC2CF0-EB49-46E2-85C5-2336BC41F0D5}.Debug|Any CPU.ActiveCfg = Debug|Any CPU
		{95EC2CF0-EB49-46E2-85C5-2336BC41F0D5}.Debug|Any CPU.Build.0 = Debug|Any CPU
		{95EC2CF0-EB49-46E2-85C5-2336BC41F0D5}.Debug|Mixed Platforms.ActiveCfg = Debug|Any CPU
		{95EC2CF0-EB49-46E2-85C5-2336BC41F0D5}.Debug|Mixed Platforms.Build.0 = Debug|Any CPU
		{95EC2CF0-EB49-46E2-85C5-2336BC41F0D5}.Debug|x64.ActiveCfg = Debug|Any CPU
		{95EC2CF0-EB49-46E2-85C5-2336BC41F0D5}.Debug|x64.Build.0 = Debug|Any CPU
		{95EC2CF0-EB49-46E2-85C5-2336BC41F0D5}.Debug|x86.ActiveCfg = Debug|Any CPU
		{95EC2CF0-EB49-46E2-85C5-2336BC41F0D5}.Debug|x86.Build.0 = Debug|Any CPU
		{95EC2CF0-EB49-46E2-85C5-2336BC41F0D5}.Release|Any CPU.ActiveCfg = Release|Any CPU
		{95EC2CF0-EB49-46E2-85C5-2336BC41F0D5}.Release|Any CPU.Build.0 = Release|Any CPU
		{95EC2CF0-EB49-46E2-85C5-2336BC41F0D5}.Release|Mixed Platforms.ActiveCfg = Release|Any CPU
		{95EC2CF0-EB49-46E2-85C5-2336BC41F0D5}.Release|Mixed Platforms.Build.0 = Release|Any CPU
		{95EC2CF0-EB49-46E2-85C5-2336BC41F0D5}.Release|x64.ActiveCfg = Release|Any CPU
		{95EC2CF0-EB49-46E2-85C5-2336BC41F0D5}.Release|x64.Build.0 = Release|Any CPU
		{95EC2CF0-EB49-46E2-85C5-2336BC41F0D5}.Release|x86.ActiveCfg = Release|Any CPU
		{95EC2CF0-EB49-46E2-85C5-2336BC41F0D5}.Release|x86.Build.0 = Release|Any CPU
		{17ECE53E-87EF-4AAF-90E5-F140C21DA44B}.Debug|Any CPU.ActiveCfg = Debug|Any CPU
		{17ECE53E-87EF-4AAF-90E5-F140C21DA44B}.Debug|Any CPU.Build.0 = Debug|Any CPU
		{17ECE53E-87EF-4AAF-90E5-F140C21DA44B}.Debug|Mixed Platforms.ActiveCfg = Debug|Any CPU
		{17ECE53E-87EF-4AAF-90E5-F140C21DA44B}.Debug|Mixed Platforms.Build.0 = Debug|Any CPU
		{17ECE53E-87EF-4AAF-90E5-F140C21DA44B}.Debug|x64.ActiveCfg = Debug|x64
		{17ECE53E-87EF-4AAF-90E5-F140C21DA44B}.Debug|x64.Build.0 = Debug|x64
		{17ECE53E-87EF-4AAF-90E5-F140C21DA44B}.Debug|x86.ActiveCfg = Debug|x86
		{17ECE53E-87EF-4AAF-90E5-F140C21DA44B}.Debug|x86.Build.0 = Debug|x86
		{17ECE53E-87EF-4AAF-90E5-F140C21DA44B}.Release|Any CPU.ActiveCfg = Release|Any CPU
		{17ECE53E-87EF-4AAF-90E5-F140C21DA44B}.Release|Any CPU.Build.0 = Release|Any CPU
		{17ECE53E-87EF-4AAF-90E5-F140C21DA44B}.Release|Mixed Platforms.ActiveCfg = Release|Any CPU
		{17ECE53E-87EF-4AAF-90E5-F140C21DA44B}.Release|Mixed Platforms.Build.0 = Release|Any CPU
		{17ECE53E-87EF-4AAF-90E5-F140C21DA44B}.Release|x64.ActiveCfg = Release|x64
		{17ECE53E-87EF-4AAF-90E5-F140C21DA44B}.Release|x64.Build.0 = Release|x64
		{17ECE53E-87EF-4AAF-90E5-F140C21DA44B}.Release|x86.ActiveCfg = Release|x86
		{17ECE53E-87EF-4AAF-90E5-F140C21DA44B}.Release|x86.Build.0 = Release|x86
		{3EF1DF23-68A0-45C7-A46A-35AE98BEB697}.Debug|Any CPU.ActiveCfg = Debug|Any CPU
		{3EF1DF23-68A0-45C7-A46A-35AE98BEB697}.Debug|Any CPU.Build.0 = Debug|Any CPU
		{3EF1DF23-68A0-45C7-A46A-35AE98BEB697}.Debug|Mixed Platforms.ActiveCfg = Debug|Any CPU
		{3EF1DF23-68A0-45C7-A46A-35AE98BEB697}.Debug|Mixed Platforms.Build.0 = Debug|Any CPU
		{3EF1DF23-68A0-45C7-A46A-35AE98BEB697}.Debug|x64.ActiveCfg = Debug|Any CPU
		{3EF1DF23-68A0-45C7-A46A-35AE98BEB697}.Debug|x64.Build.0 = Debug|Any CPU
		{3EF1DF23-68A0-45C7-A46A-35AE98BEB697}.Debug|x86.ActiveCfg = Debug|Any CPU
		{3EF1DF23-68A0-45C7-A46A-35AE98BEB697}.Debug|x86.Build.0 = Debug|Any CPU
		{3EF1DF23-68A0-45C7-A46A-35AE98BEB697}.Release|Any CPU.ActiveCfg = Release|Any CPU
		{3EF1DF23-68A0-45C7-A46A-35AE98BEB697}.Release|Any CPU.Build.0 = Release|Any CPU
		{3EF1DF23-68A0-45C7-A46A-35AE98BEB697}.Release|Mixed Platforms.ActiveCfg = Release|Any CPU
		{3EF1DF23-68A0-45C7-A46A-35AE98BEB697}.Release|Mixed Platforms.Build.0 = Release|Any CPU
		{3EF1DF23-68A0-45C7-A46A-35AE98BEB697}.Release|x64.ActiveCfg = Release|Any CPU
		{3EF1DF23-68A0-45C7-A46A-35AE98BEB697}.Release|x64.Build.0 = Release|Any CPU
		{3EF1DF23-68A0-45C7-A46A-35AE98BEB697}.Release|x86.ActiveCfg = Release|Any CPU
		{3EF1DF23-68A0-45C7-A46A-35AE98BEB697}.Release|x86.Build.0 = Release|Any CPU
	EndGlobalSection
	GlobalSection(SolutionProperties) = preSolution
		HideSolutionNode = FALSE
	EndGlobalSection
	GlobalSection(ExtensibilityGlobals) = postSolution
		SolutionGuid = {2E6F3935-B111-43A3-B676-C92884DE28BA}
	EndGlobalSection
EndGlobal
