
Microsoft Visual Studio Solution File, Format Version 12.00
# Visual Studio 15
VisualStudioVersion = 15.0.27703.2026
MinimumVisualStudioVersion = 10.0.40219.1
Project("{FAE04EC0-301F-11D3-BF4B-00C04F79EFBC}") = "YinMediaEncoder", "YinMediaEncoder\YinMediaEncoder.csproj", "{947D138C-22AD-43B6-817F-CD8050A620E7}"
EndProject
Project("{FAE04EC0-301F-11D3-BF4B-00C04F79EFBC}") = "WpfCommon", "WpfCommon\WpfCommon.csproj", "{44727313-5673-4089-B664-894CD3AE7C2F}"
EndProject
Project("{FAE04EC0-301F-11D3-BF4B-00C04F79EFBC}") = "YinMediaEncoder.Business", "EncoderBusiness\YinMediaEncoder.Business.csproj", "{58F4D838-8B4F-4519-AA3A-E7A678800EE5}"
EndProject
Project("{FAE04EC0-301F-11D3-BF4B-00C04F79EFBC}") = "Avisynth", "AvisynthBusiness\Avisynth.csproj", "{7587E545-6030-493A-8EBC-F1AB578FD5A8}"
EndProject
Project("{9A19103F-16F7-4668-BE54-9A1E7A4F7556}") = "FFmpeg", "..\FFmpeg\FFmpeg\FFmpeg.csproj", "{A432C32F-A36F-424E-B2B9-14C2B4277C1B}"
EndProject
Project("{F184B08F-C81C-45F6-A57F-5ABD9991F28F}") = "MPC_API_LIB", "MPC_API_LIB\MPC_API_LIB.vbproj", "{767F8DF3-2ECC-4D54-8CD6-75FA1814A3E6}"
EndProject
Project("{FAE04EC0-301F-11D3-BF4B-00C04F79EFBC}") = "AudioVideoMuxer", "AudioVideoMuxer\AudioVideoMuxer.csproj", "{3575B8A3-DFCE-41B3-A7A4-6AC05AE59557}"
EndProject
Global
	GlobalSection(SolutionConfigurationPlatforms) = preSolution
		Debug|Any CPU = Debug|Any CPU
		Debug|x64 = Debug|x64
		Debug|x86 = Debug|x86
		Release|Any CPU = Release|Any CPU
		Release|x64 = Release|x64
		Release|x86 = Release|x86
	EndGlobalSection
	GlobalSection(ProjectConfigurationPlatforms) = postSolution
		{947D138C-22AD-43B6-817F-CD8050A620E7}.Debug|Any CPU.ActiveCfg = Debug|Any CPU
		{947D138C-22AD-43B6-817F-CD8050A620E7}.Debug|Any CPU.Build.0 = Debug|Any CPU
		{947D138C-22AD-43B6-817F-CD8050A620E7}.Debug|x64.ActiveCfg = Debug|Any CPU
		{947D138C-22AD-43B6-817F-CD8050A620E7}.Debug|x64.Build.0 = Debug|Any CPU
		{947D138C-22AD-43B6-817F-CD8050A620E7}.Debug|x86.ActiveCfg = Debug|Any CPU
		{947D138C-22AD-43B6-817F-CD8050A620E7}.Debug|x86.Build.0 = Debug|Any CPU
		{947D138C-22AD-43B6-817F-CD8050A620E7}.Release|Any CPU.ActiveCfg = Release|Any CPU
		{947D138C-22AD-43B6-817F-CD8050A620E7}.Release|Any CPU.Build.0 = Release|Any CPU
		{947D138C-22AD-43B6-817F-CD8050A620E7}.Release|x64.ActiveCfg = Release|Any CPU
		{947D138C-22AD-43B6-817F-CD8050A620E7}.Release|x64.Build.0 = Release|Any CPU
		{947D138C-22AD-43B6-817F-CD8050A620E7}.Release|x86.ActiveCfg = Release|Any CPU
		{947D138C-22AD-43B6-817F-CD8050A620E7}.Release|x86.Build.0 = Release|Any CPU
		{44727313-5673-4089-B664-894CD3AE7C2F}.Debug|Any CPU.ActiveCfg = Debug|Any CPU
		{44727313-5673-4089-B664-894CD3AE7C2F}.Debug|Any CPU.Build.0 = Debug|Any CPU
		{44727313-5673-4089-B664-894CD3AE7C2F}.Debug|x64.ActiveCfg = Debug|Any CPU
		{44727313-5673-4089-B664-894CD3AE7C2F}.Debug|x64.Build.0 = Debug|Any CPU
		{44727313-5673-4089-B664-894CD3AE7C2F}.Debug|x86.ActiveCfg = Debug|Any CPU
		{44727313-5673-4089-B664-894CD3AE7C2F}.Debug|x86.Build.0 = Debug|Any CPU
		{44727313-5673-4089-B664-894CD3AE7C2F}.Release|Any CPU.ActiveCfg = Release|Any CPU
		{44727313-5673-4089-B664-894CD3AE7C2F}.Release|Any CPU.Build.0 = Release|Any CPU
		{44727313-5673-4089-B664-894CD3AE7C2F}.Release|x64.ActiveCfg = Release|Any CPU
		{44727313-5673-4089-B664-894CD3AE7C2F}.Release|x64.Build.0 = Release|Any CPU
		{44727313-5673-4089-B664-894CD3AE7C2F}.Release|x86.ActiveCfg = Release|Any CPU
		{44727313-5673-4089-B664-894CD3AE7C2F}.Release|x86.Build.0 = Release|Any CPU
		{58F4D838-8B4F-4519-AA3A-E7A678800EE5}.Debug|Any CPU.ActiveCfg = Debug|Any CPU
		{58F4D838-8B4F-4519-AA3A-E7A678800EE5}.Debug|Any CPU.Build.0 = Debug|Any CPU
		{58F4D838-8B4F-4519-AA3A-E7A678800EE5}.Debug|x64.ActiveCfg = Debug|Any CPU
		{58F4D838-8B4F-4519-AA3A-E7A678800EE5}.Debug|x64.Build.0 = Debug|Any CPU
		{58F4D838-8B4F-4519-AA3A-E7A678800EE5}.Debug|x86.ActiveCfg = Debug|Any CPU
		{58F4D838-8B4F-4519-AA3A-E7A678800EE5}.Debug|x86.Build.0 = Debug|Any CPU
		{58F4D838-8B4F-4519-AA3A-E7A678800EE5}.Release|Any CPU.ActiveCfg = Release|Any CPU
		{58F4D838-8B4F-4519-AA3A-E7A678800EE5}.Release|Any CPU.Build.0 = Release|Any CPU
		{58F4D838-8B4F-4519-AA3A-E7A678800EE5}.Release|x64.ActiveCfg = Release|Any CPU
		{58F4D838-8B4F-4519-AA3A-E7A678800EE5}.Release|x64.Build.0 = Release|Any CPU
		{58F4D838-8B4F-4519-AA3A-E7A678800EE5}.Release|x86.ActiveCfg = Release|Any CPU
		{58F4D838-8B4F-4519-AA3A-E7A678800EE5}.Release|x86.Build.0 = Release|Any CPU
		{7587E545-6030-493A-8EBC-F1AB578FD5A8}.Debug|Any CPU.ActiveCfg = Debug|Any CPU
		{7587E545-6030-493A-8EBC-F1AB578FD5A8}.Debug|Any CPU.Build.0 = Debug|Any CPU
		{7587E545-6030-493A-8EBC-F1AB578FD5A8}.Debug|x64.ActiveCfg = Debug|Any CPU
		{7587E545-6030-493A-8EBC-F1AB578FD5A8}.Debug|x64.Build.0 = Debug|Any CPU
		{7587E545-6030-493A-8EBC-F1AB578FD5A8}.Debug|x86.ActiveCfg = Debug|Any CPU
		{7587E545-6030-493A-8EBC-F1AB578FD5A8}.Debug|x86.Build.0 = Debug|Any CPU
		{7587E545-6030-493A-8EBC-F1AB578FD5A8}.Release|Any CPU.ActiveCfg = Release|Any CPU
		{7587E545-6030-493A-8EBC-F1AB578FD5A8}.Release|Any CPU.Build.0 = Release|Any CPU
		{7587E545-6030-493A-8EBC-F1AB578FD5A8}.Release|x64.ActiveCfg = Release|Any CPU
		{7587E545-6030-493A-8EBC-F1AB578FD5A8}.Release|x64.Build.0 = Release|Any CPU
		{7587E545-6030-493A-8EBC-F1AB578FD5A8}.Release|x86.ActiveCfg = Release|Any CPU
		{7587E545-6030-493A-8EBC-F1AB578FD5A8}.Release|x86.Build.0 = Release|Any CPU
		{A432C32F-A36F-424E-B2B9-14C2B4277C1B}.Debug|Any CPU.ActiveCfg = Debug|Any CPU
		{A432C32F-A36F-424E-B2B9-14C2B4277C1B}.Debug|Any CPU.Build.0 = Debug|Any CPU
		{A432C32F-A36F-424E-B2B9-14C2B4277C1B}.Debug|x64.ActiveCfg = Debug|Any CPU
		{A432C32F-A36F-424E-B2B9-14C2B4277C1B}.Debug|x64.Build.0 = Debug|Any CPU
		{A432C32F-A36F-424E-B2B9-14C2B4277C1B}.Debug|x86.ActiveCfg = Debug|Any CPU
		{A432C32F-A36F-424E-B2B9-14C2B4277C1B}.Debug|x86.Build.0 = Debug|Any CPU
		{A432C32F-A36F-424E-B2B9-14C2B4277C1B}.Release|Any CPU.ActiveCfg = Release|Any CPU
		{A432C32F-A36F-424E-B2B9-14C2B4277C1B}.Release|Any CPU.Build.0 = Release|Any CPU
		{A432C32F-A36F-424E-B2B9-14C2B4277C1B}.Release|x64.ActiveCfg = Release|Any CPU
		{A432C32F-A36F-424E-B2B9-14C2B4277C1B}.Release|x64.Build.0 = Release|Any CPU
		{A432C32F-A36F-424E-B2B9-14C2B4277C1B}.Release|x86.ActiveCfg = Release|Any CPU
		{A432C32F-A36F-424E-B2B9-14C2B4277C1B}.Release|x86.Build.0 = Release|Any CPU
		{767F8DF3-2ECC-4D54-8CD6-75FA1814A3E6}.Debug|Any CPU.ActiveCfg = Debug|Any CPU
		{767F8DF3-2ECC-4D54-8CD6-75FA1814A3E6}.Debug|Any CPU.Build.0 = Debug|Any CPU
		{767F8DF3-2ECC-4D54-8CD6-75FA1814A3E6}.Debug|x64.ActiveCfg = Debug|x64
		{767F8DF3-2ECC-4D54-8CD6-75FA1814A3E6}.Debug|x64.Build.0 = Debug|x64
		{767F8DF3-2ECC-4D54-8CD6-75FA1814A3E6}.Debug|x86.ActiveCfg = Debug|x86
		{767F8DF3-2ECC-4D54-8CD6-75FA1814A3E6}.Debug|x86.Build.0 = Debug|x86
		{767F8DF3-2ECC-4D54-8CD6-75FA1814A3E6}.Release|Any CPU.ActiveCfg = Release|Any CPU
		{767F8DF3-2ECC-4D54-8CD6-75FA1814A3E6}.Release|Any CPU.Build.0 = Release|Any CPU
		{767F8DF3-2ECC-4D54-8CD6-75FA1814A3E6}.Release|x64.ActiveCfg = Release|x64
		{767F8DF3-2ECC-4D54-8CD6-75FA1814A3E6}.Release|x64.Build.0 = Release|x64
		{767F8DF3-2ECC-4D54-8CD6-75FA1814A3E6}.Release|x86.ActiveCfg = Release|x86
		{767F8DF3-2ECC-4D54-8CD6-75FA1814A3E6}.Release|x86.Build.0 = Release|x86
		{3575B8A3-DFCE-41B3-A7A4-6AC05AE59557}.Debug|Any CPU.ActiveCfg = Debug|Any CPU
		{3575B8A3-DFCE-41B3-A7A4-6AC05AE59557}.Debug|Any CPU.Build.0 = Debug|Any CPU
		{3575B8A3-DFCE-41B3-A7A4-6AC05AE59557}.Debug|x64.ActiveCfg = Debug|Any CPU
		{3575B8A3-DFCE-41B3-A7A4-6AC05AE59557}.Debug|x64.Build.0 = Debug|Any CPU
		{3575B8A3-DFCE-41B3-A7A4-6AC05AE59557}.Debug|x86.ActiveCfg = Debug|Any CPU
		{3575B8A3-DFCE-41B3-A7A4-6AC05AE59557}.Debug|x86.Build.0 = Debug|Any CPU
		{3575B8A3-DFCE-41B3-A7A4-6AC05AE59557}.Release|Any CPU.ActiveCfg = Release|Any CPU
		{3575B8A3-DFCE-41B3-A7A4-6AC05AE59557}.Release|Any CPU.Build.0 = Release|Any CPU
		{3575B8A3-DFCE-41B3-A7A4-6AC05AE59557}.Release|x64.ActiveCfg = Release|Any CPU
		{3575B8A3-DFCE-41B3-A7A4-6AC05AE59557}.Release|x64.Build.0 = Release|Any CPU
		{3575B8A3-DFCE-41B3-A7A4-6AC05AE59557}.Release|x86.ActiveCfg = Release|Any CPU
		{3575B8A3-DFCE-41B3-A7A4-6AC05AE59557}.Release|x86.Build.0 = Release|Any CPU
	EndGlobalSection
	GlobalSection(SolutionProperties) = preSolution
		HideSolutionNode = FALSE
	EndGlobalSection
	GlobalSection(ExtensibilityGlobals) = postSolution
		SolutionGuid = {41257631-865F-45D8-AE82-004337F8CEA9}
	EndGlobalSection
EndGlobal
