
Microsoft Visual Studio Solution File, Format Version 12.00
# Visual Studio Version 16
VisualStudioVersion = 16.0.28803.352
MinimumVisualStudioVersion = 10.0.40219.1
Project("{2150E333-8FDC-42A3-9474-1A3956D46DE8}") = "Solution Items", "Solution Items", "{68A71ABF-6CA4-487E-9AD1-ABCDF24BE601}"
	ProjectSection(SolutionItems) = preProject
		..\.editorconfig = ..\.editorconfig
		Directory.Build.props = Directory.Build.props
	EndProjectSection
EndProject
Project("{9A19103F-16F7-4668-BE54-9A1E7A4F7556}") = "Services", "Services\Services.csproj", "{38E97D79-1BCC-48C3-BEE0-995F928F7AFD}"
EndProject
Project("{FAE04EC0-301F-11D3-BF4B-00C04F79EFBC}") = "Avalonia", "Avalonia\Avalonia.csproj", "{E71151BE-68FD-44D1-96E4-DFA941AFBC42}"
EndProject
Project("{FAE04EC0-301F-11D3-BF4B-00C04F79EFBC}") = "Apps", "Apps\Apps.csproj", "{B9D35B98-BC89-45D1-AD30-B96C9A06E987}"
EndProject
Project("{FAE04EC0-301F-11D3-BF4B-00C04F79EFBC}") = "Apps.Tests", "Apps.Tests\Apps.Tests.csproj", "{88101DFA-9801-4022-B642-CBEF7A36AECA}"
EndProject
Project("{FAE04EC0-301F-11D3-BF4B-00C04F79EFBC}") = "Converter432Hz.Tests", "App.Converter432Hz\Converter432Hz.Tests\Converter432Hz.Tests.csproj", "{92E95121-7757-4622-B8BD-4FF856F5A40F}"
EndProject
Project("{FAE04EC0-301F-11D3-BF4B-00C04F79EFBC}") = "BassDlls", "..\Dll\Bass\BassDlls.csproj", "{68CCCE77-EB94-4CE1-AC6B-7D7295065481}"
EndProject
Project("{FAE04EC0-301F-11D3-BF4B-00C04F79EFBC}") = "BassEncDlls", "..\Dll\BassEnc\BassEncDlls.csproj", "{062F0A03-B2EC-4FD0-9167-24A7C0971F49}"
EndProject
Project("{FAE04EC0-301F-11D3-BF4B-00C04F79EFBC}") = "BassAudio", "BassAudio\BassAudio.csproj", "{BFCB242E-980E-46EF-A144-D5415F60C9BA}"
EndProject
Project("{FAE04EC0-301F-11D3-BF4B-00C04F79EFBC}") = "BassAudio.Tests", "BassAudio.Tests\BassAudio.Tests.csproj", "{0E6275FF-12BE-4B62-BD93-C2E455FDEEAD}"
EndProject
Project("{FAE04EC0-301F-11D3-BF4B-00C04F79EFBC}") = "MediaPlayer.Avalonia", "..\..\MediaPlayerUI.NET\Avalonia\MediaPlayer.Avalonia.csproj", "{8C4531B9-61FD-4425-A751-F2B54D14F111}"
EndProject
Project("{FAE04EC0-301F-11D3-BF4B-00C04F79EFBC}") = "MediaPlayer.Avalonia.Bass", "..\..\MediaPlayerUI.NET\Avalonia.Bass\MediaPlayer.Avalonia.Bass.csproj", "{1697E531-1E21-4076-844E-6B12D572D6FD}"
EndProject
Project("{FAE04EC0-301F-11D3-BF4B-00C04F79EFBC}") = "Player432Hz.Tests", "App.Player432Hz\Player432Hz.Tests\Player432Hz.Tests.csproj", "{8652B70C-58DD-42AA-A569-596B723EED65}"
EndProject
Project("{FAE04EC0-301F-11D3-BF4B-00C04F79EFBC}") = "YangDownloader.Tests", "App.YangDownloader\YangDownloader.Tests\YangDownloader.Tests.csproj", "{3B7BA209-F325-4261-B924-D25E4C6BC2FD}"
EndProject
Project("{FAE04EC0-301F-11D3-BF4B-00C04F79EFBC}") = "PowerliminalsPlayer.Tests", "App.PowerliminalsPlayer\PowerliminalsPlayer.Tests\PowerliminalsPlayer.Tests.csproj", "{660D6AB9-E0D7-4BE1-B5A3-1B1ECD1E9A6B}"
EndProject
Project("{FAE04EC0-301F-11D3-BF4B-00C04F79EFBC}") = "Downloads", "Downloads\Downloads.csproj", "{C187953A-1170-42BC-8225-D962B309FC70}"
EndProject
Project("{FAE04EC0-301F-11D3-BF4B-00C04F79EFBC}") = "Downloads.Tests", "Downloads.Tests\Downloads.Tests.csproj", "{8A3CF0CE-8185-458C-AAC7-23282581E99F}"
EndProject
Project("{FAE04EC0-301F-11D3-BF4B-00C04F79EFBC}") = "FFmpeg", "..\..\HanumanInstitute.FFmpeg\FFmpeg\FFmpeg.csproj", "{CD2F9633-80D2-4B5D-AC4B-187F74488E76}"
EndProject
Project("{FAE04EC0-301F-11D3-BF4B-00C04F79EFBC}") = "FFmpegExe", "..\Dll\FFmpeg\FFmpegExe.csproj", "{91D8248F-2CD5-4A4D-AD9C-E25AFBF2D858}"
EndProject
Project("{FAE04EC0-301F-11D3-BF4B-00C04F79EFBC}") = "YangDownloader", "App.YangDownloader\YangDownloader\YangDownloader.csproj", "{F3835B50-6614-4305-8783-320D92B8A118}"
EndProject
Project("{FAE04EC0-301F-11D3-BF4B-00C04F79EFBC}") = "YangDownloader.Android", "App.YangDownloader\YangDownloader.Android\YangDownloader.Android.csproj", "{26CA51F2-1386-4FE5-85D3-8EACB8B791D8}"
EndProject
Project("{FAE04EC0-301F-11D3-BF4B-00C04F79EFBC}") = "YangDownloader.Desktop", "App.YangDownloader\YangDownloader.Desktop\YangDownloader.Desktop.csproj", "{B76867FB-7721-4C90-A789-F9BFCC8BBFC3}"
EndProject
Project("{FAE04EC0-301F-11D3-BF4B-00C04F79EFBC}") = "YangDownloader.iOS", "App.YangDownloader\YangDownloader.iOS\YangDownloader.iOS.csproj", "{C65EDAA4-705A-40E2-94E7-0D0FB32590A3}"
EndProject
Project("{2150E333-8FDC-42A3-9474-1A3956D46DE8}") = "App.YangDownloader", "App.YangDownloader", "{FC5A23F9-209E-49B5-96BF-2DC07FE3729A}"
EndProject
Project("{FAE04EC0-301F-11D3-BF4B-00C04F79EFBC}") = "Converter432Hz.Android", "App.Converter432Hz\Converter432Hz.Android\Converter432Hz.Android.csproj", "{477024C5-7602-4A9F-88E1-A21DBA7BF404}"
EndProject
Project("{FAE04EC0-301F-11D3-BF4B-00C04F79EFBC}") = "Converter432Hz.Desktop", "App.Converter432Hz\Converter432Hz.Desktop\Converter432Hz.Desktop.csproj", "{303F6F12-210E-4FB1-961E-E1869CB45584}"
EndProject
Project("{FAE04EC0-301F-11D3-BF4B-00C04F79EFBC}") = "Converter432Hz.iOS", "App.Converter432Hz\Converter432Hz.iOS\Converter432Hz.iOS.csproj", "{C6690D74-A642-480C-B57F-4E7B35A5178D}"
EndProject
Project("{FAE04EC0-301F-11D3-BF4B-00C04F79EFBC}") = "Converter432Hz", "App.Converter432Hz\Converter432Hz\Converter432Hz.csproj", "{F86EB3A3-2D77-40E6-BC87-3D429A52056D}"
EndProject
Project("{2150E333-8FDC-42A3-9474-1A3956D46DE8}") = "App.Converter432Hz", "App.Converter432Hz", "{C9BA2BEA-7066-4829-9391-94DFF9AE25C9}"
EndProject
Project("{2150E333-8FDC-42A3-9474-1A3956D46DE8}") = "Dll", "Dll", "{F3E68194-E77D-4898-96AE-1741C0D47CDF}"
EndProject
Project("{FAE04EC0-301F-11D3-BF4B-00C04F79EFBC}") = "Player432Hz.Android", "App.Player432Hz\Player432Hz.Android\Player432Hz.Android.csproj", "{09B7E9AB-BB74-4B1D-B499-6A438C2E77C2}"
EndProject
Project("{FAE04EC0-301F-11D3-BF4B-00C04F79EFBC}") = "Player432Hz.Desktop", "App.Player432Hz\Player432Hz.Desktop\Player432Hz.Desktop.csproj", "{7EFE3915-6919-4A3C-A197-3327664F373C}"
EndProject
Project("{FAE04EC0-301F-11D3-BF4B-00C04F79EFBC}") = "Player432Hz.iOS", "App.Player432Hz\Player432Hz.iOS\Player432Hz.iOS.csproj", "{28B256C0-C9B8-4AA5-9A55-002F0BAA1D80}"
EndProject
Project("{FAE04EC0-301F-11D3-BF4B-00C04F79EFBC}") = "Player432Hz", "App.Player432Hz\Player432Hz\Player432Hz.csproj", "{6939EB10-BD51-4546-91ED-94D9051A0E63}"
EndProject
Project("{2150E333-8FDC-42A3-9474-1A3956D46DE8}") = "App.Player432Hz", "App.Player432Hz", "{BA12BE05-5C0A-4F40-AC78-5E66499CF407}"
EndProject
Project("{FAE04EC0-301F-11D3-BF4B-00C04F79EFBC}") = "PowerliminalsPlayer.Android", "App.PowerliminalsPlayer\PowerliminalsPlayer.Android\PowerliminalsPlayer.Android.csproj", "{ADE9B80F-73DC-47F0-A5B8-A83521E2719E}"
EndProject
Project("{FAE04EC0-301F-11D3-BF4B-00C04F79EFBC}") = "PowerliminalsPlayer.Desktop", "App.PowerliminalsPlayer\PowerliminalsPlayer.Desktop\PowerliminalsPlayer.Desktop.csproj", "{806581A7-9011-4696-B243-45167A851C4F}"
EndProject
Project("{FAE04EC0-301F-11D3-BF4B-00C04F79EFBC}") = "PowerliminalsPlayer.iOS", "App.PowerliminalsPlayer\PowerliminalsPlayer.iOS\PowerliminalsPlayer.iOS.csproj", "{C188E071-0108-4AFA-A924-0D41CC0B393E}"
EndProject
Project("{FAE04EC0-301F-11D3-BF4B-00C04F79EFBC}") = "PowerliminalsPlayer", "App.PowerliminalsPlayer\PowerliminalsPlayer\PowerliminalsPlayer.csproj", "{CB06CA35-1C72-4C53-AB4C-7D6A754AC9AD}"
EndProject
Project("{2150E333-8FDC-42A3-9474-1A3956D46DE8}") = "App.PowerliminalsPlayer", "App.PowerliminalsPlayer", "{773F8319-6427-490A-961C-51102B229014}"
EndProject
Project("{2150E333-8FDC-42A3-9474-1A3956D46DE8}") = "NuGet", "NuGet", "{F9C7F9DA-0464-4BC9-9E97-696A4FC8D86D}"
EndProject
Project("{2150E333-8FDC-42A3-9474-1A3956D46DE8}") = "Common", "Common", "{3A46E6E2-0C87-44FF-9C60-0D8422857424}"
EndProject
Project("{FAE04EC0-301F-11D3-BF4B-00C04F79EFBC}") = "MvvmDialogs", "..\..\HanumanInstitute.MvvmDialogs\src\MvvmDialogs\MvvmDialogs.csproj", "{E169DEDE-A9CC-4B79-9ABD-1AD285F1A52C}"
EndProject
Project("{FAE04EC0-301F-11D3-BF4B-00C04F79EFBC}") = "MvvmDialogs.Avalonia", "..\..\HanumanInstitute.MvvmDialogs\src\MvvmDialogs.Avalonia\MvvmDialogs.Avalonia.csproj", "{F1E4E616-5986-4D21-AD3A-A1C1A6718A0C}"
EndProject
Project("{FAE04EC0-301F-11D3-BF4B-00C04F79EFBC}") = "MvvmDialogs.Avalonia.MessageBox", "..\..\HanumanInstitute.MvvmDialogs\src\MvvmDialogs.Avalonia.MessageBox\MvvmDialogs.Avalonia.MessageBox.csproj", "{0832D7A8-1969-4B37-B8C7-6F47F6B3A2FE}"
EndProject
Project("{FAE04EC0-301F-11D3-BF4B-00C04F79EFBC}") = "MvvmDialogs.Avalonia.Fluent", "..\..\HanumanInstitute.MvvmDialogs\src\MvvmDialogs.Avalonia.Fluent\MvvmDialogs.Avalonia.Fluent.csproj", "{6A70D7A9-DCB9-4CD9-A322-7AADBC93AC6C}"
EndProject
Global
	GlobalSection(SolutionConfigurationPlatforms) = preSolution
		Debug|Any CPU = Debug|Any CPU
		Release|Any CPU = Release|Any CPU
	EndGlobalSection
	GlobalSection(ProjectConfigurationPlatforms) = postSolution
		{38E97D79-1BCC-48C3-BEE0-995F928F7AFD}.Debug|Any CPU.ActiveCfg = Debug|Any CPU
		{38E97D79-1BCC-48C3-BEE0-995F928F7AFD}.Debug|Any CPU.Build.0 = Debug|Any CPU
		{38E97D79-1BCC-48C3-BEE0-995F928F7AFD}.Release|Any CPU.ActiveCfg = Release|Any CPU
		{38E97D79-1BCC-48C3-BEE0-995F928F7AFD}.Release|Any CPU.Build.0 = Release|Any CPU
		{E71151BE-68FD-44D1-96E4-DFA941AFBC42}.Debug|Any CPU.ActiveCfg = Debug|Any CPU
		{E71151BE-68FD-44D1-96E4-DFA941AFBC42}.Debug|Any CPU.Build.0 = Debug|Any CPU
		{E71151BE-68FD-44D1-96E4-DFA941AFBC42}.Release|Any CPU.ActiveCfg = Release|Any CPU
		{E71151BE-68FD-44D1-96E4-DFA941AFBC42}.Release|Any CPU.Build.0 = Release|Any CPU
		{B9D35B98-BC89-45D1-AD30-B96C9A06E987}.Debug|Any CPU.ActiveCfg = Debug|Any CPU
		{B9D35B98-BC89-45D1-AD30-B96C9A06E987}.Debug|Any CPU.Build.0 = Debug|Any CPU
		{B9D35B98-BC89-45D1-AD30-B96C9A06E987}.Release|Any CPU.ActiveCfg = Release|Any CPU
		{B9D35B98-BC89-45D1-AD30-B96C9A06E987}.Release|Any CPU.Build.0 = Release|Any CPU
		{88101DFA-9801-4022-B642-CBEF7A36AECA}.Debug|Any CPU.ActiveCfg = Debug|Any CPU
		{88101DFA-9801-4022-B642-CBEF7A36AECA}.Debug|Any CPU.Build.0 = Debug|Any CPU
		{88101DFA-9801-4022-B642-CBEF7A36AECA}.Release|Any CPU.ActiveCfg = Release|Any CPU
		{88101DFA-9801-4022-B642-CBEF7A36AECA}.Release|Any CPU.Build.0 = Release|Any CPU
		{92E95121-7757-4622-B8BD-4FF856F5A40F}.Debug|Any CPU.ActiveCfg = Debug|Any CPU
		{92E95121-7757-4622-B8BD-4FF856F5A40F}.Debug|Any CPU.Build.0 = Debug|Any CPU
		{92E95121-7757-4622-B8BD-4FF856F5A40F}.Release|Any CPU.ActiveCfg = Release|Any CPU
		{92E95121-7757-4622-B8BD-4FF856F5A40F}.Release|Any CPU.Build.0 = Release|Any CPU
		{68CCCE77-EB94-4CE1-AC6B-7D7295065481}.Debug|Any CPU.ActiveCfg = Debug|Any CPU
		{68CCCE77-EB94-4CE1-AC6B-7D7295065481}.Debug|Any CPU.Build.0 = Debug|Any CPU
		{68CCCE77-EB94-4CE1-AC6B-7D7295065481}.Release|Any CPU.ActiveCfg = Release|Any CPU
		{68CCCE77-EB94-4CE1-AC6B-7D7295065481}.Release|Any CPU.Build.0 = Release|Any CPU
		{062F0A03-B2EC-4FD0-9167-24A7C0971F49}.Debug|Any CPU.ActiveCfg = Debug|Any CPU
		{062F0A03-B2EC-4FD0-9167-24A7C0971F49}.Debug|Any CPU.Build.0 = Debug|Any CPU
		{062F0A03-B2EC-4FD0-9167-24A7C0971F49}.Release|Any CPU.ActiveCfg = Release|Any CPU
		{062F0A03-B2EC-4FD0-9167-24A7C0971F49}.Release|Any CPU.Build.0 = Release|Any CPU
		{BFCB242E-980E-46EF-A144-D5415F60C9BA}.Debug|Any CPU.ActiveCfg = Debug|Any CPU
		{BFCB242E-980E-46EF-A144-D5415F60C9BA}.Debug|Any CPU.Build.0 = Debug|Any CPU
		{BFCB242E-980E-46EF-A144-D5415F60C9BA}.Release|Any CPU.ActiveCfg = Release|Any CPU
		{BFCB242E-980E-46EF-A144-D5415F60C9BA}.Release|Any CPU.Build.0 = Release|Any CPU
		{0E6275FF-12BE-4B62-BD93-C2E455FDEEAD}.Debug|Any CPU.ActiveCfg = Debug|Any CPU
		{0E6275FF-12BE-4B62-BD93-C2E455FDEEAD}.Debug|Any CPU.Build.0 = Debug|Any CPU
		{0E6275FF-12BE-4B62-BD93-C2E455FDEEAD}.Release|Any CPU.ActiveCfg = Release|Any CPU
		{0E6275FF-12BE-4B62-BD93-C2E455FDEEAD}.Release|Any CPU.Build.0 = Release|Any CPU
		{8C4531B9-61FD-4425-A751-F2B54D14F111}.Debug|Any CPU.ActiveCfg = Debug|Any CPU
		{8C4531B9-61FD-4425-A751-F2B54D14F111}.Debug|Any CPU.Build.0 = Debug|Any CPU
		{8C4531B9-61FD-4425-A751-F2B54D14F111}.Release|Any CPU.ActiveCfg = Release|Any CPU
		{8C4531B9-61FD-4425-A751-F2B54D14F111}.Release|Any CPU.Build.0 = Release|Any CPU
		{1697E531-1E21-4076-844E-6B12D572D6FD}.Debug|Any CPU.ActiveCfg = Debug|Any CPU
		{1697E531-1E21-4076-844E-6B12D572D6FD}.Debug|Any CPU.Build.0 = Debug|Any CPU
		{1697E531-1E21-4076-844E-6B12D572D6FD}.Release|Any CPU.ActiveCfg = Release|Any CPU
		{1697E531-1E21-4076-844E-6B12D572D6FD}.Release|Any CPU.Build.0 = Release|Any CPU
		{8652B70C-58DD-42AA-A569-596B723EED65}.Debug|Any CPU.ActiveCfg = Debug|Any CPU
		{8652B70C-58DD-42AA-A569-596B723EED65}.Debug|Any CPU.Build.0 = Debug|Any CPU
		{8652B70C-58DD-42AA-A569-596B723EED65}.Release|Any CPU.ActiveCfg = Release|Any CPU
		{8652B70C-58DD-42AA-A569-596B723EED65}.Release|Any CPU.Build.0 = Release|Any CPU
		{3B7BA209-F325-4261-B924-D25E4C6BC2FD}.Debug|Any CPU.ActiveCfg = Debug|Any CPU
		{3B7BA209-F325-4261-B924-D25E4C6BC2FD}.Debug|Any CPU.Build.0 = Debug|Any CPU
		{3B7BA209-F325-4261-B924-D25E4C6BC2FD}.Release|Any CPU.ActiveCfg = Release|Any CPU
		{3B7BA209-F325-4261-B924-D25E4C6BC2FD}.Release|Any CPU.Build.0 = Release|Any CPU
		{660D6AB9-E0D7-4BE1-B5A3-1B1ECD1E9A6B}.Debug|Any CPU.ActiveCfg = Debug|Any CPU
		{660D6AB9-E0D7-4BE1-B5A3-1B1ECD1E9A6B}.Debug|Any CPU.Build.0 = Debug|Any CPU
		{660D6AB9-E0D7-4BE1-B5A3-1B1ECD1E9A6B}.Release|Any CPU.ActiveCfg = Release|Any CPU
		{660D6AB9-E0D7-4BE1-B5A3-1B1ECD1E9A6B}.Release|Any CPU.Build.0 = Release|Any CPU
		{C187953A-1170-42BC-8225-D962B309FC70}.Debug|Any CPU.ActiveCfg = Debug|Any CPU
		{C187953A-1170-42BC-8225-D962B309FC70}.Debug|Any CPU.Build.0 = Debug|Any CPU
		{C187953A-1170-42BC-8225-D962B309FC70}.Release|Any CPU.ActiveCfg = Release|Any CPU
		{C187953A-1170-42BC-8225-D962B309FC70}.Release|Any CPU.Build.0 = Release|Any CPU
		{8A3CF0CE-8185-458C-AAC7-23282581E99F}.Debug|Any CPU.ActiveCfg = Debug|Any CPU
		{8A3CF0CE-8185-458C-AAC7-23282581E99F}.Debug|Any CPU.Build.0 = Debug|Any CPU
		{8A3CF0CE-8185-458C-AAC7-23282581E99F}.Release|Any CPU.ActiveCfg = Release|Any CPU
		{8A3CF0CE-8185-458C-AAC7-23282581E99F}.Release|Any CPU.Build.0 = Release|Any CPU
		{CD2F9633-80D2-4B5D-AC4B-187F74488E76}.Debug|Any CPU.ActiveCfg = Debug|Any CPU
		{CD2F9633-80D2-4B5D-AC4B-187F74488E76}.Debug|Any CPU.Build.0 = Debug|Any CPU
		{CD2F9633-80D2-4B5D-AC4B-187F74488E76}.Release|Any CPU.ActiveCfg = Release|Any CPU
		{CD2F9633-80D2-4B5D-AC4B-187F74488E76}.Release|Any CPU.Build.0 = Release|Any CPU
		{91D8248F-2CD5-4A4D-AD9C-E25AFBF2D858}.Debug|Any CPU.ActiveCfg = Debug|Any CPU
		{91D8248F-2CD5-4A4D-AD9C-E25AFBF2D858}.Debug|Any CPU.Build.0 = Debug|Any CPU
		{91D8248F-2CD5-4A4D-AD9C-E25AFBF2D858}.Release|Any CPU.ActiveCfg = Release|Any CPU
		{91D8248F-2CD5-4A4D-AD9C-E25AFBF2D858}.Release|Any CPU.Build.0 = Release|Any CPU
		{F3835B50-6614-4305-8783-320D92B8A118}.Debug|Any CPU.ActiveCfg = Debug|Any CPU
		{F3835B50-6614-4305-8783-320D92B8A118}.Debug|Any CPU.Build.0 = Debug|Any CPU
		{F3835B50-6614-4305-8783-320D92B8A118}.Release|Any CPU.ActiveCfg = Release|Any CPU
		{F3835B50-6614-4305-8783-320D92B8A118}.Release|Any CPU.Build.0 = Release|Any CPU
		{26CA51F2-1386-4FE5-85D3-8EACB8B791D8}.Debug|Any CPU.ActiveCfg = Debug|Any CPU
		{26CA51F2-1386-4FE5-85D3-8EACB8B791D8}.Debug|Any CPU.Build.0 = Debug|Any CPU
		{26CA51F2-1386-4FE5-85D3-8EACB8B791D8}.Release|Any CPU.ActiveCfg = Release|Any CPU
		{26CA51F2-1386-4FE5-85D3-8EACB8B791D8}.Release|Any CPU.Build.0 = Release|Any CPU
		{B76867FB-7721-4C90-A789-F9BFCC8BBFC3}.Debug|Any CPU.ActiveCfg = Debug|Any CPU
		{B76867FB-7721-4C90-A789-F9BFCC8BBFC3}.Debug|Any CPU.Build.0 = Debug|Any CPU
		{B76867FB-7721-4C90-A789-F9BFCC8BBFC3}.Release|Any CPU.ActiveCfg = Release|Any CPU
		{B76867FB-7721-4C90-A789-F9BFCC8BBFC3}.Release|Any CPU.Build.0 = Release|Any CPU
		{C65EDAA4-705A-40E2-94E7-0D0FB32590A3}.Debug|Any CPU.ActiveCfg = Debug|Any CPU
		{C65EDAA4-705A-40E2-94E7-0D0FB32590A3}.Debug|Any CPU.Build.0 = Debug|Any CPU
		{C65EDAA4-705A-40E2-94E7-0D0FB32590A3}.Release|Any CPU.ActiveCfg = Release|Any CPU
		{C65EDAA4-705A-40E2-94E7-0D0FB32590A3}.Release|Any CPU.Build.0 = Release|Any CPU
		{477024C5-7602-4A9F-88E1-A21DBA7BF404}.Debug|Any CPU.ActiveCfg = Debug|Any CPU
		{477024C5-7602-4A9F-88E1-A21DBA7BF404}.Debug|Any CPU.Build.0 = Debug|Any CPU
		{477024C5-7602-4A9F-88E1-A21DBA7BF404}.Release|Any CPU.ActiveCfg = Release|Any CPU
		{477024C5-7602-4A9F-88E1-A21DBA7BF404}.Release|Any CPU.Build.0 = Release|Any CPU
		{303F6F12-210E-4FB1-961E-E1869CB45584}.Debug|Any CPU.ActiveCfg = Debug|Any CPU
		{303F6F12-210E-4FB1-961E-E1869CB45584}.Debug|Any CPU.Build.0 = Debug|Any CPU
		{303F6F12-210E-4FB1-961E-E1869CB45584}.Release|Any CPU.ActiveCfg = Release|Any CPU
		{303F6F12-210E-4FB1-961E-E1869CB45584}.Release|Any CPU.Build.0 = Release|Any CPU
		{C6690D74-A642-480C-B57F-4E7B35A5178D}.Debug|Any CPU.ActiveCfg = Debug|Any CPU
		{C6690D74-A642-480C-B57F-4E7B35A5178D}.Debug|Any CPU.Build.0 = Debug|Any CPU
		{C6690D74-A642-480C-B57F-4E7B35A5178D}.Release|Any CPU.ActiveCfg = Release|Any CPU
		{C6690D74-A642-480C-B57F-4E7B35A5178D}.Release|Any CPU.Build.0 = Release|Any CPU
		{F86EB3A3-2D77-40E6-BC87-3D429A52056D}.Debug|Any CPU.ActiveCfg = Debug|Any CPU
		{F86EB3A3-2D77-40E6-BC87-3D429A52056D}.Debug|Any CPU.Build.0 = Debug|Any CPU
		{F86EB3A3-2D77-40E6-BC87-3D429A52056D}.Release|Any CPU.ActiveCfg = Release|Any CPU
		{F86EB3A3-2D77-40E6-BC87-3D429A52056D}.Release|Any CPU.Build.0 = Release|Any CPU
		{09B7E9AB-BB74-4B1D-B499-6A438C2E77C2}.Debug|Any CPU.ActiveCfg = Debug|Any CPU
		{09B7E9AB-BB74-4B1D-B499-6A438C2E77C2}.Debug|Any CPU.Build.0 = Debug|Any CPU
		{09B7E9AB-BB74-4B1D-B499-6A438C2E77C2}.Release|Any CPU.ActiveCfg = Release|Any CPU
		{09B7E9AB-BB74-4B1D-B499-6A438C2E77C2}.Release|Any CPU.Build.0 = Release|Any CPU
		{7EFE3915-6919-4A3C-A197-3327664F373C}.Debug|Any CPU.ActiveCfg = Debug|Any CPU
		{7EFE3915-6919-4A3C-A197-3327664F373C}.Debug|Any CPU.Build.0 = Debug|Any CPU
		{7EFE3915-6919-4A3C-A197-3327664F373C}.Release|Any CPU.ActiveCfg = Release|Any CPU
		{7EFE3915-6919-4A3C-A197-3327664F373C}.Release|Any CPU.Build.0 = Release|Any CPU
		{28B256C0-C9B8-4AA5-9A55-002F0BAA1D80}.Debug|Any CPU.ActiveCfg = Debug|Any CPU
		{28B256C0-C9B8-4AA5-9A55-002F0BAA1D80}.Debug|Any CPU.Build.0 = Debug|Any CPU
		{28B256C0-C9B8-4AA5-9A55-002F0BAA1D80}.Release|Any CPU.ActiveCfg = Release|Any CPU
		{28B256C0-C9B8-4AA5-9A55-002F0BAA1D80}.Release|Any CPU.Build.0 = Release|Any CPU
		{6939EB10-BD51-4546-91ED-94D9051A0E63}.Debug|Any CPU.ActiveCfg = Debug|Any CPU
		{6939EB10-BD51-4546-91ED-94D9051A0E63}.Debug|Any CPU.Build.0 = Debug|Any CPU
		{6939EB10-BD51-4546-91ED-94D9051A0E63}.Release|Any CPU.ActiveCfg = Release|Any CPU
		{6939EB10-BD51-4546-91ED-94D9051A0E63}.Release|Any CPU.Build.0 = Release|Any CPU
		{ADE9B80F-73DC-47F0-A5B8-A83521E2719E}.Debug|Any CPU.ActiveCfg = Debug|Any CPU
		{ADE9B80F-73DC-47F0-A5B8-A83521E2719E}.Debug|Any CPU.Build.0 = Debug|Any CPU
		{ADE9B80F-73DC-47F0-A5B8-A83521E2719E}.Release|Any CPU.ActiveCfg = Release|Any CPU
		{ADE9B80F-73DC-47F0-A5B8-A83521E2719E}.Release|Any CPU.Build.0 = Release|Any CPU
		{806581A7-9011-4696-B243-45167A851C4F}.Debug|Any CPU.ActiveCfg = Debug|Any CPU
		{806581A7-9011-4696-B243-45167A851C4F}.Debug|Any CPU.Build.0 = Debug|Any CPU
		{806581A7-9011-4696-B243-45167A851C4F}.Release|Any CPU.ActiveCfg = Release|Any CPU
		{806581A7-9011-4696-B243-45167A851C4F}.Release|Any CPU.Build.0 = Release|Any CPU
		{C188E071-0108-4AFA-A924-0D41CC0B393E}.Debug|Any CPU.ActiveCfg = Debug|Any CPU
		{C188E071-0108-4AFA-A924-0D41CC0B393E}.Debug|Any CPU.Build.0 = Debug|Any CPU
		{C188E071-0108-4AFA-A924-0D41CC0B393E}.Release|Any CPU.ActiveCfg = Release|Any CPU
		{C188E071-0108-4AFA-A924-0D41CC0B393E}.Release|Any CPU.Build.0 = Release|Any CPU
		{CB06CA35-1C72-4C53-AB4C-7D6A754AC9AD}.Debug|Any CPU.ActiveCfg = Debug|Any CPU
		{CB06CA35-1C72-4C53-AB4C-7D6A754AC9AD}.Debug|Any CPU.Build.0 = Debug|Any CPU
		{CB06CA35-1C72-4C53-AB4C-7D6A754AC9AD}.Release|Any CPU.ActiveCfg = Release|Any CPU
		{CB06CA35-1C72-4C53-AB4C-7D6A754AC9AD}.Release|Any CPU.Build.0 = Release|Any CPU
		{E169DEDE-A9CC-4B79-9ABD-1AD285F1A52C}.Debug|Any CPU.ActiveCfg = Debug|Any CPU
		{E169DEDE-A9CC-4B79-9ABD-1AD285F1A52C}.Debug|Any CPU.Build.0 = Debug|Any CPU
		{E169DEDE-A9CC-4B79-9ABD-1AD285F1A52C}.Release|Any CPU.ActiveCfg = Release|Any CPU
		{E169DEDE-A9CC-4B79-9ABD-1AD285F1A52C}.Release|Any CPU.Build.0 = Release|Any CPU
		{F1E4E616-5986-4D21-AD3A-A1C1A6718A0C}.Debug|Any CPU.ActiveCfg = Debug|Any CPU
		{F1E4E616-5986-4D21-AD3A-A1C1A6718A0C}.Debug|Any CPU.Build.0 = Debug|Any CPU
		{F1E4E616-5986-4D21-AD3A-A1C1A6718A0C}.Release|Any CPU.ActiveCfg = Release|Any CPU
		{F1E4E616-5986-4D21-AD3A-A1C1A6718A0C}.Release|Any CPU.Build.0 = Release|Any CPU
		{0832D7A8-1969-4B37-B8C7-6F47F6B3A2FE}.Debug|Any CPU.ActiveCfg = Debug|Any CPU
		{0832D7A8-1969-4B37-B8C7-6F47F6B3A2FE}.Debug|Any CPU.Build.0 = Debug|Any CPU
		{0832D7A8-1969-4B37-B8C7-6F47F6B3A2FE}.Release|Any CPU.ActiveCfg = Release|Any CPU
		{0832D7A8-1969-4B37-B8C7-6F47F6B3A2FE}.Release|Any CPU.Build.0 = Release|Any CPU
		{6A70D7A9-DCB9-4CD9-A322-7AADBC93AC6C}.Debug|Any CPU.ActiveCfg = Debug|Any CPU
		{6A70D7A9-DCB9-4CD9-A322-7AADBC93AC6C}.Debug|Any CPU.Build.0 = Debug|Any CPU
		{6A70D7A9-DCB9-4CD9-A322-7AADBC93AC6C}.Release|Any CPU.ActiveCfg = Release|Any CPU
		{6A70D7A9-DCB9-4CD9-A322-7AADBC93AC6C}.Release|Any CPU.Build.0 = Release|Any CPU
	EndGlobalSection
	GlobalSection(SolutionProperties) = preSolution
		HideSolutionNode = FALSE
	EndGlobalSection
	GlobalSection(ExtensibilityGlobals) = postSolution
		SolutionGuid = {2E6F3935-B111-43A3-B676-C92884DE28BA}
	EndGlobalSection
	GlobalSection(NestedProjects) = preSolution
		{F3835B50-6614-4305-8783-320D92B8A118} = {FC5A23F9-209E-49B5-96BF-2DC07FE3729A}
		{26CA51F2-1386-4FE5-85D3-8EACB8B791D8} = {FC5A23F9-209E-49B5-96BF-2DC07FE3729A}
		{B76867FB-7721-4C90-A789-F9BFCC8BBFC3} = {FC5A23F9-209E-49B5-96BF-2DC07FE3729A}
		{C65EDAA4-705A-40E2-94E7-0D0FB32590A3} = {FC5A23F9-209E-49B5-96BF-2DC07FE3729A}
		{3B7BA209-F325-4261-B924-D25E4C6BC2FD} = {FC5A23F9-209E-49B5-96BF-2DC07FE3729A}
		{F86EB3A3-2D77-40E6-BC87-3D429A52056D} = {C9BA2BEA-7066-4829-9391-94DFF9AE25C9}
		{477024C5-7602-4A9F-88E1-A21DBA7BF404} = {C9BA2BEA-7066-4829-9391-94DFF9AE25C9}
		{303F6F12-210E-4FB1-961E-E1869CB45584} = {C9BA2BEA-7066-4829-9391-94DFF9AE25C9}
		{C6690D74-A642-480C-B57F-4E7B35A5178D} = {C9BA2BEA-7066-4829-9391-94DFF9AE25C9}
		{92E95121-7757-4622-B8BD-4FF856F5A40F} = {C9BA2BEA-7066-4829-9391-94DFF9AE25C9}
		{68CCCE77-EB94-4CE1-AC6B-7D7295065481} = {F3E68194-E77D-4898-96AE-1741C0D47CDF}
		{062F0A03-B2EC-4FD0-9167-24A7C0971F49} = {F3E68194-E77D-4898-96AE-1741C0D47CDF}
		{91D8248F-2CD5-4A4D-AD9C-E25AFBF2D858} = {F3E68194-E77D-4898-96AE-1741C0D47CDF}
		{6939EB10-BD51-4546-91ED-94D9051A0E63} = {BA12BE05-5C0A-4F40-AC78-5E66499CF407}
		{09B7E9AB-BB74-4B1D-B499-6A438C2E77C2} = {BA12BE05-5C0A-4F40-AC78-5E66499CF407}
		{7EFE3915-6919-4A3C-A197-3327664F373C} = {BA12BE05-5C0A-4F40-AC78-5E66499CF407}
		{28B256C0-C9B8-4AA5-9A55-002F0BAA1D80} = {BA12BE05-5C0A-4F40-AC78-5E66499CF407}
		{8652B70C-58DD-42AA-A569-596B723EED65} = {BA12BE05-5C0A-4F40-AC78-5E66499CF407}
		{CB06CA35-1C72-4C53-AB4C-7D6A754AC9AD} = {773F8319-6427-490A-961C-51102B229014}
		{ADE9B80F-73DC-47F0-A5B8-A83521E2719E} = {773F8319-6427-490A-961C-51102B229014}
		{806581A7-9011-4696-B243-45167A851C4F} = {773F8319-6427-490A-961C-51102B229014}
		{C188E071-0108-4AFA-A924-0D41CC0B393E} = {773F8319-6427-490A-961C-51102B229014}
		{660D6AB9-E0D7-4BE1-B5A3-1B1ECD1E9A6B} = {773F8319-6427-490A-961C-51102B229014}
		{CD2F9633-80D2-4B5D-AC4B-187F74488E76} = {F9C7F9DA-0464-4BC9-9E97-696A4FC8D86D}
		{8C4531B9-61FD-4425-A751-F2B54D14F111} = {F9C7F9DA-0464-4BC9-9E97-696A4FC8D86D}
		{1697E531-1E21-4076-844E-6B12D572D6FD} = {F9C7F9DA-0464-4BC9-9E97-696A4FC8D86D}
		{B9D35B98-BC89-45D1-AD30-B96C9A06E987} = {3A46E6E2-0C87-44FF-9C60-0D8422857424}
		{E71151BE-68FD-44D1-96E4-DFA941AFBC42} = {3A46E6E2-0C87-44FF-9C60-0D8422857424}
		{BFCB242E-980E-46EF-A144-D5415F60C9BA} = {3A46E6E2-0C87-44FF-9C60-0D8422857424}
		{C187953A-1170-42BC-8225-D962B309FC70} = {3A46E6E2-0C87-44FF-9C60-0D8422857424}
		{38E97D79-1BCC-48C3-BEE0-995F928F7AFD} = {3A46E6E2-0C87-44FF-9C60-0D8422857424}
		{88101DFA-9801-4022-B642-CBEF7A36AECA} = {3A46E6E2-0C87-44FF-9C60-0D8422857424}
		{0E6275FF-12BE-4B62-BD93-C2E455FDEEAD} = {3A46E6E2-0C87-44FF-9C60-0D8422857424}
		{8A3CF0CE-8185-458C-AAC7-23282581E99F} = {3A46E6E2-0C87-44FF-9C60-0D8422857424}
		{E169DEDE-A9CC-4B79-9ABD-1AD285F1A52C} = {F9C7F9DA-0464-4BC9-9E97-696A4FC8D86D}
		{F1E4E616-5986-4D21-AD3A-A1C1A6718A0C} = {F9C7F9DA-0464-4BC9-9E97-696A4FC8D86D}
		{0832D7A8-1969-4B37-B8C7-6F47F6B3A2FE} = {F9C7F9DA-0464-4BC9-9E97-696A4FC8D86D}
		{6A70D7A9-DCB9-4CD9-A322-7AADBC93AC6C} = {F9C7F9DA-0464-4BC9-9E97-696A4FC8D86D}
	EndGlobalSection
EndGlobal
